// !$*UTF8*$!
{
	archiveVersion = 1;
	classes = {
	};
	objectVersion = 46;
	objects = {

/* Begin PBXBuildFile section */
		0C2207701974093400835C45 /* Foundation.framework in Frameworks */ = {isa = PBXBuildFile; fileRef = 0C22076F1974093400835C45 /* Foundation.framework */; };
		0C2207721974093400835C45 /* CoreGraphics.framework in Frameworks */ = {isa = PBXBuildFile; fileRef = 0C2207711974093400835C45 /* CoreGraphics.framework */; };
		0C2207741974093400835C45 /* UIKit.framework in Frameworks */ = {isa = PBXBuildFile; fileRef = 0C2207731974093400835C45 /* UIKit.framework */; };
		0C22077A1974093400835C45 /* InfoPlist.strings in Resources */ = {isa = PBXBuildFile; fileRef = 0C2207781974093400835C45 /* InfoPlist.strings */; };
		0C22077C1974093400835C45 /* main.m in Sources */ = {isa = PBXBuildFile; fileRef = 0C22077B1974093400835C45 /* main.m */; };
		0C2207821974093400835C45 /* Images.xcassets in Resources */ = {isa = PBXBuildFile; fileRef = 0C2207811974093400835C45 /* Images.xcassets */; };
		0C22079F1974097300835C45 /* MobileCoreServices.framework in Frameworks */ = {isa = PBXBuildFile; fileRef = 0C22079E1974097300835C45 /* MobileCoreServices.framework */; };
		0C2207A11974097800835C45 /* SystemConfiguration.framework in Frameworks */ = {isa = PBXBuildFile; fileRef = 0C2207A01974097800835C45 /* SystemConfiguration.framework */; };
		0C2207B119740A3B00835C45 /* LPAppDelegate.m in Sources */ = {isa = PBXBuildFile; fileRef = 0C2207AA19740A3B00835C45 /* LPAppDelegate.m */; };
		0C2207B219740A3B00835C45 /* LPMainViewController.m in Sources */ = {isa = PBXBuildFile; fileRef = 0C2207AD19740A3B00835C45 /* LPMainViewController.m */; };
		0C2207B319740A3B00835C45 /* LPMainViewController.xib in Resources */ = {isa = PBXBuildFile; fileRef = 0C2207B019740A3B00835C45 /* LPMainViewController.xib */; };
		0C22085219740C2300835C45 /* CoreLocation.framework in Frameworks */ = {isa = PBXBuildFile; fileRef = 0C22085119740C2300835C45 /* CoreLocation.framework */; };
		C173D4AC1DDC368D007CC9AA /* AFHTTPRequestOperation.m in Sources */ = {isa = PBXBuildFile; fileRef = C173D4881DDC368D007CC9AA /* AFHTTPRequestOperation.m */; };
		C173D4AD1DDC368D007CC9AA /* AFHTTPRequestOperationManager.m in Sources */ = {isa = PBXBuildFile; fileRef = C173D48A1DDC368D007CC9AA /* AFHTTPRequestOperationManager.m */; };
		C173D4AE1DDC368D007CC9AA /* AFHTTPSessionManager.m in Sources */ = {isa = PBXBuildFile; fileRef = C173D48C1DDC368D007CC9AA /* AFHTTPSessionManager.m */; };
		C173D4AF1DDC368D007CC9AA /* AFNetworkReachabilityManager.m in Sources */ = {isa = PBXBuildFile; fileRef = C173D48F1DDC368D007CC9AA /* AFNetworkReachabilityManager.m */; };
		C173D4B01DDC368D007CC9AA /* AFSecurityPolicy.m in Sources */ = {isa = PBXBuildFile; fileRef = C173D4911DDC368D007CC9AA /* AFSecurityPolicy.m */; };
		C173D4B11DDC368D007CC9AA /* AFURLConnectionOperation.m in Sources */ = {isa = PBXBuildFile; fileRef = C173D4931DDC368D007CC9AA /* AFURLConnectionOperation.m */; };
		C173D4B21DDC368D007CC9AA /* AFURLRequestSerialization.m in Sources */ = {isa = PBXBuildFile; fileRef = C173D4951DDC368D007CC9AA /* AFURLRequestSerialization.m */; };
		C173D4B31DDC368D007CC9AA /* AFURLResponseSerialization.m in Sources */ = {isa = PBXBuildFile; fileRef = C173D4971DDC368D007CC9AA /* AFURLResponseSerialization.m */; };
		C173D4B41DDC368D007CC9AA /* AFURLSessionManager.m in Sources */ = {isa = PBXBuildFile; fileRef = C173D4991DDC368D007CC9AA /* AFURLSessionManager.m */; };
		C173D4B51DDC368D007CC9AA /* AFNetworkActivityIndicatorManager.m in Sources */ = {isa = PBXBuildFile; fileRef = C173D49C1DDC368D007CC9AA /* AFNetworkActivityIndicatorManager.m */; };
		C173D4B61DDC368D007CC9AA /* UIActivityIndicatorView+AFNetworking.m in Sources */ = {isa = PBXBuildFile; fileRef = C173D49E1DDC368D007CC9AA /* UIActivityIndicatorView+AFNetworking.m */; };
		C173D4B71DDC368D007CC9AA /* UIAlertView+AFNetworking.m in Sources */ = {isa = PBXBuildFile; fileRef = C173D4A01DDC368D007CC9AA /* UIAlertView+AFNetworking.m */; };
		C173D4B81DDC368D007CC9AA /* UIButton+AFNetworking.m in Sources */ = {isa = PBXBuildFile; fileRef = C173D4A21DDC368D007CC9AA /* UIButton+AFNetworking.m */; };
		C173D4B91DDC368D007CC9AA /* UIImageView+AFNetworking.m in Sources */ = {isa = PBXBuildFile; fileRef = C173D4A41DDC368D007CC9AA /* UIImageView+AFNetworking.m */; };
		C173D4BA1DDC368D007CC9AA /* UIProgressView+AFNetworking.m in Sources */ = {isa = PBXBuildFile; fileRef = C173D4A71DDC368D007CC9AA /* UIProgressView+AFNetworking.m */; };
		C173D4BB1DDC368D007CC9AA /* UIRefreshControl+AFNetworking.m in Sources */ = {isa = PBXBuildFile; fileRef = C173D4A91DDC368D007CC9AA /* UIRefreshControl+AFNetworking.m */; };
		C173D4BC1DDC368D007CC9AA /* UIWebView+AFNetworking.m in Sources */ = {isa = PBXBuildFile; fileRef = C173D4AB1DDC368D007CC9AA /* UIWebView+AFNetworking.m */; };
		C173D50A1DDC36C9007CC9AA /* GTMStringEncoding.m in Sources */ = {isa = PBXBuildFile; fileRef = C173D4C21DDC36C9007CC9AA /* GTMStringEncoding.m */; };
		C173D50B1DDC36C9007CC9AA /* LPURLSigner.m in Sources */ = {isa = PBXBuildFile; fileRef = C173D4C41DDC36C9007CC9AA /* LPURLSigner.m */; };
		C173D50C1DDC36C9007CC9AA /* LPGoogleFunctions.m in Sources */ = {isa = PBXBuildFile; fileRef = C173D4C61DDC36C9007CC9AA /* LPGoogleFunctions.m */; };
		C173D50D1DDC36C9007CC9AA /* LPAddressComponent.m in Sources */ = {isa = PBXBuildFile; fileRef = C173D4C91DDC36C9007CC9AA /* LPAddressComponent.m */; };
		C173D50E1DDC36C9007CC9AA /* LPAgencie.m in Sources */ = {isa = PBXBuildFile; fileRef = C173D4CB1DDC36C9007CC9AA /* LPAgencie.m */; };
		C173D50F1DDC36C9007CC9AA /* LPBounds.m in Sources */ = {isa = PBXBuildFile; fileRef = C173D4CD1DDC36C9007CC9AA /* LPBounds.m */; };
		C173D5101DDC36C9007CC9AA /* LPDirections.m in Sources */ = {isa = PBXBuildFile; fileRef = C173D4CF1DDC36C9007CC9AA /* LPDirections.m */; };
		C173D5111DDC36C9007CC9AA /* LPDistance.m in Sources */ = {isa = PBXBuildFile; fileRef = C173D4D11DDC36C9007CC9AA /* LPDistance.m */; };
		C173D5121DDC36C9007CC9AA /* LPDistanceMatrix.m in Sources */ = {isa = PBXBuildFile; fileRef = C173D4D31DDC36C9007CC9AA /* LPDistanceMatrix.m */; };
		C173D5131DDC36C9007CC9AA /* LPDistanceMatrixElement.m in Sources */ = {isa = PBXBuildFile; fileRef = C173D4D51DDC36C9007CC9AA /* LPDistanceMatrixElement.m */; };
		C173D5141DDC36C9007CC9AA /* LPDuration.m in Sources */ = {isa = PBXBuildFile; fileRef = C173D4D71DDC36C9007CC9AA /* LPDuration.m */; };
		C173D5151DDC36C9007CC9AA /* LPEvent.m in Sources */ = {isa = PBXBuildFile; fileRef = C173D4D91DDC36C9007CC9AA /* LPEvent.m */; };
		C173D5161DDC36C9007CC9AA /* LPGeocodingFilter.m in Sources */ = {isa = PBXBuildFile; fileRef = C173D4DB1DDC36C9007CC9AA /* LPGeocodingFilter.m */; };
		C173D5171DDC36C9007CC9AA /* LPGeocodingResults.m in Sources */ = {isa = PBXBuildFile; fileRef = C173D4DD1DDC36C9007CC9AA /* LPGeocodingResults.m */; };
		C173D5181DDC36C9007CC9AA /* LPGeometry.m in Sources */ = {isa = PBXBuildFile; fileRef = C173D4DF1DDC36C9007CC9AA /* LPGeometry.m */; };
		C173D5191DDC36C9007CC9AA /* LPLeg.m in Sources */ = {isa = PBXBuildFile; fileRef = C173D4E11DDC36C9007CC9AA /* LPLeg.m */; };
		C173D51A1DDC36C9007CC9AA /* LPLine.m in Sources */ = {isa = PBXBuildFile; fileRef = C173D4E31DDC36C9007CC9AA /* LPLine.m */; };
		C173D51B1DDC36C9007CC9AA /* LPLocation.m in Sources */ = {isa = PBXBuildFile; fileRef = C173D4E51DDC36C9007CC9AA /* LPLocation.m */; };
		C173D51C1DDC36C9007CC9AA /* LPMapImageMarker.m in Sources */ = {isa = PBXBuildFile; fileRef = C173D4E71DDC36C9007CC9AA /* LPMapImageMarker.m */; };
		C173D51D1DDC36C9007CC9AA /* LPMatchedSubstring.m in Sources */ = {isa = PBXBuildFile; fileRef = C173D4E91DDC36C9007CC9AA /* LPMatchedSubstring.m */; };
		C173D51E1DDC36C9007CC9AA /* LPPlaceDetails.m in Sources */ = {isa = PBXBuildFile; fileRef = C173D4EB1DDC36C9007CC9AA /* LPPlaceDetails.m */; };
		C173D51F1DDC36C9007CC9AA /* LPPlaceDetailsResults.m in Sources */ = {isa = PBXBuildFile; fileRef = C173D4ED1DDC36C9007CC9AA /* LPPlaceDetailsResults.m */; };
		C173D5201DDC36C9007CC9AA /* LPPlacePhoto.m in Sources */ = {isa = PBXBuildFile; fileRef = C173D4EF1DDC36C9007CC9AA /* LPPlacePhoto.m */; };
		C173D5211DDC36C9007CC9AA /* LPPlacesAutocomplete.m in Sources */ = {isa = PBXBuildFile; fileRef = C173D4F11DDC36C9007CC9AA /* LPPlacesAutocomplete.m */; };
		C173D5221DDC36C9007CC9AA /* LPPlaceSearchResults.m in Sources */ = {isa = PBXBuildFile; fileRef = C173D4F31DDC36C9007CC9AA /* LPPlaceSearchResults.m */; };
		C173D5231DDC36C9007CC9AA /* LPPolyline.m in Sources */ = {isa = PBXBuildFile; fileRef = C173D4F51DDC36C9007CC9AA /* LPPolyline.m */; };
		C173D5241DDC36C9007CC9AA /* LPPrediction.m in Sources */ = {isa = PBXBuildFile; fileRef = C173D4F71DDC36C9007CC9AA /* LPPrediction.m */; };
		C173D5251DDC36C9007CC9AA /* LPRoute.m in Sources */ = {isa = PBXBuildFile; fileRef = C173D4F91DDC36C9007CC9AA /* LPRoute.m */; };
		C173D5261DDC36C9007CC9AA /* LPStep.m in Sources */ = {isa = PBXBuildFile; fileRef = C173D4FB1DDC36C9007CC9AA /* LPStep.m */; };
		C173D5271DDC36C9007CC9AA /* LPStop.m in Sources */ = {isa = PBXBuildFile; fileRef = C173D4FD1DDC36C9007CC9AA /* LPStop.m */; };
		C173D5281DDC36C9007CC9AA /* LPTerm.m in Sources */ = {isa = PBXBuildFile; fileRef = C173D4FF1DDC36C9007CC9AA /* LPTerm.m */; };
		C173D5291DDC36C9007CC9AA /* LPTime.m in Sources */ = {isa = PBXBuildFile; fileRef = C173D5011DDC36C9007CC9AA /* LPTime.m */; };
		C173D52A1DDC36C9007CC9AA /* LPTransitDetails.m in Sources */ = {isa = PBXBuildFile; fileRef = C173D5031DDC36C9007CC9AA /* LPTransitDetails.m */; };
		C173D52B1DDC36C9007CC9AA /* LPVehicle.m in Sources */ = {isa = PBXBuildFile; fileRef = C173D5051DDC36C9007CC9AA /* LPVehicle.m */; };
		C173D52C1DDC36C9007CC9AA /* LPWaypoint.m in Sources */ = {isa = PBXBuildFile; fileRef = C173D5071DDC36C9007CC9AA /* LPWaypoint.m */; };
		C173D52D1DDC36C9007CC9AA /* OrderedDictionary.m in Sources */ = {isa = PBXBuildFile; fileRef = C173D5091DDC36C9007CC9AA /* OrderedDictionary.m */; };
/* End PBXBuildFile section */

/* Begin PBXFileReference section */
		0C22076C1974093400835C45 /* LPDistanceMatrixService.app */ = {isa = PBXFileReference; explicitFileType = wrapper.application; includeInIndex = 0; path = LPDistanceMatrixService.app; sourceTree = BUILT_PRODUCTS_DIR; };
		0C22076F1974093400835C45 /* Foundation.framework */ = {isa = PBXFileReference; lastKnownFileType = wrapper.framework; name = Foundation.framework; path = System/Library/Frameworks/Foundation.framework; sourceTree = SDKROOT; };
		0C2207711974093400835C45 /* CoreGraphics.framework */ = {isa = PBXFileReference; lastKnownFileType = wrapper.framework; name = CoreGraphics.framework; path = System/Library/Frameworks/CoreGraphics.framework; sourceTree = SDKROOT; };
		0C2207731974093400835C45 /* UIKit.framework */ = {isa = PBXFileReference; lastKnownFileType = wrapper.framework; name = UIKit.framework; path = System/Library/Frameworks/UIKit.framework; sourceTree = SDKROOT; };
		0C2207771974093400835C45 /* LPDistanceMatrixService-Info.plist */ = {isa = PBXFileReference; lastKnownFileType = text.plist.xml; path = "LPDistanceMatrixService-Info.plist"; sourceTree = "<group>"; };
		0C2207791974093400835C45 /* en */ = {isa = PBXFileReference; lastKnownFileType = text.plist.strings; name = en; path = en.lproj/InfoPlist.strings; sourceTree = "<group>"; };
		0C22077B1974093400835C45 /* main.m */ = {isa = PBXFileReference; lastKnownFileType = sourcecode.c.objc; path = main.m; sourceTree = "<group>"; };
		0C22077D1974093400835C45 /* LPDistanceMatrixService-Prefix.pch */ = {isa = PBXFileReference; lastKnownFileType = sourcecode.c.h; path = "LPDistanceMatrixService-Prefix.pch"; sourceTree = "<group>"; };
		0C2207811974093400835C45 /* Images.xcassets */ = {isa = PBXFileReference; lastKnownFileType = folder.assetcatalog; path = Images.xcassets; sourceTree = "<group>"; };
		0C2207881974093400835C45 /* XCTest.framework */ = {isa = PBXFileReference; lastKnownFileType = wrapper.framework; name = XCTest.framework; path = Library/Frameworks/XCTest.framework; sourceTree = DEVELOPER_DIR; };
		0C22079E1974097300835C45 /* MobileCoreServices.framework */ = {isa = PBXFileReference; lastKnownFileType = wrapper.framework; name = MobileCoreServices.framework; path = System/Library/Frameworks/MobileCoreServices.framework; sourceTree = SDKROOT; };
		0C2207A01974097800835C45 /* SystemConfiguration.framework */ = {isa = PBXFileReference; lastKnownFileType = wrapper.framework; name = SystemConfiguration.framework; path = System/Library/Frameworks/SystemConfiguration.framework; sourceTree = SDKROOT; };
		0C2207A919740A3B00835C45 /* LPAppDelegate.h */ = {isa = PBXFileReference; fileEncoding = 4; lastKnownFileType = sourcecode.c.h; path = LPAppDelegate.h; sourceTree = "<group>"; };
		0C2207AA19740A3B00835C45 /* LPAppDelegate.m */ = {isa = PBXFileReference; fileEncoding = 4; lastKnownFileType = sourcecode.c.objc; path = LPAppDelegate.m; sourceTree = "<group>"; };
		0C2207AC19740A3B00835C45 /* LPMainViewController.h */ = {isa = PBXFileReference; fileEncoding = 4; lastKnownFileType = sourcecode.c.h; path = LPMainViewController.h; sourceTree = "<group>"; };
		0C2207AD19740A3B00835C45 /* LPMainViewController.m */ = {isa = PBXFileReference; fileEncoding = 4; lastKnownFileType = sourcecode.c.objc; path = LPMainViewController.m; sourceTree = "<group>"; };
		0C2207B019740A3B00835C45 /* LPMainViewController.xib */ = {isa = PBXFileReference; fileEncoding = 4; lastKnownFileType = file.xib; path = LPMainViewController.xib; sourceTree = "<group>"; };
		0C22085119740C2300835C45 /* CoreLocation.framework */ = {isa = PBXFileReference; lastKnownFileType = wrapper.framework; name = CoreLocation.framework; path = System/Library/Frameworks/CoreLocation.framework; sourceTree = SDKROOT; };
		C173D4871DDC368D007CC9AA /* AFHTTPRequestOperation.h */ = {isa = PBXFileReference; fileEncoding = 4; lastKnownFileType = sourcecode.c.h; path = AFHTTPRequestOperation.h; sourceTree = "<group>"; };
		C173D4881DDC368D007CC9AA /* AFHTTPRequestOperation.m */ = {isa = PBXFileReference; fileEncoding = 4; lastKnownFileType = sourcecode.c.objc; path = AFHTTPRequestOperation.m; sourceTree = "<group>"; };
		C173D4891DDC368D007CC9AA /* AFHTTPRequestOperationManager.h */ = {isa = PBXFileReference; fileEncoding = 4; lastKnownFileType = sourcecode.c.h; path = AFHTTPRequestOperationManager.h; sourceTree = "<group>"; };
		C173D48A1DDC368D007CC9AA /* AFHTTPRequestOperationManager.m */ = {isa = PBXFileReference; fileEncoding = 4; lastKnownFileType = sourcecode.c.objc; path = AFHTTPRequestOperationManager.m; sourceTree = "<group>"; };
		C173D48B1DDC368D007CC9AA /* AFHTTPSessionManager.h */ = {isa = PBXFileReference; fileEncoding = 4; lastKnownFileType = sourcecode.c.h; path = AFHTTPSessionManager.h; sourceTree = "<group>"; };
		C173D48C1DDC368D007CC9AA /* AFHTTPSessionManager.m */ = {isa = PBXFileReference; fileEncoding = 4; lastKnownFileType = sourcecode.c.objc; path = AFHTTPSessionManager.m; sourceTree = "<group>"; };
		C173D48D1DDC368D007CC9AA /* AFNetworking.h */ = {isa = PBXFileReference; fileEncoding = 4; lastKnownFileType = sourcecode.c.h; path = AFNetworking.h; sourceTree = "<group>"; };
		C173D48E1DDC368D007CC9AA /* AFNetworkReachabilityManager.h */ = {isa = PBXFileReference; fileEncoding = 4; lastKnownFileType = sourcecode.c.h; path = AFNetworkReachabilityManager.h; sourceTree = "<group>"; };
		C173D48F1DDC368D007CC9AA /* AFNetworkReachabilityManager.m */ = {isa = PBXFileReference; fileEncoding = 4; lastKnownFileType = sourcecode.c.objc; path = AFNetworkReachabilityManager.m; sourceTree = "<group>"; };
		C173D4901DDC368D007CC9AA /* AFSecurityPolicy.h */ = {isa = PBXFileReference; fileEncoding = 4; lastKnownFileType = sourcecode.c.h; path = AFSecurityPolicy.h; sourceTree = "<group>"; };
		C173D4911DDC368D007CC9AA /* AFSecurityPolicy.m */ = {isa = PBXFileReference; fileEncoding = 4; lastKnownFileType = sourcecode.c.objc; path = AFSecurityPolicy.m; sourceTree = "<group>"; };
		C173D4921DDC368D007CC9AA /* AFURLConnectionOperation.h */ = {isa = PBXFileReference; fileEncoding = 4; lastKnownFileType = sourcecode.c.h; path = AFURLConnectionOperation.h; sourceTree = "<group>"; };
		C173D4931DDC368D007CC9AA /* AFURLConnectionOperation.m */ = {isa = PBXFileReference; fileEncoding = 4; lastKnownFileType = sourcecode.c.objc; path = AFURLConnectionOperation.m; sourceTree = "<group>"; };
		C173D4941DDC368D007CC9AA /* AFURLRequestSerialization.h */ = {isa = PBXFileReference; fileEncoding = 4; lastKnownFileType = sourcecode.c.h; path = AFURLRequestSerialization.h; sourceTree = "<group>"; };
		C173D4951DDC368D007CC9AA /* AFURLRequestSerialization.m */ = {isa = PBXFileReference; fileEncoding = 4; lastKnownFileType = sourcecode.c.objc; path = AFURLRequestSerialization.m; sourceTree = "<group>"; };
		C173D4961DDC368D007CC9AA /* AFURLResponseSerialization.h */ = {isa = PBXFileReference; fileEncoding = 4; lastKnownFileType = sourcecode.c.h; path = AFURLResponseSerialization.h; sourceTree = "<group>"; };
		C173D4971DDC368D007CC9AA /* AFURLResponseSerialization.m */ = {isa = PBXFileReference; fileEncoding = 4; lastKnownFileType = sourcecode.c.objc; path = AFURLResponseSerialization.m; sourceTree = "<group>"; };
		C173D4981DDC368D007CC9AA /* AFURLSessionManager.h */ = {isa = PBXFileReference; fileEncoding = 4; lastKnownFileType = sourcecode.c.h; path = AFURLSessionManager.h; sourceTree = "<group>"; };
		C173D4991DDC368D007CC9AA /* AFURLSessionManager.m */ = {isa = PBXFileReference; fileEncoding = 4; lastKnownFileType = sourcecode.c.objc; path = AFURLSessionManager.m; sourceTree = "<group>"; };
		C173D49B1DDC368D007CC9AA /* AFNetworkActivityIndicatorManager.h */ = {isa = PBXFileReference; fileEncoding = 4; lastKnownFileType = sourcecode.c.h; path = AFNetworkActivityIndicatorManager.h; sourceTree = "<group>"; };
		C173D49C1DDC368D007CC9AA /* AFNetworkActivityIndicatorManager.m */ = {isa = PBXFileReference; fileEncoding = 4; lastKnownFileType = sourcecode.c.objc; path = AFNetworkActivityIndicatorManager.m; sourceTree = "<group>"; };
		C173D49D1DDC368D007CC9AA /* UIActivityIndicatorView+AFNetworking.h */ = {isa = PBXFileReference; fileEncoding = 4; lastKnownFileType = sourcecode.c.h; path = "UIActivityIndicatorView+AFNetworking.h"; sourceTree = "<group>"; };
		C173D49E1DDC368D007CC9AA /* UIActivityIndicatorView+AFNetworking.m */ = {isa = PBXFileReference; fileEncoding = 4; lastKnownFileType = sourcecode.c.objc; path = "UIActivityIndicatorView+AFNetworking.m"; sourceTree = "<group>"; };
		C173D49F1DDC368D007CC9AA /* UIAlertView+AFNetworking.h */ = {isa = PBXFileReference; fileEncoding = 4; lastKnownFileType = sourcecode.c.h; path = "UIAlertView+AFNetworking.h"; sourceTree = "<group>"; };
		C173D4A01DDC368D007CC9AA /* UIAlertView+AFNetworking.m */ = {isa = PBXFileReference; fileEncoding = 4; lastKnownFileType = sourcecode.c.objc; path = "UIAlertView+AFNetworking.m"; sourceTree = "<group>"; };
		C173D4A11DDC368D007CC9AA /* UIButton+AFNetworking.h */ = {isa = PBXFileReference; fileEncoding = 4; lastKnownFileType = sourcecode.c.h; path = "UIButton+AFNetworking.h"; sourceTree = "<group>"; };
		C173D4A21DDC368D007CC9AA /* UIButton+AFNetworking.m */ = {isa = PBXFileReference; fileEncoding = 4; lastKnownFileType = sourcecode.c.objc; path = "UIButton+AFNetworking.m"; sourceTree = "<group>"; };
		C173D4A31DDC368D007CC9AA /* UIImageView+AFNetworking.h */ = {isa = PBXFileReference; fileEncoding = 4; lastKnownFileType = sourcecode.c.h; path = "UIImageView+AFNetworking.h"; sourceTree = "<group>"; };
		C173D4A41DDC368D007CC9AA /* UIImageView+AFNetworking.m */ = {isa = PBXFileReference; fileEncoding = 4; lastKnownFileType = sourcecode.c.objc; path = "UIImageView+AFNetworking.m"; sourceTree = "<group>"; };
		C173D4A51DDC368D007CC9AA /* UIKit+AFNetworking.h */ = {isa = PBXFileReference; fileEncoding = 4; lastKnownFileType = sourcecode.c.h; path = "UIKit+AFNetworking.h"; sourceTree = "<group>"; };
		C173D4A61DDC368D007CC9AA /* UIProgressView+AFNetworking.h */ = {isa = PBXFileReference; fileEncoding = 4; lastKnownFileType = sourcecode.c.h; path = "UIProgressView+AFNetworking.h"; sourceTree = "<group>"; };
		C173D4A71DDC368D007CC9AA /* UIProgressView+AFNetworking.m */ = {isa = PBXFileReference; fileEncoding = 4; lastKnownFileType = sourcecode.c.objc; path = "UIProgressView+AFNetworking.m"; sourceTree = "<group>"; };
		C173D4A81DDC368D007CC9AA /* UIRefreshControl+AFNetworking.h */ = {isa = PBXFileReference; fileEncoding = 4; lastKnownFileType = sourcecode.c.h; path = "UIRefreshControl+AFNetworking.h"; sourceTree = "<group>"; };
		C173D4A91DDC368D007CC9AA /* UIRefreshControl+AFNetworking.m */ = {isa = PBXFileReference; fileEncoding = 4; lastKnownFileType = sourcecode.c.objc; path = "UIRefreshControl+AFNetworking.m"; sourceTree = "<group>"; };
		C173D4AA1DDC368D007CC9AA /* UIWebView+AFNetworking.h */ = {isa = PBXFileReference; fileEncoding = 4; lastKnownFileType = sourcecode.c.h; path = "UIWebView+AFNetworking.h"; sourceTree = "<group>"; };
		C173D4AB1DDC368D007CC9AA /* UIWebView+AFNetworking.m */ = {isa = PBXFileReference; fileEncoding = 4; lastKnownFileType = sourcecode.c.objc; path = "UIWebView+AFNetworking.m"; sourceTree = "<group>"; };
		C173D4C01DDC36C9007CC9AA /* GTMDefines.h */ = {isa = PBXFileReference; fileEncoding = 4; lastKnownFileType = sourcecode.c.h; path = GTMDefines.h; sourceTree = "<group>"; };
		C173D4C11DDC36C9007CC9AA /* GTMStringEncoding.h */ = {isa = PBXFileReference; fileEncoding = 4; lastKnownFileType = sourcecode.c.h; path = GTMStringEncoding.h; sourceTree = "<group>"; };
		C173D4C21DDC36C9007CC9AA /* GTMStringEncoding.m */ = {isa = PBXFileReference; fileEncoding = 4; lastKnownFileType = sourcecode.c.objc; path = GTMStringEncoding.m; sourceTree = "<group>"; };
		C173D4C31DDC36C9007CC9AA /* LPURLSigner.h */ = {isa = PBXFileReference; fileEncoding = 4; lastKnownFileType = sourcecode.c.h; path = LPURLSigner.h; sourceTree = "<group>"; };
		C173D4C41DDC36C9007CC9AA /* LPURLSigner.m */ = {isa = PBXFileReference; fileEncoding = 4; lastKnownFileType = sourcecode.c.objc; path = LPURLSigner.m; sourceTree = "<group>"; };
		C173D4C51DDC36C9007CC9AA /* LPGoogleFunctions.h */ = {isa = PBXFileReference; fileEncoding = 4; lastKnownFileType = sourcecode.c.h; path = LPGoogleFunctions.h; sourceTree = "<group>"; };
		C173D4C61DDC36C9007CC9AA /* LPGoogleFunctions.m */ = {isa = PBXFileReference; fileEncoding = 4; lastKnownFileType = sourcecode.c.objc; path = LPGoogleFunctions.m; sourceTree = "<group>"; };
		C173D4C81DDC36C9007CC9AA /* LPAddressComponent.h */ = {isa = PBXFileReference; fileEncoding = 4; lastKnownFileType = sourcecode.c.h; path = LPAddressComponent.h; sourceTree = "<group>"; };
		C173D4C91DDC36C9007CC9AA /* LPAddressComponent.m */ = {isa = PBXFileReference; fileEncoding = 4; lastKnownFileType = sourcecode.c.objc; path = LPAddressComponent.m; sourceTree = "<group>"; };
		C173D4CA1DDC36C9007CC9AA /* LPAgencie.h */ = {isa = PBXFileReference; fileEncoding = 4; lastKnownFileType = sourcecode.c.h; path = LPAgencie.h; sourceTree = "<group>"; };
		C173D4CB1DDC36C9007CC9AA /* LPAgencie.m */ = {isa = PBXFileReference; fileEncoding = 4; lastKnownFileType = sourcecode.c.objc; path = LPAgencie.m; sourceTree = "<group>"; };
		C173D4CC1DDC36C9007CC9AA /* LPBounds.h */ = {isa = PBXFileReference; fileEncoding = 4; lastKnownFileType = sourcecode.c.h; path = LPBounds.h; sourceTree = "<group>"; };
		C173D4CD1DDC36C9007CC9AA /* LPBounds.m */ = {isa = PBXFileReference; fileEncoding = 4; lastKnownFileType = sourcecode.c.objc; path = LPBounds.m; sourceTree = "<group>"; };
		C173D4CE1DDC36C9007CC9AA /* LPDirections.h */ = {isa = PBXFileReference; fileEncoding = 4; lastKnownFileType = sourcecode.c.h; path = LPDirections.h; sourceTree = "<group>"; };
		C173D4CF1DDC36C9007CC9AA /* LPDirections.m */ = {isa = PBXFileReference; fileEncoding = 4; lastKnownFileType = sourcecode.c.objc; path = LPDirections.m; sourceTree = "<group>"; };
		C173D4D01DDC36C9007CC9AA /* LPDistance.h */ = {isa = PBXFileReference; fileEncoding = 4; lastKnownFileType = sourcecode.c.h; path = LPDistance.h; sourceTree = "<group>"; };
		C173D4D11DDC36C9007CC9AA /* LPDistance.m */ = {isa = PBXFileReference; fileEncoding = 4; lastKnownFileType = sourcecode.c.objc; path = LPDistance.m; sourceTree = "<group>"; };
		C173D4D21DDC36C9007CC9AA /* LPDistanceMatrix.h */ = {isa = PBXFileReference; fileEncoding = 4; lastKnownFileType = sourcecode.c.h; path = LPDistanceMatrix.h; sourceTree = "<group>"; };
		C173D4D31DDC36C9007CC9AA /* LPDistanceMatrix.m */ = {isa = PBXFileReference; fileEncoding = 4; lastKnownFileType = sourcecode.c.objc; path = LPDistanceMatrix.m; sourceTree = "<group>"; };
		C173D4D41DDC36C9007CC9AA /* LPDistanceMatrixElement.h */ = {isa = PBXFileReference; fileEncoding = 4; lastKnownFileType = sourcecode.c.h; path = LPDistanceMatrixElement.h; sourceTree = "<group>"; };
		C173D4D51DDC36C9007CC9AA /* LPDistanceMatrixElement.m */ = {isa = PBXFileReference; fileEncoding = 4; lastKnownFileType = sourcecode.c.objc; path = LPDistanceMatrixElement.m; sourceTree = "<group>"; };
		C173D4D61DDC36C9007CC9AA /* LPDuration.h */ = {isa = PBXFileReference; fileEncoding = 4; lastKnownFileType = sourcecode.c.h; path = LPDuration.h; sourceTree = "<group>"; };
		C173D4D71DDC36C9007CC9AA /* LPDuration.m */ = {isa = PBXFileReference; fileEncoding = 4; lastKnownFileType = sourcecode.c.objc; path = LPDuration.m; sourceTree = "<group>"; };
		C173D4D81DDC36C9007CC9AA /* LPEvent.h */ = {isa = PBXFileReference; fileEncoding = 4; lastKnownFileType = sourcecode.c.h; path = LPEvent.h; sourceTree = "<group>"; };
		C173D4D91DDC36C9007CC9AA /* LPEvent.m */ = {isa = PBXFileReference; fileEncoding = 4; lastKnownFileType = sourcecode.c.objc; path = LPEvent.m; sourceTree = "<group>"; };
		C173D4DA1DDC36C9007CC9AA /* LPGeocodingFilter.h */ = {isa = PBXFileReference; fileEncoding = 4; lastKnownFileType = sourcecode.c.h; path = LPGeocodingFilter.h; sourceTree = "<group>"; };
		C173D4DB1DDC36C9007CC9AA /* LPGeocodingFilter.m */ = {isa = PBXFileReference; fileEncoding = 4; lastKnownFileType = sourcecode.c.objc; path = LPGeocodingFilter.m; sourceTree = "<group>"; };
		C173D4DC1DDC36C9007CC9AA /* LPGeocodingResults.h */ = {isa = PBXFileReference; fileEncoding = 4; lastKnownFileType = sourcecode.c.h; path = LPGeocodingResults.h; sourceTree = "<group>"; };
		C173D4DD1DDC36C9007CC9AA /* LPGeocodingResults.m */ = {isa = PBXFileReference; fileEncoding = 4; lastKnownFileType = sourcecode.c.objc; path = LPGeocodingResults.m; sourceTree = "<group>"; };
		C173D4DE1DDC36C9007CC9AA /* LPGeometry.h */ = {isa = PBXFileReference; fileEncoding = 4; lastKnownFileType = sourcecode.c.h; path = LPGeometry.h; sourceTree = "<group>"; };
		C173D4DF1DDC36C9007CC9AA /* LPGeometry.m */ = {isa = PBXFileReference; fileEncoding = 4; lastKnownFileType = sourcecode.c.objc; path = LPGeometry.m; sourceTree = "<group>"; };
		C173D4E01DDC36C9007CC9AA /* LPLeg.h */ = {isa = PBXFileReference; fileEncoding = 4; lastKnownFileType = sourcecode.c.h; path = LPLeg.h; sourceTree = "<group>"; };
		C173D4E11DDC36C9007CC9AA /* LPLeg.m */ = {isa = PBXFileReference; fileEncoding = 4; lastKnownFileType = sourcecode.c.objc; path = LPLeg.m; sourceTree = "<group>"; };
		C173D4E21DDC36C9007CC9AA /* LPLine.h */ = {isa = PBXFileReference; fileEncoding = 4; lastKnownFileType = sourcecode.c.h; path = LPLine.h; sourceTree = "<group>"; };
		C173D4E31DDC36C9007CC9AA /* LPLine.m */ = {isa = PBXFileReference; fileEncoding = 4; lastKnownFileType = sourcecode.c.objc; path = LPLine.m; sourceTree = "<group>"; };
		C173D4E41DDC36C9007CC9AA /* LPLocation.h */ = {isa = PBXFileReference; fileEncoding = 4; lastKnownFileType = sourcecode.c.h; path = LPLocation.h; sourceTree = "<group>"; };
		C173D4E51DDC36C9007CC9AA /* LPLocation.m */ = {isa = PBXFileReference; fileEncoding = 4; lastKnownFileType = sourcecode.c.objc; path = LPLocation.m; sourceTree = "<group>"; };
		C173D4E61DDC36C9007CC9AA /* LPMapImageMarker.h */ = {isa = PBXFileReference; fileEncoding = 4; lastKnownFileType = sourcecode.c.h; path = LPMapImageMarker.h; sourceTree = "<group>"; };
		C173D4E71DDC36C9007CC9AA /* LPMapImageMarker.m */ = {isa = PBXFileReference; fileEncoding = 4; lastKnownFileType = sourcecode.c.objc; path = LPMapImageMarker.m; sourceTree = "<group>"; };
		C173D4E81DDC36C9007CC9AA /* LPMatchedSubstring.h */ = {isa = PBXFileReference; fileEncoding = 4; lastKnownFileType = sourcecode.c.h; path = LPMatchedSubstring.h; sourceTree = "<group>"; };
		C173D4E91DDC36C9007CC9AA /* LPMatchedSubstring.m */ = {isa = PBXFileReference; fileEncoding = 4; lastKnownFileType = sourcecode.c.objc; path = LPMatchedSubstring.m; sourceTree = "<group>"; };
		C173D4EA1DDC36C9007CC9AA /* LPPlaceDetails.h */ = {isa = PBXFileReference; fileEncoding = 4; lastKnownFileType = sourcecode.c.h; path = LPPlaceDetails.h; sourceTree = "<group>"; };
		C173D4EB1DDC36C9007CC9AA /* LPPlaceDetails.m */ = {isa = PBXFileReference; fileEncoding = 4; lastKnownFileType = sourcecode.c.objc; path = LPPlaceDetails.m; sourceTree = "<group>"; };
		C173D4EC1DDC36C9007CC9AA /* LPPlaceDetailsResults.h */ = {isa = PBXFileReference; fileEncoding = 4; lastKnownFileType = sourcecode.c.h; path = LPPlaceDetailsResults.h; sourceTree = "<group>"; };
		C173D4ED1DDC36C9007CC9AA /* LPPlaceDetailsResults.m */ = {isa = PBXFileReference; fileEncoding = 4; lastKnownFileType = sourcecode.c.objc; path = LPPlaceDetailsResults.m; sourceTree = "<group>"; };
		C173D4EE1DDC36C9007CC9AA /* LPPlacePhoto.h */ = {isa = PBXFileReference; fileEncoding = 4; lastKnownFileType = sourcecode.c.h; path = LPPlacePhoto.h; sourceTree = "<group>"; };
		C173D4EF1DDC36C9007CC9AA /* LPPlacePhoto.m */ = {isa = PBXFileReference; fileEncoding = 4; lastKnownFileType = sourcecode.c.objc; path = LPPlacePhoto.m; sourceTree = "<group>"; };
		C173D4F01DDC36C9007CC9AA /* LPPlacesAutocomplete.h */ = {isa = PBXFileReference; fileEncoding = 4; lastKnownFileType = sourcecode.c.h; path = LPPlacesAutocomplete.h; sourceTree = "<group>"; };
		C173D4F11DDC36C9007CC9AA /* LPPlacesAutocomplete.m */ = {isa = PBXFileReference; fileEncoding = 4; lastKnownFileType = sourcecode.c.objc; path = LPPlacesAutocomplete.m; sourceTree = "<group>"; };
		C173D4F21DDC36C9007CC9AA /* LPPlaceSearchResults.h */ = {isa = PBXFileReference; fileEncoding = 4; lastKnownFileType = sourcecode.c.h; path = LPPlaceSearchResults.h; sourceTree = "<group>"; };
		C173D4F31DDC36C9007CC9AA /* LPPlaceSearchResults.m */ = {isa = PBXFileReference; fileEncoding = 4; lastKnownFileType = sourcecode.c.objc; path = LPPlaceSearchResults.m; sourceTree = "<group>"; };
		C173D4F41DDC36C9007CC9AA /* LPPolyline.h */ = {isa = PBXFileReference; fileEncoding = 4; lastKnownFileType = sourcecode.c.h; path = LPPolyline.h; sourceTree = "<group>"; };
		C173D4F51DDC36C9007CC9AA /* LPPolyline.m */ = {isa = PBXFileReference; fileEncoding = 4; lastKnownFileType = sourcecode.c.objc; path = LPPolyline.m; sourceTree = "<group>"; };
		C173D4F61DDC36C9007CC9AA /* LPPrediction.h */ = {isa = PBXFileReference; fileEncoding = 4; lastKnownFileType = sourcecode.c.h; path = LPPrediction.h; sourceTree = "<group>"; };
		C173D4F71DDC36C9007CC9AA /* LPPrediction.m */ = {isa = PBXFileReference; fileEncoding = 4; lastKnownFileType = sourcecode.c.objc; path = LPPrediction.m; sourceTree = "<group>"; };
		C173D4F81DDC36C9007CC9AA /* LPRoute.h */ = {isa = PBXFileReference; fileEncoding = 4; lastKnownFileType = sourcecode.c.h; path = LPRoute.h; sourceTree = "<group>"; };
		C173D4F91DDC36C9007CC9AA /* LPRoute.m */ = {isa = PBXFileReference; fileEncoding = 4; lastKnownFileType = sourcecode.c.objc; path = LPRoute.m; sourceTree = "<group>"; };
		C173D4FA1DDC36C9007CC9AA /* LPStep.h */ = {isa = PBXFileReference; fileEncoding = 4; lastKnownFileType = sourcecode.c.h; path = LPStep.h; sourceTree = "<group>"; };
		C173D4FB1DDC36C9007CC9AA /* LPStep.m */ = {isa = PBXFileReference; fileEncoding = 4; lastKnownFileType = sourcecode.c.objc; path = LPStep.m; sourceTree = "<group>"; };
		C173D4FC1DDC36C9007CC9AA /* LPStop.h */ = {isa = PBXFileReference; fileEncoding = 4; lastKnownFileType = sourcecode.c.h; path = LPStop.h; sourceTree = "<group>"; };
		C173D4FD1DDC36C9007CC9AA /* LPStop.m */ = {isa = PBXFileReference; fileEncoding = 4; lastKnownFileType = sourcecode.c.objc; path = LPStop.m; sourceTree = "<group>"; };
		C173D4FE1DDC36C9007CC9AA /* LPTerm.h */ = {isa = PBXFileReference; fileEncoding = 4; lastKnownFileType = sourcecode.c.h; path = LPTerm.h; sourceTree = "<group>"; };
		C173D4FF1DDC36C9007CC9AA /* LPTerm.m */ = {isa = PBXFileReference; fileEncoding = 4; lastKnownFileType = sourcecode.c.objc; path = LPTerm.m; sourceTree = "<group>"; };
		C173D5001DDC36C9007CC9AA /* LPTime.h */ = {isa = PBXFileReference; fileEncoding = 4; lastKnownFileType = sourcecode.c.h; path = LPTime.h; sourceTree = "<group>"; };
		C173D5011DDC36C9007CC9AA /* LPTime.m */ = {isa = PBXFileReference; fileEncoding = 4; lastKnownFileType = sourcecode.c.objc; path = LPTime.m; sourceTree = "<group>"; };
		C173D5021DDC36C9007CC9AA /* LPTransitDetails.h */ = {isa = PBXFileReference; fileEncoding = 4; lastKnownFileType = sourcecode.c.h; path = LPTransitDetails.h; sourceTree = "<group>"; };
		C173D5031DDC36C9007CC9AA /* LPTransitDetails.m */ = {isa = PBXFileReference; fileEncoding = 4; lastKnownFileType = sourcecode.c.objc; path = LPTransitDetails.m; sourceTree = "<group>"; };
		C173D5041DDC36C9007CC9AA /* LPVehicle.h */ = {isa = PBXFileReference; fileEncoding = 4; lastKnownFileType = sourcecode.c.h; path = LPVehicle.h; sourceTree = "<group>"; };
		C173D5051DDC36C9007CC9AA /* LPVehicle.m */ = {isa = PBXFileReference; fileEncoding = 4; lastKnownFileType = sourcecode.c.objc; path = LPVehicle.m; sourceTree = "<group>"; };
		C173D5061DDC36C9007CC9AA /* LPWaypoint.h */ = {isa = PBXFileReference; fileEncoding = 4; lastKnownFileType = sourcecode.c.h; path = LPWaypoint.h; sourceTree = "<group>"; };
		C173D5071DDC36C9007CC9AA /* LPWaypoint.m */ = {isa = PBXFileReference; fileEncoding = 4; lastKnownFileType = sourcecode.c.objc; path = LPWaypoint.m; sourceTree = "<group>"; };
		C173D5081DDC36C9007CC9AA /* OrderedDictionary.h */ = {isa = PBXFileReference; fileEncoding = 4; lastKnownFileType = sourcecode.c.h; path = OrderedDictionary.h; sourceTree = "<group>"; };
		C173D5091DDC36C9007CC9AA /* OrderedDictionary.m */ = {isa = PBXFileReference; fileEncoding = 4; lastKnownFileType = sourcecode.c.objc; path = OrderedDictionary.m; sourceTree = "<group>"; };
/* End PBXFileReference section */

/* Begin PBXFrameworksBuildPhase section */
		0C2207691974093400835C45 /* Frameworks */ = {
			isa = PBXFrameworksBuildPhase;
			buildActionMask = 2147483647;
			files = (
				0C22085219740C2300835C45 /* CoreLocation.framework in Frameworks */,
				0C2207A11974097800835C45 /* SystemConfiguration.framework in Frameworks */,
				0C22079F1974097300835C45 /* MobileCoreServices.framework in Frameworks */,
				0C2207721974093400835C45 /* CoreGraphics.framework in Frameworks */,
				0C2207741974093400835C45 /* UIKit.framework in Frameworks */,
				0C2207701974093400835C45 /* Foundation.framework in Frameworks */,
			);
			runOnlyForDeploymentPostprocessing = 0;
		};
/* End PBXFrameworksBuildPhase section */

/* Begin PBXGroup section */
		0C2207631974093400835C45 = {
			isa = PBXGroup;
			children = (
				0C2207751974093400835C45 /* LPDistanceMatrixService */,
				0C22076E1974093400835C45 /* Frameworks */,
				0C22076D1974093400835C45 /* Products */,
			);
			sourceTree = "<group>";
		};
		0C22076D1974093400835C45 /* Products */ = {
			isa = PBXGroup;
			children = (
				0C22076C1974093400835C45 /* LPDistanceMatrixService.app */,
			);
			name = Products;
			sourceTree = "<group>";
		};
		0C22076E1974093400835C45 /* Frameworks */ = {
			isa = PBXGroup;
			children = (
				0C22085119740C2300835C45 /* CoreLocation.framework */,
				0C2207A01974097800835C45 /* SystemConfiguration.framework */,
				0C22079E1974097300835C45 /* MobileCoreServices.framework */,
				0C22076F1974093400835C45 /* Foundation.framework */,
				0C2207711974093400835C45 /* CoreGraphics.framework */,
				0C2207731974093400835C45 /* UIKit.framework */,
				0C2207881974093400835C45 /* XCTest.framework */,
			);
			name = Frameworks;
			sourceTree = "<group>";
		};
		0C2207751974093400835C45 /* LPDistanceMatrixService */ = {
			isa = PBXGroup;
			children = (
				0C2207811974093400835C45 /* Images.xcassets */,
				C173D4BD1DDC36C9007CC9AA /* LPGoogleFunctions */,
				C173D4851DDC368D007CC9AA /* AFNetworking */,
				0C2207A819740A3B00835C45 /* Application */,
				0C2207AB19740A3B00835C45 /* Classes */,
				0C2207AF19740A3B00835C45 /* Views */,
				0C2207761974093400835C45 /* Supporting Files */,
			);
			path = LPDistanceMatrixService;
			sourceTree = "<group>";
		};
		0C2207761974093400835C45 /* Supporting Files */ = {
			isa = PBXGroup;
			children = (
				0C2207771974093400835C45 /* LPDistanceMatrixService-Info.plist */,
				0C2207781974093400835C45 /* InfoPlist.strings */,
				0C22077B1974093400835C45 /* main.m */,
				0C22077D1974093400835C45 /* LPDistanceMatrixService-Prefix.pch */,
			);
			name = "Supporting Files";
			sourceTree = "<group>";
		};
		0C2207A819740A3B00835C45 /* Application */ = {
			isa = PBXGroup;
			children = (
				0C2207A919740A3B00835C45 /* LPAppDelegate.h */,
				0C2207AA19740A3B00835C45 /* LPAppDelegate.m */,
			);
			path = Application;
			sourceTree = "<group>";
		};
		0C2207AB19740A3B00835C45 /* Classes */ = {
			isa = PBXGroup;
			children = (
				0C2207AC19740A3B00835C45 /* LPMainViewController.h */,
				0C2207AD19740A3B00835C45 /* LPMainViewController.m */,
			);
			path = Classes;
			sourceTree = "<group>";
		};
		0C2207AF19740A3B00835C45 /* Views */ = {
			isa = PBXGroup;
			children = (
				0C2207B019740A3B00835C45 /* LPMainViewController.xib */,
			);
			path = Views;
			sourceTree = "<group>";
		};
		C173D4851DDC368D007CC9AA /* AFNetworking */ = {
			isa = PBXGroup;
			children = (
				C173D4861DDC368D007CC9AA /* AFNetworking */,
				C173D49A1DDC368D007CC9AA /* UIKit+AFNetworking */,
			);
			name = AFNetworking;
			path = ../../AFNetworking;
			sourceTree = "<group>";
		};
		C173D4861DDC368D007CC9AA /* AFNetworking */ = {
			isa = PBXGroup;
			children = (
				C173D4871DDC368D007CC9AA /* AFHTTPRequestOperation.h */,
				C173D4881DDC368D007CC9AA /* AFHTTPRequestOperation.m */,
				C173D4891DDC368D007CC9AA /* AFHTTPRequestOperationManager.h */,
				C173D48A1DDC368D007CC9AA /* AFHTTPRequestOperationManager.m */,
				C173D48B1DDC368D007CC9AA /* AFHTTPSessionManager.h */,
				C173D48C1DDC368D007CC9AA /* AFHTTPSessionManager.m */,
				C173D48D1DDC368D007CC9AA /* AFNetworking.h */,
				C173D48E1DDC368D007CC9AA /* AFNetworkReachabilityManager.h */,
				C173D48F1DDC368D007CC9AA /* AFNetworkReachabilityManager.m */,
				C173D4901DDC368D007CC9AA /* AFSecurityPolicy.h */,
				C173D4911DDC368D007CC9AA /* AFSecurityPolicy.m */,
				C173D4921DDC368D007CC9AA /* AFURLConnectionOperation.h */,
				C173D4931DDC368D007CC9AA /* AFURLConnectionOperation.m */,
				C173D4941DDC368D007CC9AA /* AFURLRequestSerialization.h */,
				C173D4951DDC368D007CC9AA /* AFURLRequestSerialization.m */,
				C173D4961DDC368D007CC9AA /* AFURLResponseSerialization.h */,
				C173D4971DDC368D007CC9AA /* AFURLResponseSerialization.m */,
				C173D4981DDC368D007CC9AA /* AFURLSessionManager.h */,
				C173D4991DDC368D007CC9AA /* AFURLSessionManager.m */,
			);
			path = AFNetworking;
			sourceTree = "<group>";
		};
		C173D49A1DDC368D007CC9AA /* UIKit+AFNetworking */ = {
			isa = PBXGroup;
			children = (
				C173D49B1DDC368D007CC9AA /* AFNetworkActivityIndicatorManager.h */,
				C173D49C1DDC368D007CC9AA /* AFNetworkActivityIndicatorManager.m */,
				C173D49D1DDC368D007CC9AA /* UIActivityIndicatorView+AFNetworking.h */,
				C173D49E1DDC368D007CC9AA /* UIActivityIndicatorView+AFNetworking.m */,
				C173D49F1DDC368D007CC9AA /* UIAlertView+AFNetworking.h */,
				C173D4A01DDC368D007CC9AA /* UIAlertView+AFNetworking.m */,
				C173D4A11DDC368D007CC9AA /* UIButton+AFNetworking.h */,
				C173D4A21DDC368D007CC9AA /* UIButton+AFNetworking.m */,
				C173D4A31DDC368D007CC9AA /* UIImageView+AFNetworking.h */,
				C173D4A41DDC368D007CC9AA /* UIImageView+AFNetworking.m */,
				C173D4A51DDC368D007CC9AA /* UIKit+AFNetworking.h */,
				C173D4A61DDC368D007CC9AA /* UIProgressView+AFNetworking.h */,
				C173D4A71DDC368D007CC9AA /* UIProgressView+AFNetworking.m */,
				C173D4A81DDC368D007CC9AA /* UIRefreshControl+AFNetworking.h */,
				C173D4A91DDC368D007CC9AA /* UIRefreshControl+AFNetworking.m */,
				C173D4AA1DDC368D007CC9AA /* UIWebView+AFNetworking.h */,
				C173D4AB1DDC368D007CC9AA /* UIWebView+AFNetworking.m */,
			);
			path = "UIKit+AFNetworking";
			sourceTree = "<group>";
		};
		C173D4BD1DDC36C9007CC9AA /* LPGoogleFunctions */ = {
			isa = PBXGroup;
			children = (
				C173D4BE1DDC36C9007CC9AA /* AQGoogleSignature */,
				C173D4C51DDC36C9007CC9AA /* LPGoogleFunctions.h */,
				C173D4C61DDC36C9007CC9AA /* LPGoogleFunctions.m */,
				C173D4C71DDC36C9007CC9AA /* LPGoogleObjects */,
				C173D5081DDC36C9007CC9AA /* OrderedDictionary.h */,
				C173D5091DDC36C9007CC9AA /* OrderedDictionary.m */,
			);
			name = LPGoogleFunctions;
			path = ../../../LPGoogleFunctions;
			sourceTree = "<group>";
		};
		C173D4BE1DDC36C9007CC9AA /* AQGoogleSignature */ = {
			isa = PBXGroup;
			children = (
				C173D4BF1DDC36C9007CC9AA /* GoogleSignature */,
				C173D4C31DDC36C9007CC9AA /* LPURLSigner.h */,
				C173D4C41DDC36C9007CC9AA /* LPURLSigner.m */,
			);
			path = AQGoogleSignature;
			sourceTree = "<group>";
		};
		C173D4BF1DDC36C9007CC9AA /* GoogleSignature */ = {
			isa = PBXGroup;
			children = (
				C173D4C01DDC36C9007CC9AA /* GTMDefines.h */,
				C173D4C11DDC36C9007CC9AA /* GTMStringEncoding.h */,
				C173D4C21DDC36C9007CC9AA /* GTMStringEncoding.m */,
			);
			path = GoogleSignature;
			sourceTree = "<group>";
		};
		C173D4C71DDC36C9007CC9AA /* LPGoogleObjects */ = {
			isa = PBXGroup;
			children = (
				C173D4C81DDC36C9007CC9AA /* LPAddressComponent.h */,
				C173D4C91DDC36C9007CC9AA /* LPAddressComponent.m */,
				C173D4CA1DDC36C9007CC9AA /* LPAgencie.h */,
				C173D4CB1DDC36C9007CC9AA /* LPAgencie.m */,
				C173D4CC1DDC36C9007CC9AA /* LPBounds.h */,
				C173D4CD1DDC36C9007CC9AA /* LPBounds.m */,
				C173D4CE1DDC36C9007CC9AA /* LPDirections.h */,
				C173D4CF1DDC36C9007CC9AA /* LPDirections.m */,
				C173D4D01DDC36C9007CC9AA /* LPDistance.h */,
				C173D4D11DDC36C9007CC9AA /* LPDistance.m */,
				C173D4D21DDC36C9007CC9AA /* LPDistanceMatrix.h */,
				C173D4D31DDC36C9007CC9AA /* LPDistanceMatrix.m */,
				C173D4D41DDC36C9007CC9AA /* LPDistanceMatrixElement.h */,
				C173D4D51DDC36C9007CC9AA /* LPDistanceMatrixElement.m */,
				C173D4D61DDC36C9007CC9AA /* LPDuration.h */,
				C173D4D71DDC36C9007CC9AA /* LPDuration.m */,
				C173D4D81DDC36C9007CC9AA /* LPEvent.h */,
				C173D4D91DDC36C9007CC9AA /* LPEvent.m */,
				C173D4DA1DDC36C9007CC9AA /* LPGeocodingFilter.h */,
				C173D4DB1DDC36C9007CC9AA /* LPGeocodingFilter.m */,
				C173D4DC1DDC36C9007CC9AA /* LPGeocodingResults.h */,
				C173D4DD1DDC36C9007CC9AA /* LPGeocodingResults.m */,
				C173D4DE1DDC36C9007CC9AA /* LPGeometry.h */,
				C173D4DF1DDC36C9007CC9AA /* LPGeometry.m */,
				C173D4E01DDC36C9007CC9AA /* LPLeg.h */,
				C173D4E11DDC36C9007CC9AA /* LPLeg.m */,
				C173D4E21DDC36C9007CC9AA /* LPLine.h */,
				C173D4E31DDC36C9007CC9AA /* LPLine.m */,
				C173D4E41DDC36C9007CC9AA /* LPLocation.h */,
				C173D4E51DDC36C9007CC9AA /* LPLocation.m */,
				C173D4E61DDC36C9007CC9AA /* LPMapImageMarker.h */,
				C173D4E71DDC36C9007CC9AA /* LPMapImageMarker.m */,
				C173D4E81DDC36C9007CC9AA /* LPMatchedSubstring.h */,
				C173D4E91DDC36C9007CC9AA /* LPMatchedSubstring.m */,
				C173D4EA1DDC36C9007CC9AA /* LPPlaceDetails.h */,
				C173D4EB1DDC36C9007CC9AA /* LPPlaceDetails.m */,
				C173D4EC1DDC36C9007CC9AA /* LPPlaceDetailsResults.h */,
				C173D4ED1DDC36C9007CC9AA /* LPPlaceDetailsResults.m */,
				C173D4EE1DDC36C9007CC9AA /* LPPlacePhoto.h */,
				C173D4EF1DDC36C9007CC9AA /* LPPlacePhoto.m */,
				C173D4F01DDC36C9007CC9AA /* LPPlacesAutocomplete.h */,
				C173D4F11DDC36C9007CC9AA /* LPPlacesAutocomplete.m */,
				C173D4F21DDC36C9007CC9AA /* LPPlaceSearchResults.h */,
				C173D4F31DDC36C9007CC9AA /* LPPlaceSearchResults.m */,
				C173D4F41DDC36C9007CC9AA /* LPPolyline.h */,
				C173D4F51DDC36C9007CC9AA /* LPPolyline.m */,
				C173D4F61DDC36C9007CC9AA /* LPPrediction.h */,
				C173D4F71DDC36C9007CC9AA /* LPPrediction.m */,
				C173D4F81DDC36C9007CC9AA /* LPRoute.h */,
				C173D4F91DDC36C9007CC9AA /* LPRoute.m */,
				C173D4FA1DDC36C9007CC9AA /* LPStep.h */,
				C173D4FB1DDC36C9007CC9AA /* LPStep.m */,
				C173D4FC1DDC36C9007CC9AA /* LPStop.h */,
				C173D4FD1DDC36C9007CC9AA /* LPStop.m */,
				C173D4FE1DDC36C9007CC9AA /* LPTerm.h */,
				C173D4FF1DDC36C9007CC9AA /* LPTerm.m */,
				C173D5001DDC36C9007CC9AA /* LPTime.h */,
				C173D5011DDC36C9007CC9AA /* LPTime.m */,
				C173D5021DDC36C9007CC9AA /* LPTransitDetails.h */,
				C173D5031DDC36C9007CC9AA /* LPTransitDetails.m */,
				C173D5041DDC36C9007CC9AA /* LPVehicle.h */,
				C173D5051DDC36C9007CC9AA /* LPVehicle.m */,
				C173D5061DDC36C9007CC9AA /* LPWaypoint.h */,
				C173D5071DDC36C9007CC9AA /* LPWaypoint.m */,
			);
			path = LPGoogleObjects;
			sourceTree = "<group>";
		};
/* End PBXGroup section */

/* Begin PBXNativeTarget section */
		0C22076B1974093400835C45 /* LPDistanceMatrixService */ = {
			isa = PBXNativeTarget;
			buildConfigurationList = 0C2207981974093400835C45 /* Build configuration list for PBXNativeTarget "LPDistanceMatrixService" */;
			buildPhases = (
				0C2207681974093400835C45 /* Sources */,
				0C2207691974093400835C45 /* Frameworks */,
				0C22076A1974093400835C45 /* Resources */,
			);
			buildRules = (
			);
			dependencies = (
			);
			name = LPDistanceMatrixService;
			productName = LPDistanceMatrixService;
			productReference = 0C22076C1974093400835C45 /* LPDistanceMatrixService.app */;
			productType = "com.apple.product-type.application";
		};
/* End PBXNativeTarget section */

/* Begin PBXProject section */
		0C2207641974093400835C45 /* Project object */ = {
			isa = PBXProject;
			attributes = {
				CLASSPREFIX = LP;
				LastUpgradeCheck = 0730;
				ORGANIZATIONNAME = "Luka Penger";
			};
			buildConfigurationList = 0C2207671974093400835C45 /* Build configuration list for PBXProject "LPDistanceMatrixService" */;
			compatibilityVersion = "Xcode 3.2";
			developmentRegion = English;
			hasScannedForEncodings = 0;
			knownRegions = (
				en,
			);
			mainGroup = 0C2207631974093400835C45;
			productRefGroup = 0C22076D1974093400835C45 /* Products */;
			projectDirPath = "";
			projectRoot = "";
			targets = (
				0C22076B1974093400835C45 /* LPDistanceMatrixService */,
			);
		};
/* End PBXProject section */

/* Begin PBXResourcesBuildPhase section */
		0C22076A1974093400835C45 /* Resources */ = {
			isa = PBXResourcesBuildPhase;
			buildActionMask = 2147483647;
			files = (
				0C22077A1974093400835C45 /* InfoPlist.strings in Resources */,
				0C2207B319740A3B00835C45 /* LPMainViewController.xib in Resources */,
				0C2207821974093400835C45 /* Images.xcassets in Resources */,
			);
			runOnlyForDeploymentPostprocessing = 0;
		};
/* End PBXResourcesBuildPhase section */

/* Begin PBXSourcesBuildPhase section */
		0C2207681974093400835C45 /* Sources */ = {
			isa = PBXSourcesBuildPhase;
			buildActionMask = 2147483647;
			files = (
				C173D4AC1DDC368D007CC9AA /* AFHTTPRequestOperation.m in Sources */,
				C173D4B91DDC368D007CC9AA /* UIImageView+AFNetworking.m in Sources */,
				C173D5151DDC36C9007CC9AA /* LPEvent.m in Sources */,
				C173D5271DDC36C9007CC9AA /* LPStop.m in Sources */,
				C173D5261DDC36C9007CC9AA /* LPStep.m in Sources */,
				C173D52A1DDC36C9007CC9AA /* LPTransitDetails.m in Sources */,
				C173D50F1DDC36C9007CC9AA /* LPBounds.m in Sources */,
				0C2207B119740A3B00835C45 /* LPAppDelegate.m in Sources */,
				C173D4AD1DDC368D007CC9AA /* AFHTTPRequestOperationManager.m in Sources */,
				C173D5191DDC36C9007CC9AA /* LPLeg.m in Sources */,
				C173D5211DDC36C9007CC9AA /* LPPlacesAutocomplete.m in Sources */,
				C173D4BA1DDC368D007CC9AA /* UIProgressView+AFNetworking.m in Sources */,
				C173D5201DDC36C9007CC9AA /* LPPlacePhoto.m in Sources */,
				C173D5121DDC36C9007CC9AA /* LPDistanceMatrix.m in Sources */,
				C173D4AF1DDC368D007CC9AA /* AFNetworkReachabilityManager.m in Sources */,
				C173D5161DDC36C9007CC9AA /* LPGeocodingFilter.m in Sources */,
				C173D4B31DDC368D007CC9AA /* AFURLResponseSerialization.m in Sources */,
				C173D50C1DDC36C9007CC9AA /* LPGoogleFunctions.m in Sources */,
				C173D5251DDC36C9007CC9AA /* LPRoute.m in Sources */,
				C173D4B11DDC368D007CC9AA /* AFURLConnectionOperation.m in Sources */,
				C173D4B81DDC368D007CC9AA /* UIButton+AFNetworking.m in Sources */,
				C173D5231DDC36C9007CC9AA /* LPPolyline.m in Sources */,
				C173D4B61DDC368D007CC9AA /* UIActivityIndicatorView+AFNetworking.m in Sources */,
				C173D5281DDC36C9007CC9AA /* LPTerm.m in Sources */,
				C173D51A1DDC36C9007CC9AA /* LPLine.m in Sources */,
				C173D52D1DDC36C9007CC9AA /* OrderedDictionary.m in Sources */,
				C173D5101DDC36C9007CC9AA /* LPDirections.m in Sources */,
				C173D5141DDC36C9007CC9AA /* LPDuration.m in Sources */,
				C173D4B01DDC368D007CC9AA /* AFSecurityPolicy.m in Sources */,
				C173D50D1DDC36C9007CC9AA /* LPAddressComponent.m in Sources */,
				C173D4BB1DDC368D007CC9AA /* UIRefreshControl+AFNetworking.m in Sources */,
				C173D52B1DDC36C9007CC9AA /* LPVehicle.m in Sources */,
				C173D4BC1DDC368D007CC9AA /* UIWebView+AFNetworking.m in Sources */,
				C173D4AE1DDC368D007CC9AA /* AFHTTPSessionManager.m in Sources */,
				C173D4B71DDC368D007CC9AA /* UIAlertView+AFNetworking.m in Sources */,
				C173D4B21DDC368D007CC9AA /* AFURLRequestSerialization.m in Sources */,
				C173D51D1DDC36C9007CC9AA /* LPMatchedSubstring.m in Sources */,
				C173D51B1DDC36C9007CC9AA /* LPLocation.m in Sources */,
				C173D5171DDC36C9007CC9AA /* LPGeocodingResults.m in Sources */,
				C173D4B51DDC368D007CC9AA /* AFNetworkActivityIndicatorManager.m in Sources */,
				C173D50A1DDC36C9007CC9AA /* GTMStringEncoding.m in Sources */,
				C173D51F1DDC36C9007CC9AA /* LPPlaceDetailsResults.m in Sources */,
				C173D50E1DDC36C9007CC9AA /* LPAgencie.m in Sources */,
				C173D4B41DDC368D007CC9AA /* AFURLSessionManager.m in Sources */,
				C173D5221DDC36C9007CC9AA /* LPPlaceSearchResults.m in Sources */,
				C173D50B1DDC36C9007CC9AA /* LPURLSigner.m in Sources */,
				C173D5181DDC36C9007CC9AA /* LPGeometry.m in Sources */,
				C173D5131DDC36C9007CC9AA /* LPDistanceMatrixElement.m in Sources */,
				C173D51C1DDC36C9007CC9AA /* LPMapImageMarker.m in Sources */,
				C173D5291DDC36C9007CC9AA /* LPTime.m in Sources */,
				C173D5241DDC36C9007CC9AA /* LPPrediction.m in Sources */,
				0C2207B219740A3B00835C45 /* LPMainViewController.m in Sources */,
				C173D52C1DDC36C9007CC9AA /* LPWaypoint.m in Sources */,
				C173D51E1DDC36C9007CC9AA /* LPPlaceDetails.m in Sources */,
				C173D5111DDC36C9007CC9AA /* LPDistance.m in Sources */,
				0C22077C1974093400835C45 /* main.m in Sources */,
			);
			runOnlyForDeploymentPostprocessing = 0;
		};
/* End PBXSourcesBuildPhase section */

/* Begin PBXVariantGroup section */
		0C2207781974093400835C45 /* InfoPlist.strings */ = {
			isa = PBXVariantGroup;
			children = (
				0C2207791974093400835C45 /* en */,
			);
			name = InfoPlist.strings;
			sourceTree = "<group>";
		};
/* End PBXVariantGroup section */

/* Begin XCBuildConfiguration section */
		0C2207961974093400835C45 /* Debug */ = {
			isa = XCBuildConfiguration;
			buildSettings = {
				ALWAYS_SEARCH_USER_PATHS = NO;
				CLANG_CXX_LANGUAGE_STANDARD = "gnu++0x";
				CLANG_CXX_LIBRARY = "libc++";
				CLANG_ENABLE_MODULES = YES;
				CLANG_ENABLE_OBJC_ARC = YES;
				CLANG_WARN_BOOL_CONVERSION = YES;
				CLANG_WARN_CONSTANT_CONVERSION = YES;
				CLANG_WARN_DIRECT_OBJC_ISA_USAGE = YES_ERROR;
				CLANG_WARN_EMPTY_BODY = YES;
				CLANG_WARN_ENUM_CONVERSION = YES;
				CLANG_WARN_INT_CONVERSION = YES;
				CLANG_WARN_OBJC_ROOT_CLASS = YES_ERROR;
				CLANG_WARN__DUPLICATE_METHOD_MATCH = YES;
				"CODE_SIGN_IDENTITY[sdk=iphoneos*]" = "iPhone Developer";
				COPY_PHASE_STRIP = NO;
				ENABLE_TESTABILITY = YES;
				GCC_C_LANGUAGE_STANDARD = gnu99;
				GCC_DYNAMIC_NO_PIC = NO;
				GCC_OPTIMIZATION_LEVEL = 0;
				GCC_PREPROCESSOR_DEFINITIONS = (
					"DEBUG=1",
					"$(inherited)",
				);
				GCC_SYMBOLS_PRIVATE_EXTERN = NO;
				GCC_WARN_64_TO_32_BIT_CONVERSION = YES;
				GCC_WARN_ABOUT_RETURN_TYPE = YES_ERROR;
				GCC_WARN_UNDECLARED_SELECTOR = YES;
				GCC_WARN_UNINITIALIZED_AUTOS = YES_AGGRESSIVE;
				GCC_WARN_UNUSED_FUNCTION = YES;
				GCC_WARN_UNUSED_VARIABLE = YES;
				IPHONEOS_DEPLOYMENT_TARGET = 7.1;
				ONLY_ACTIVE_ARCH = YES;
				SDKROOT = iphoneos;
			};
			name = Debug;
		};
		0C2207971974093400835C45 /* Release */ = {
			isa = XCBuildConfiguration;
			buildSettings = {
				ALWAYS_SEARCH_USER_PATHS = NO;
				CLANG_CXX_LANGUAGE_STANDARD = "gnu++0x";
				CLANG_CXX_LIBRARY = "libc++";
				CLANG_ENABLE_MODULES = YES;
				CLANG_ENABLE_OBJC_ARC = YES;
				CLANG_WARN_BOOL_CONVERSION = YES;
				CLANG_WARN_CONSTANT_CONVERSION = YES;
				CLANG_WARN_DIRECT_OBJC_ISA_USAGE = YES_ERROR;
				CLANG_WARN_EMPTY_BODY = YES;
				CLANG_WARN_ENUM_CONVERSION = YES;
				CLANG_WARN_INT_CONVERSION = YES;
				CLANG_WARN_OBJC_ROOT_CLASS = YES_ERROR;
				CLANG_WARN__DUPLICATE_METHOD_MATCH = YES;
				"CODE_SIGN_IDENTITY[sdk=iphoneos*]" = "iPhone Developer";
				COPY_PHASE_STRIP = YES;
				ENABLE_NS_ASSERTIONS = NO;
				GCC_C_LANGUAGE_STANDARD = gnu99;
				GCC_WARN_64_TO_32_BIT_CONVERSION = YES;
				GCC_WARN_ABOUT_RETURN_TYPE = YES_ERROR;
				GCC_WARN_UNDECLARED_SELECTOR = YES;
				GCC_WARN_UNINITIALIZED_AUTOS = YES_AGGRESSIVE;
				GCC_WARN_UNUSED_FUNCTION = YES;
				GCC_WARN_UNUSED_VARIABLE = YES;
				IPHONEOS_DEPLOYMENT_TARGET = 7.1;
				SDKROOT = iphoneos;
				VALIDATE_PRODUCT = YES;
			};
			name = Release;
		};
		0C2207991974093400835C45 /* Debug */ = {
			isa = XCBuildConfiguration;
			buildSettings = {
				ASSETCATALOG_COMPILER_APPICON_NAME = AppIcon;
				ASSETCATALOG_COMPILER_LAUNCHIMAGE_NAME = LaunchImage;
				CODE_SIGN_IDENTITY = "iPhone Developer";
				GCC_PRECOMPILE_PREFIX_HEADER = YES;
				GCC_PREFIX_HEADER = "LPDistanceMatrixService/LPDistanceMatrixService-Prefix.pch";
				INFOPLIST_FILE = "LPDistanceMatrixService/LPDistanceMatrixService-Info.plist";
				IPHONEOS_DEPLOYMENT_TARGET = 7.1;
				PRODUCT_BUNDLE_IDENTIFIER = "lukapenger.${PRODUCT_NAME:rfc1034identifier}";
				PRODUCT_NAME = "$(TARGET_NAME)";
				WRAPPER_EXTENSION = app;
			};
			name = Debug;
		};
		0C22079A1974093400835C45 /* Release */ = {
			isa = XCBuildConfiguration;
			buildSettings = {
				ASSETCATALOG_COMPILER_APPICON_NAME = AppIcon;
				ASSETCATALOG_COMPILER_LAUNCHIMAGE_NAME = LaunchImage;
				CODE_SIGN_IDENTITY = "iPhone Developer";
				GCC_PRECOMPILE_PREFIX_HEADER = YES;
				GCC_PREFIX_HEADER = "LPDistanceMatrixService/LPDistanceMatrixService-Prefix.pch";
				INFOPLIST_FILE = "LPDistanceMatrixService/LPDistanceMatrixService-Info.plist";
				IPHONEOS_DEPLOYMENT_TARGET = 7.1;
				PRODUCT_BUNDLE_IDENTIFIER = "lukapenger.${PRODUCT_NAME:rfc1034identifier}";
				PRODUCT_NAME = "$(TARGET_NAME)";
				WRAPPER_EXTENSION = app;
			};
			name = Release;
		};
/* End XCBuildConfiguration section */

/* Begin XCConfigurationList section */
		0C2207671974093400835C45 /* Build configuration list for PBXProject "LPDistanceMatrixService" */ = {
			isa = XCConfigurationList;
			buildConfigurations = (
				0C2207961974093400835C45 /* Debug */,
				0C2207971974093400835C45 /* Release */,
			);
			defaultConfigurationIsVisible = 0;
			defaultConfigurationName = Release;
		};
		0C2207981974093400835C45 /* Build configuration list for PBXNativeTarget "LPDistanceMatrixService" */ = {
			isa = XCConfigurationList;
			buildConfigurations = (
				0C2207991974093400835C45 /* Debug */,
				0C22079A1974093400835C45 /* Release */,
			);
			defaultConfigurationIsVisible = 0;
			defaultConfigurationName = Release;
		};
/* End XCConfigurationList section */
	};
	rootObject = 0C2207641974093400835C45 /* Project object */;
}
