// !$*UTF8*$!
{
	archiveVersion = 1;
	classes = {
	};
	objectVersion = 46;
	objects = {

/* Begin PBXBuildFile section */
		0C22085719740DAF00835C45 /* LPDistanceMatrix.m in Sources */ = {isa = PBXBuildFile; fileRef = 0C22085419740DAF00835C45 /* LPDistanceMatrix.m */; };
		0C22085819740DAF00835C45 /* LPDistanceMatrixElement.m in Sources */ = {isa = PBXBuildFile; fileRef = 0C22085619740DAF00835C45 /* LPDistanceMatrixElement.m */; };
		0CCB61801912C9C900648FCC /* Foundation.framework in Frameworks */ = {isa = PBXBuildFile; fileRef = 0CCB617F1912C9C900648FCC /* Foundation.framework */; };
		0CCB61821912C9C900648FCC /* CoreGraphics.framework in Frameworks */ = {isa = PBXBuildFile; fileRef = 0CCB61811912C9C900648FCC /* CoreGraphics.framework */; };
		0CCB61841912C9C900648FCC /* UIKit.framework in Frameworks */ = {isa = PBXBuildFile; fileRef = 0CCB61831912C9C900648FCC /* UIKit.framework */; };
		0CCB618A1912C9C900648FCC /* InfoPlist.strings in Resources */ = {isa = PBXBuildFile; fileRef = 0CCB61881912C9C900648FCC /* InfoPlist.strings */; };
		0CCB618C1912C9C900648FCC /* main.m in Sources */ = {isa = PBXBuildFile; fileRef = 0CCB618B1912C9C900648FCC /* main.m */; };
		0CCB61921912C9C900648FCC /* Images.xcassets in Resources */ = {isa = PBXBuildFile; fileRef = 0CCB61911912C9C900648FCC /* Images.xcassets */; };
		0CCB61B11912C9F200648FCC /* LPAppDelegate.m in Sources */ = {isa = PBXBuildFile; fileRef = 0CCB61B01912C9F200648FCC /* LPAppDelegate.m */; };
		0CCB61F31912CA0000648FCC /* LPGoogleFunctions.m in Sources */ = {isa = PBXBuildFile; fileRef = 0CCB61B51912CA0000648FCC /* LPGoogleFunctions.m */; };
		0CCB61F41912CA0000648FCC /* LPAddressComponent.m in Sources */ = {isa = PBXBuildFile; fileRef = 0CCB61B81912CA0000648FCC /* LPAddressComponent.m */; };
		0CCB61F51912CA0000648FCC /* LPAgencie.m in Sources */ = {isa = PBXBuildFile; fileRef = 0CCB61BA1912CA0000648FCC /* LPAgencie.m */; };
		0CCB61F61912CA0000648FCC /* LPBounds.m in Sources */ = {isa = PBXBuildFile; fileRef = 0CCB61BC1912CA0000648FCC /* LPBounds.m */; };
		0CCB61F71912CA0000648FCC /* LPDirections.m in Sources */ = {isa = PBXBuildFile; fileRef = 0CCB61BE1912CA0000648FCC /* LPDirections.m */; };
		0CCB61F81912CA0000648FCC /* LPDistance.m in Sources */ = {isa = PBXBuildFile; fileRef = 0CCB61C01912CA0000648FCC /* LPDistance.m */; };
		0CCB61F91912CA0000648FCC /* LPDuration.m in Sources */ = {isa = PBXBuildFile; fileRef = 0CCB61C21912CA0000648FCC /* LPDuration.m */; };
		0CCB61FA1912CA0000648FCC /* LPEvent.m in Sources */ = {isa = PBXBuildFile; fileRef = 0CCB61C41912CA0000648FCC /* LPEvent.m */; };
		0CCB61FB1912CA0000648FCC /* LPGeocodingFilter.m in Sources */ = {isa = PBXBuildFile; fileRef = 0CCB61C61912CA0000648FCC /* LPGeocodingFilter.m */; };
		0CCB61FC1912CA0000648FCC /* LPGeocodingResults.m in Sources */ = {isa = PBXBuildFile; fileRef = 0CCB61C81912CA0000648FCC /* LPGeocodingResults.m */; };
		0CCB61FD1912CA0000648FCC /* LPGeometry.m in Sources */ = {isa = PBXBuildFile; fileRef = 0CCB61CA1912CA0000648FCC /* LPGeometry.m */; };
		0CCB61FE1912CA0000648FCC /* LPLeg.m in Sources */ = {isa = PBXBuildFile; fileRef = 0CCB61CC1912CA0000648FCC /* LPLeg.m */; };
		0CCB61FF1912CA0000648FCC /* LPLine.m in Sources */ = {isa = PBXBuildFile; fileRef = 0CCB61CE1912CA0000648FCC /* LPLine.m */; };
		0CCB62001912CA0000648FCC /* LPLocation.m in Sources */ = {isa = PBXBuildFile; fileRef = 0CCB61D01912CA0000648FCC /* LPLocation.m */; };
		0CCB62011912CA0000648FCC /* LPMapImageMarker.m in Sources */ = {isa = PBXBuildFile; fileRef = 0CCB61D21912CA0000648FCC /* LPMapImageMarker.m */; };
		0CCB62021912CA0000648FCC /* LPMatchedSubstring.m in Sources */ = {isa = PBXBuildFile; fileRef = 0CCB61D41912CA0000648FCC /* LPMatchedSubstring.m */; };
		0CCB62031912CA0000648FCC /* LPPlaceDetails.m in Sources */ = {isa = PBXBuildFile; fileRef = 0CCB61D61912CA0000648FCC /* LPPlaceDetails.m */; };
		0CCB62041912CA0000648FCC /* LPPlaceDetailsResults.m in Sources */ = {isa = PBXBuildFile; fileRef = 0CCB61D81912CA0000648FCC /* LPPlaceDetailsResults.m */; };
		0CCB62051912CA0000648FCC /* LPPlacePhoto.m in Sources */ = {isa = PBXBuildFile; fileRef = 0CCB61DA1912CA0000648FCC /* LPPlacePhoto.m */; };
		0CCB62061912CA0000648FCC /* LPPlacesAutocomplete.m in Sources */ = {isa = PBXBuildFile; fileRef = 0CCB61DC1912CA0000648FCC /* LPPlacesAutocomplete.m */; };
		0CCB62071912CA0000648FCC /* LPPlaceSearchResults.m in Sources */ = {isa = PBXBuildFile; fileRef = 0CCB61DE1912CA0000648FCC /* LPPlaceSearchResults.m */; };
		0CCB62081912CA0000648FCC /* LPPolyline.m in Sources */ = {isa = PBXBuildFile; fileRef = 0CCB61E01912CA0000648FCC /* LPPolyline.m */; };
		0CCB62091912CA0000648FCC /* LPPrediction.m in Sources */ = {isa = PBXBuildFile; fileRef = 0CCB61E21912CA0000648FCC /* LPPrediction.m */; };
		0CCB620A1912CA0000648FCC /* LPRoute.m in Sources */ = {isa = PBXBuildFile; fileRef = 0CCB61E41912CA0000648FCC /* LPRoute.m */; };
		0CCB620B1912CA0000648FCC /* LPStep.m in Sources */ = {isa = PBXBuildFile; fileRef = 0CCB61E61912CA0000648FCC /* LPStep.m */; };
		0CCB620C1912CA0000648FCC /* LPStop.m in Sources */ = {isa = PBXBuildFile; fileRef = 0CCB61E81912CA0000648FCC /* LPStop.m */; };
		0CCB620D1912CA0000648FCC /* LPTerm.m in Sources */ = {isa = PBXBuildFile; fileRef = 0CCB61EA1912CA0000648FCC /* LPTerm.m */; };
		0CCB620E1912CA0000648FCC /* LPTime.m in Sources */ = {isa = PBXBuildFile; fileRef = 0CCB61EC1912CA0000648FCC /* LPTime.m */; };
		0CCB620F1912CA0000648FCC /* LPTransitDetails.m in Sources */ = {isa = PBXBuildFile; fileRef = 0CCB61EE1912CA0000648FCC /* LPTransitDetails.m */; };
		0CCB62101912CA0000648FCC /* LPVehicle.m in Sources */ = {isa = PBXBuildFile; fileRef = 0CCB61F01912CA0000648FCC /* LPVehicle.m */; };
		0CCB62111912CA0000648FCC /* LPWaypoint.m in Sources */ = {isa = PBXBuildFile; fileRef = 0CCB61F21912CA0000648FCC /* LPWaypoint.m */; };
		0CCB62341912CA4900648FCC /* LPMainViewController.m in Sources */ = {isa = PBXBuildFile; fileRef = 0CCB62311912CA4900648FCC /* LPMainViewController.m */; };
		0CCB62351912CA4900648FCC /* LPMainViewController.xib in Resources */ = {isa = PBXBuildFile; fileRef = 0CCB62331912CA4900648FCC /* LPMainViewController.xib */; };
		0CCB62371912CA5F00648FCC /* SystemConfiguration.framework in Frameworks */ = {isa = PBXBuildFile; fileRef = 0CCB62361912CA5F00648FCC /* SystemConfiguration.framework */; };
		0CCB62391912CA6300648FCC /* MobileCoreServices.framework in Frameworks */ = {isa = PBXBuildFile; fileRef = 0CCB62381912CA6300648FCC /* MobileCoreServices.framework */; };
		FFBF838D195B115B006A0E0F /* AFHTTPRequestOperation.m in Sources */ = {isa = PBXBuildFile; fileRef = FFBF8369195B115B006A0E0F /* AFHTTPRequestOperation.m */; };
		FFBF838E195B115B006A0E0F /* AFHTTPRequestOperationManager.m in Sources */ = {isa = PBXBuildFile; fileRef = FFBF836B195B115B006A0E0F /* AFHTTPRequestOperationManager.m */; };
		FFBF838F195B115B006A0E0F /* AFHTTPSessionManager.m in Sources */ = {isa = PBXBuildFile; fileRef = FFBF836D195B115B006A0E0F /* AFHTTPSessionManager.m */; };
		FFBF8390195B115B006A0E0F /* AFNetworkReachabilityManager.m in Sources */ = {isa = PBXBuildFile; fileRef = FFBF8370195B115B006A0E0F /* AFNetworkReachabilityManager.m */; };
		FFBF8391195B115B006A0E0F /* AFSecurityPolicy.m in Sources */ = {isa = PBXBuildFile; fileRef = FFBF8372195B115B006A0E0F /* AFSecurityPolicy.m */; };
		FFBF8392195B115B006A0E0F /* AFURLConnectionOperation.m in Sources */ = {isa = PBXBuildFile; fileRef = FFBF8374195B115B006A0E0F /* AFURLConnectionOperation.m */; };
		FFBF8393195B115B006A0E0F /* AFURLRequestSerialization.m in Sources */ = {isa = PBXBuildFile; fileRef = FFBF8376195B115B006A0E0F /* AFURLRequestSerialization.m */; };
		FFBF8394195B115B006A0E0F /* AFURLResponseSerialization.m in Sources */ = {isa = PBXBuildFile; fileRef = FFBF8378195B115B006A0E0F /* AFURLResponseSerialization.m */; };
		FFBF8395195B115B006A0E0F /* AFURLSessionManager.m in Sources */ = {isa = PBXBuildFile; fileRef = FFBF837A195B115B006A0E0F /* AFURLSessionManager.m */; };
		FFBF8396195B115B006A0E0F /* AFNetworkActivityIndicatorManager.m in Sources */ = {isa = PBXBuildFile; fileRef = FFBF837D195B115B006A0E0F /* AFNetworkActivityIndicatorManager.m */; };
		FFBF8397195B115B006A0E0F /* UIActivityIndicatorView+AFNetworking.m in Sources */ = {isa = PBXBuildFile; fileRef = FFBF837F195B115B006A0E0F /* UIActivityIndicatorView+AFNetworking.m */; };
		FFBF8398195B115B006A0E0F /* UIAlertView+AFNetworking.m in Sources */ = {isa = PBXBuildFile; fileRef = FFBF8381195B115B006A0E0F /* UIAlertView+AFNetworking.m */; };
		FFBF8399195B115B006A0E0F /* UIButton+AFNetworking.m in Sources */ = {isa = PBXBuildFile; fileRef = FFBF8383195B115B006A0E0F /* UIButton+AFNetworking.m */; };
		FFBF839A195B115B006A0E0F /* UIImageView+AFNetworking.m in Sources */ = {isa = PBXBuildFile; fileRef = FFBF8385195B115B006A0E0F /* UIImageView+AFNetworking.m */; };
		FFBF839B195B115B006A0E0F /* UIProgressView+AFNetworking.m in Sources */ = {isa = PBXBuildFile; fileRef = FFBF8388195B115B006A0E0F /* UIProgressView+AFNetworking.m */; };
		FFBF839C195B115B006A0E0F /* UIRefreshControl+AFNetworking.m in Sources */ = {isa = PBXBuildFile; fileRef = FFBF838A195B115B006A0E0F /* UIRefreshControl+AFNetworking.m */; };
		FFBF839D195B115B006A0E0F /* UIWebView+AFNetworking.m in Sources */ = {isa = PBXBuildFile; fileRef = FFBF838C195B115B006A0E0F /* UIWebView+AFNetworking.m */; };
/* End PBXBuildFile section */

/* Begin PBXFileReference section */
		0C22085319740DAF00835C45 /* LPDistanceMatrix.h */ = {isa = PBXFileReference; fileEncoding = 4; lastKnownFileType = sourcecode.c.h; path = LPDistanceMatrix.h; sourceTree = "<group>"; };
		0C22085419740DAF00835C45 /* LPDistanceMatrix.m */ = {isa = PBXFileReference; fileEncoding = 4; lastKnownFileType = sourcecode.c.objc; path = LPDistanceMatrix.m; sourceTree = "<group>"; };
		0C22085519740DAF00835C45 /* LPDistanceMatrixElement.h */ = {isa = PBXFileReference; fileEncoding = 4; lastKnownFileType = sourcecode.c.h; path = LPDistanceMatrixElement.h; sourceTree = "<group>"; };
		0C22085619740DAF00835C45 /* LPDistanceMatrixElement.m */ = {isa = PBXFileReference; fileEncoding = 4; lastKnownFileType = sourcecode.c.objc; path = LPDistanceMatrixElement.m; sourceTree = "<group>"; };
		0CCB617C1912C9C900648FCC /* LPSpeakService.app */ = {isa = PBXFileReference; explicitFileType = wrapper.application; includeInIndex = 0; path = LPSpeakService.app; sourceTree = BUILT_PRODUCTS_DIR; };
		0CCB617F1912C9C900648FCC /* Foundation.framework */ = {isa = PBXFileReference; lastKnownFileType = wrapper.framework; name = Foundation.framework; path = System/Library/Frameworks/Foundation.framework; sourceTree = SDKROOT; };
		0CCB61811912C9C900648FCC /* CoreGraphics.framework */ = {isa = PBXFileReference; lastKnownFileType = wrapper.framework; name = CoreGraphics.framework; path = System/Library/Frameworks/CoreGraphics.framework; sourceTree = SDKROOT; };
		0CCB61831912C9C900648FCC /* UIKit.framework */ = {isa = PBXFileReference; lastKnownFileType = wrapper.framework; name = UIKit.framework; path = System/Library/Frameworks/UIKit.framework; sourceTree = SDKROOT; };
		0CCB61871912C9C900648FCC /* LPSpeakService-Info.plist */ = {isa = PBXFileReference; lastKnownFileType = text.plist.xml; path = "LPSpeakService-Info.plist"; sourceTree = "<group>"; };
		0CCB61891912C9C900648FCC /* en */ = {isa = PBXFileReference; lastKnownFileType = text.plist.strings; name = en; path = en.lproj/InfoPlist.strings; sourceTree = "<group>"; };
		0CCB618B1912C9C900648FCC /* main.m */ = {isa = PBXFileReference; lastKnownFileType = sourcecode.c.objc; path = main.m; sourceTree = "<group>"; };
		0CCB618D1912C9C900648FCC /* LPSpeakService-Prefix.pch */ = {isa = PBXFileReference; lastKnownFileType = sourcecode.c.h; path = "LPSpeakService-Prefix.pch"; sourceTree = "<group>"; };
		0CCB61911912C9C900648FCC /* Images.xcassets */ = {isa = PBXFileReference; lastKnownFileType = folder.assetcatalog; path = Images.xcassets; sourceTree = "<group>"; };
		0CCB61981912C9C900648FCC /* XCTest.framework */ = {isa = PBXFileReference; lastKnownFileType = wrapper.framework; name = XCTest.framework; path = Library/Frameworks/XCTest.framework; sourceTree = DEVELOPER_DIR; };
		0CCB61AF1912C9F200648FCC /* LPAppDelegate.h */ = {isa = PBXFileReference; fileEncoding = 4; lastKnownFileType = sourcecode.c.h; path = LPAppDelegate.h; sourceTree = "<group>"; };
		0CCB61B01912C9F200648FCC /* LPAppDelegate.m */ = {isa = PBXFileReference; fileEncoding = 4; lastKnownFileType = sourcecode.c.objc; path = LPAppDelegate.m; sourceTree = "<group>"; };
		0CCB61B41912CA0000648FCC /* LPGoogleFunctions.h */ = {isa = PBXFileReference; fileEncoding = 4; lastKnownFileType = sourcecode.c.h; path = LPGoogleFunctions.h; sourceTree = "<group>"; };
		0CCB61B51912CA0000648FCC /* LPGoogleFunctions.m */ = {isa = PBXFileReference; fileEncoding = 4; lastKnownFileType = sourcecode.c.objc; path = LPGoogleFunctions.m; sourceTree = "<group>"; };
		0CCB61B71912CA0000648FCC /* LPAddressComponent.h */ = {isa = PBXFileReference; fileEncoding = 4; lastKnownFileType = sourcecode.c.h; path = LPAddressComponent.h; sourceTree = "<group>"; };
		0CCB61B81912CA0000648FCC /* LPAddressComponent.m */ = {isa = PBXFileReference; fileEncoding = 4; lastKnownFileType = sourcecode.c.objc; path = LPAddressComponent.m; sourceTree = "<group>"; };
		0CCB61B91912CA0000648FCC /* LPAgencie.h */ = {isa = PBXFileReference; fileEncoding = 4; lastKnownFileType = sourcecode.c.h; path = LPAgencie.h; sourceTree = "<group>"; };
		0CCB61BA1912CA0000648FCC /* LPAgencie.m */ = {isa = PBXFileReference; fileEncoding = 4; lastKnownFileType = sourcecode.c.objc; path = LPAgencie.m; sourceTree = "<group>"; };
		0CCB61BB1912CA0000648FCC /* LPBounds.h */ = {isa = PBXFileReference; fileEncoding = 4; lastKnownFileType = sourcecode.c.h; path = LPBounds.h; sourceTree = "<group>"; };
		0CCB61BC1912CA0000648FCC /* LPBounds.m */ = {isa = PBXFileReference; fileEncoding = 4; lastKnownFileType = sourcecode.c.objc; path = LPBounds.m; sourceTree = "<group>"; };
		0CCB61BD1912CA0000648FCC /* LPDirections.h */ = {isa = PBXFileReference; fileEncoding = 4; lastKnownFileType = sourcecode.c.h; path = LPDirections.h; sourceTree = "<group>"; };
		0CCB61BE1912CA0000648FCC /* LPDirections.m */ = {isa = PBXFileReference; fileEncoding = 4; lastKnownFileType = sourcecode.c.objc; path = LPDirections.m; sourceTree = "<group>"; };
		0CCB61BF1912CA0000648FCC /* LPDistance.h */ = {isa = PBXFileReference; fileEncoding = 4; lastKnownFileType = sourcecode.c.h; path = LPDistance.h; sourceTree = "<group>"; };
		0CCB61C01912CA0000648FCC /* LPDistance.m */ = {isa = PBXFileReference; fileEncoding = 4; lastKnownFileType = sourcecode.c.objc; path = LPDistance.m; sourceTree = "<group>"; };
		0CCB61C11912CA0000648FCC /* LPDuration.h */ = {isa = PBXFileReference; fileEncoding = 4; lastKnownFileType = sourcecode.c.h; path = LPDuration.h; sourceTree = "<group>"; };
		0CCB61C21912CA0000648FCC /* LPDuration.m */ = {isa = PBXFileReference; fileEncoding = 4; lastKnownFileType = sourcecode.c.objc; path = LPDuration.m; sourceTree = "<group>"; };
		0CCB61C31912CA0000648FCC /* LPEvent.h */ = {isa = PBXFileReference; fileEncoding = 4; lastKnownFileType = sourcecode.c.h; path = LPEvent.h; sourceTree = "<group>"; };
		0CCB61C41912CA0000648FCC /* LPEvent.m */ = {isa = PBXFileReference; fileEncoding = 4; lastKnownFileType = sourcecode.c.objc; path = LPEvent.m; sourceTree = "<group>"; };
		0CCB61C51912CA0000648FCC /* LPGeocodingFilter.h */ = {isa = PBXFileReference; fileEncoding = 4; lastKnownFileType = sourcecode.c.h; path = LPGeocodingFilter.h; sourceTree = "<group>"; };
		0CCB61C61912CA0000648FCC /* LPGeocodingFilter.m */ = {isa = PBXFileReference; fileEncoding = 4; lastKnownFileType = sourcecode.c.objc; path = LPGeocodingFilter.m; sourceTree = "<group>"; };
		0CCB61C71912CA0000648FCC /* LPGeocodingResults.h */ = {isa = PBXFileReference; fileEncoding = 4; lastKnownFileType = sourcecode.c.h; path = LPGeocodingResults.h; sourceTree = "<group>"; };
		0CCB61C81912CA0000648FCC /* LPGeocodingResults.m */ = {isa = PBXFileReference; fileEncoding = 4; lastKnownFileType = sourcecode.c.objc; path = LPGeocodingResults.m; sourceTree = "<group>"; };
		0CCB61C91912CA0000648FCC /* LPGeometry.h */ = {isa = PBXFileReference; fileEncoding = 4; lastKnownFileType = sourcecode.c.h; path = LPGeometry.h; sourceTree = "<group>"; };
		0CCB61CA1912CA0000648FCC /* LPGeometry.m */ = {isa = PBXFileReference; fileEncoding = 4; lastKnownFileType = sourcecode.c.objc; path = LPGeometry.m; sourceTree = "<group>"; };
		0CCB61CB1912CA0000648FCC /* LPLeg.h */ = {isa = PBXFileReference; fileEncoding = 4; lastKnownFileType = sourcecode.c.h; path = LPLeg.h; sourceTree = "<group>"; };
		0CCB61CC1912CA0000648FCC /* LPLeg.m */ = {isa = PBXFileReference; fileEncoding = 4; lastKnownFileType = sourcecode.c.objc; path = LPLeg.m; sourceTree = "<group>"; };
		0CCB61CD1912CA0000648FCC /* LPLine.h */ = {isa = PBXFileReference; fileEncoding = 4; lastKnownFileType = sourcecode.c.h; path = LPLine.h; sourceTree = "<group>"; };
		0CCB61CE1912CA0000648FCC /* LPLine.m */ = {isa = PBXFileReference; fileEncoding = 4; lastKnownFileType = sourcecode.c.objc; path = LPLine.m; sourceTree = "<group>"; };
		0CCB61CF1912CA0000648FCC /* LPLocation.h */ = {isa = PBXFileReference; fileEncoding = 4; lastKnownFileType = sourcecode.c.h; path = LPLocation.h; sourceTree = "<group>"; };
		0CCB61D01912CA0000648FCC /* LPLocation.m */ = {isa = PBXFileReference; fileEncoding = 4; lastKnownFileType = sourcecode.c.objc; path = LPLocation.m; sourceTree = "<group>"; };
		0CCB61D11912CA0000648FCC /* LPMapImageMarker.h */ = {isa = PBXFileReference; fileEncoding = 4; lastKnownFileType = sourcecode.c.h; path = LPMapImageMarker.h; sourceTree = "<group>"; };
		0CCB61D21912CA0000648FCC /* LPMapImageMarker.m */ = {isa = PBXFileReference; fileEncoding = 4; lastKnownFileType = sourcecode.c.objc; path = LPMapImageMarker.m; sourceTree = "<group>"; };
		0CCB61D31912CA0000648FCC /* LPMatchedSubstring.h */ = {isa = PBXFileReference; fileEncoding = 4; lastKnownFileType = sourcecode.c.h; path = LPMatchedSubstring.h; sourceTree = "<group>"; };
		0CCB61D41912CA0000648FCC /* LPMatchedSubstring.m */ = {isa = PBXFileReference; fileEncoding = 4; lastKnownFileType = sourcecode.c.objc; path = LPMatchedSubstring.m; sourceTree = "<group>"; };
		0CCB61D51912CA0000648FCC /* LPPlaceDetails.h */ = {isa = PBXFileReference; fileEncoding = 4; lastKnownFileType = sourcecode.c.h; path = LPPlaceDetails.h; sourceTree = "<group>"; };
		0CCB61D61912CA0000648FCC /* LPPlaceDetails.m */ = {isa = PBXFileReference; fileEncoding = 4; lastKnownFileType = sourcecode.c.objc; path = LPPlaceDetails.m; sourceTree = "<group>"; };
		0CCB61D71912CA0000648FCC /* LPPlaceDetailsResults.h */ = {isa = PBXFileReference; fileEncoding = 4; lastKnownFileType = sourcecode.c.h; path = LPPlaceDetailsResults.h; sourceTree = "<group>"; };
		0CCB61D81912CA0000648FCC /* LPPlaceDetailsResults.m */ = {isa = PBXFileReference; fileEncoding = 4; lastKnownFileType = sourcecode.c.objc; path = LPPlaceDetailsResults.m; sourceTree = "<group>"; };
		0CCB61D91912CA0000648FCC /* LPPlacePhoto.h */ = {isa = PBXFileReference; fileEncoding = 4; lastKnownFileType = sourcecode.c.h; path = LPPlacePhoto.h; sourceTree = "<group>"; };
		0CCB61DA1912CA0000648FCC /* LPPlacePhoto.m */ = {isa = PBXFileReference; fileEncoding = 4; lastKnownFileType = sourcecode.c.objc; path = LPPlacePhoto.m; sourceTree = "<group>"; };
		0CCB61DB1912CA0000648FCC /* LPPlacesAutocomplete.h */ = {isa = PBXFileReference; fileEncoding = 4; lastKnownFileType = sourcecode.c.h; path = LPPlacesAutocomplete.h; sourceTree = "<group>"; };
		0CCB61DC1912CA0000648FCC /* LPPlacesAutocomplete.m */ = {isa = PBXFileReference; fileEncoding = 4; lastKnownFileType = sourcecode.c.objc; path = LPPlacesAutocomplete.m; sourceTree = "<group>"; };
		0CCB61DD1912CA0000648FCC /* LPPlaceSearchResults.h */ = {isa = PBXFileReference; fileEncoding = 4; lastKnownFileType = sourcecode.c.h; path = LPPlaceSearchResults.h; sourceTree = "<group>"; };
		0CCB61DE1912CA0000648FCC /* LPPlaceSearchResults.m */ = {isa = PBXFileReference; fileEncoding = 4; lastKnownFileType = sourcecode.c.objc; path = LPPlaceSearchResults.m; sourceTree = "<group>"; };
		0CCB61DF1912CA0000648FCC /* LPPolyline.h */ = {isa = PBXFileReference; fileEncoding = 4; lastKnownFileType = sourcecode.c.h; path = LPPolyline.h; sourceTree = "<group>"; };
		0CCB61E01912CA0000648FCC /* LPPolyline.m */ = {isa = PBXFileReference; fileEncoding = 4; lastKnownFileType = sourcecode.c.objc; path = LPPolyline.m; sourceTree = "<group>"; };
		0CCB61E11912CA0000648FCC /* LPPrediction.h */ = {isa = PBXFileReference; fileEncoding = 4; lastKnownFileType = sourcecode.c.h; path = LPPrediction.h; sourceTree = "<group>"; };
		0CCB61E21912CA0000648FCC /* LPPrediction.m */ = {isa = PBXFileReference; fileEncoding = 4; lastKnownFileType = sourcecode.c.objc; path = LPPrediction.m; sourceTree = "<group>"; };
		0CCB61E31912CA0000648FCC /* LPRoute.h */ = {isa = PBXFileReference; fileEncoding = 4; lastKnownFileType = sourcecode.c.h; path = LPRoute.h; sourceTree = "<group>"; };
		0CCB61E41912CA0000648FCC /* LPRoute.m */ = {isa = PBXFileReference; fileEncoding = 4; lastKnownFileType = sourcecode.c.objc; path = LPRoute.m; sourceTree = "<group>"; };
		0CCB61E51912CA0000648FCC /* LPStep.h */ = {isa = PBXFileReference; fileEncoding = 4; lastKnownFileType = sourcecode.c.h; path = LPStep.h; sourceTree = "<group>"; };
		0CCB61E61912CA0000648FCC /* LPStep.m */ = {isa = PBXFileReference; fileEncoding = 4; lastKnownFileType = sourcecode.c.objc; path = LPStep.m; sourceTree = "<group>"; };
		0CCB61E71912CA0000648FCC /* LPStop.h */ = {isa = PBXFileReference; fileEncoding = 4; lastKnownFileType = sourcecode.c.h; path = LPStop.h; sourceTree = "<group>"; };
		0CCB61E81912CA0000648FCC /* LPStop.m */ = {isa = PBXFileReference; fileEncoding = 4; lastKnownFileType = sourcecode.c.objc; path = LPStop.m; sourceTree = "<group>"; };
		0CCB61E91912CA0000648FCC /* LPTerm.h */ = {isa = PBXFileReference; fileEncoding = 4; lastKnownFileType = sourcecode.c.h; path = LPTerm.h; sourceTree = "<group>"; };
		0CCB61EA1912CA0000648FCC /* LPTerm.m */ = {isa = PBXFileReference; fileEncoding = 4; lastKnownFileType = sourcecode.c.objc; path = LPTerm.m; sourceTree = "<group>"; };
		0CCB61EB1912CA0000648FCC /* LPTime.h */ = {isa = PBXFileReference; fileEncoding = 4; lastKnownFileType = sourcecode.c.h; path = LPTime.h; sourceTree = "<group>"; };
		0CCB61EC1912CA0000648FCC /* LPTime.m */ = {isa = PBXFileReference; fileEncoding = 4; lastKnownFileType = sourcecode.c.objc; path = LPTime.m; sourceTree = "<group>"; };
		0CCB61ED1912CA0000648FCC /* LPTransitDetails.h */ = {isa = PBXFileReference; fileEncoding = 4; lastKnownFileType = sourcecode.c.h; path = LPTransitDetails.h; sourceTree = "<group>"; };
		0CCB61EE1912CA0000648FCC /* LPTransitDetails.m */ = {isa = PBXFileReference; fileEncoding = 4; lastKnownFileType = sourcecode.c.objc; path = LPTransitDetails.m; sourceTree = "<group>"; };
		0CCB61EF1912CA0000648FCC /* LPVehicle.h */ = {isa = PBXFileReference; fileEncoding = 4; lastKnownFileType = sourcecode.c.h; path = LPVehicle.h; sourceTree = "<group>"; };
		0CCB61F01912CA0000648FCC /* LPVehicle.m */ = {isa = PBXFileReference; fileEncoding = 4; lastKnownFileType = sourcecode.c.objc; path = LPVehicle.m; sourceTree = "<group>"; };
		0CCB61F11912CA0000648FCC /* LPWaypoint.h */ = {isa = PBXFileReference; fileEncoding = 4; lastKnownFileType = sourcecode.c.h; path = LPWaypoint.h; sourceTree = "<group>"; };
		0CCB61F21912CA0000648FCC /* LPWaypoint.m */ = {isa = PBXFileReference; fileEncoding = 4; lastKnownFileType = sourcecode.c.objc; path = LPWaypoint.m; sourceTree = "<group>"; };
		0CCB62301912CA4900648FCC /* LPMainViewController.h */ = {isa = PBXFileReference; fileEncoding = 4; lastKnownFileType = sourcecode.c.h; path = LPMainViewController.h; sourceTree = "<group>"; };
		0CCB62311912CA4900648FCC /* LPMainViewController.m */ = {isa = PBXFileReference; fileEncoding = 4; lastKnownFileType = sourcecode.c.objc; path = LPMainViewController.m; sourceTree = "<group>"; };
		0CCB62331912CA4900648FCC /* LPMainViewController.xib */ = {isa = PBXFileReference; fileEncoding = 4; lastKnownFileType = file.xib; path = LPMainViewController.xib; sourceTree = "<group>"; };
		0CCB62361912CA5F00648FCC /* SystemConfiguration.framework */ = {isa = PBXFileReference; lastKnownFileType = wrapper.framework; name = SystemConfiguration.framework; path = System/Library/Frameworks/SystemConfiguration.framework; sourceTree = SDKROOT; };
		0CCB62381912CA6300648FCC /* MobileCoreServices.framework */ = {isa = PBXFileReference; lastKnownFileType = wrapper.framework; name = MobileCoreServices.framework; path = System/Library/Frameworks/MobileCoreServices.framework; sourceTree = SDKROOT; };
		FFBF8368195B115B006A0E0F /* AFHTTPRequestOperation.h */ = {isa = PBXFileReference; fileEncoding = 4; lastKnownFileType = sourcecode.c.h; path = AFHTTPRequestOperation.h; sourceTree = "<group>"; };
		FFBF8369195B115B006A0E0F /* AFHTTPRequestOperation.m */ = {isa = PBXFileReference; fileEncoding = 4; lastKnownFileType = sourcecode.c.objc; path = AFHTTPRequestOperation.m; sourceTree = "<group>"; };
		FFBF836A195B115B006A0E0F /* AFHTTPRequestOperationManager.h */ = {isa = PBXFileReference; fileEncoding = 4; lastKnownFileType = sourcecode.c.h; path = AFHTTPRequestOperationManager.h; sourceTree = "<group>"; };
		FFBF836B195B115B006A0E0F /* AFHTTPRequestOperationManager.m */ = {isa = PBXFileReference; fileEncoding = 4; lastKnownFileType = sourcecode.c.objc; path = AFHTTPRequestOperationManager.m; sourceTree = "<group>"; };
		FFBF836C195B115B006A0E0F /* AFHTTPSessionManager.h */ = {isa = PBXFileReference; fileEncoding = 4; lastKnownFileType = sourcecode.c.h; path = AFHTTPSessionManager.h; sourceTree = "<group>"; };
		FFBF836D195B115B006A0E0F /* AFHTTPSessionManager.m */ = {isa = PBXFileReference; fileEncoding = 4; lastKnownFileType = sourcecode.c.objc; path = AFHTTPSessionManager.m; sourceTree = "<group>"; };
		FFBF836E195B115B006A0E0F /* AFNetworking.h */ = {isa = PBXFileReference; fileEncoding = 4; lastKnownFileType = sourcecode.c.h; path = AFNetworking.h; sourceTree = "<group>"; };
		FFBF836F195B115B006A0E0F /* AFNetworkReachabilityManager.h */ = {isa = PBXFileReference; fileEncoding = 4; lastKnownFileType = sourcecode.c.h; path = AFNetworkReachabilityManager.h; sourceTree = "<group>"; };
		FFBF8370195B115B006A0E0F /* AFNetworkReachabilityManager.m */ = {isa = PBXFileReference; fileEncoding = 4; lastKnownFileType = sourcecode.c.objc; path = AFNetworkReachabilityManager.m; sourceTree = "<group>"; };
		FFBF8371195B115B006A0E0F /* AFSecurityPolicy.h */ = {isa = PBXFileReference; fileEncoding = 4; lastKnownFileType = sourcecode.c.h; path = AFSecurityPolicy.h; sourceTree = "<group>"; };
		FFBF8372195B115B006A0E0F /* AFSecurityPolicy.m */ = {isa = PBXFileReference; fileEncoding = 4; lastKnownFileType = sourcecode.c.objc; path = AFSecurityPolicy.m; sourceTree = "<group>"; };
		FFBF8373195B115B006A0E0F /* AFURLConnectionOperation.h */ = {isa = PBXFileReference; fileEncoding = 4; lastKnownFileType = sourcecode.c.h; path = AFURLConnectionOperation.h; sourceTree = "<group>"; };
		FFBF8374195B115B006A0E0F /* AFURLConnectionOperation.m */ = {isa = PBXFileReference; fileEncoding = 4; lastKnownFileType = sourcecode.c.objc; path = AFURLConnectionOperation.m; sourceTree = "<group>"; };
		FFBF8375195B115B006A0E0F /* AFURLRequestSerialization.h */ = {isa = PBXFileReference; fileEncoding = 4; lastKnownFileType = sourcecode.c.h; path = AFURLRequestSerialization.h; sourceTree = "<group>"; };
		FFBF8376195B115B006A0E0F /* AFURLRequestSerialization.m */ = {isa = PBXFileReference; fileEncoding = 4; lastKnownFileType = sourcecode.c.objc; path = AFURLRequestSerialization.m; sourceTree = "<group>"; };
		FFBF8377195B115B006A0E0F /* AFURLResponseSerialization.h */ = {isa = PBXFileReference; fileEncoding = 4; lastKnownFileType = sourcecode.c.h; path = AFURLResponseSerialization.h; sourceTree = "<group>"; };
		FFBF8378195B115B006A0E0F /* AFURLResponseSerialization.m */ = {isa = PBXFileReference; fileEncoding = 4; lastKnownFileType = sourcecode.c.objc; path = AFURLResponseSerialization.m; sourceTree = "<group>"; };
		FFBF8379195B115B006A0E0F /* AFURLSessionManager.h */ = {isa = PBXFileReference; fileEncoding = 4; lastKnownFileType = sourcecode.c.h; path = AFURLSessionManager.h; sourceTree = "<group>"; };
		FFBF837A195B115B006A0E0F /* AFURLSessionManager.m */ = {isa = PBXFileReference; fileEncoding = 4; lastKnownFileType = sourcecode.c.objc; path = AFURLSessionManager.m; sourceTree = "<group>"; };
		FFBF837C195B115B006A0E0F /* AFNetworkActivityIndicatorManager.h */ = {isa = PBXFileReference; fileEncoding = 4; lastKnownFileType = sourcecode.c.h; path = AFNetworkActivityIndicatorManager.h; sourceTree = "<group>"; };
		FFBF837D195B115B006A0E0F /* AFNetworkActivityIndicatorManager.m */ = {isa = PBXFileReference; fileEncoding = 4; lastKnownFileType = sourcecode.c.objc; path = AFNetworkActivityIndicatorManager.m; sourceTree = "<group>"; };
		FFBF837E195B115B006A0E0F /* UIActivityIndicatorView+AFNetworking.h */ = {isa = PBXFileReference; fileEncoding = 4; lastKnownFileType = sourcecode.c.h; path = "UIActivityIndicatorView+AFNetworking.h"; sourceTree = "<group>"; };
		FFBF837F195B115B006A0E0F /* UIActivityIndicatorView+AFNetworking.m */ = {isa = PBXFileReference; fileEncoding = 4; lastKnownFileType = sourcecode.c.objc; path = "UIActivityIndicatorView+AFNetworking.m"; sourceTree = "<group>"; };
		FFBF8380195B115B006A0E0F /* UIAlertView+AFNetworking.h */ = {isa = PBXFileReference; fileEncoding = 4; lastKnownFileType = sourcecode.c.h; path = "UIAlertView+AFNetworking.h"; sourceTree = "<group>"; };
		FFBF8381195B115B006A0E0F /* UIAlertView+AFNetworking.m */ = {isa = PBXFileReference; fileEncoding = 4; lastKnownFileType = sourcecode.c.objc; path = "UIAlertView+AFNetworking.m"; sourceTree = "<group>"; };
		FFBF8382195B115B006A0E0F /* UIButton+AFNetworking.h */ = {isa = PBXFileReference; fileEncoding = 4; lastKnownFileType = sourcecode.c.h; path = "UIButton+AFNetworking.h"; sourceTree = "<group>"; };
		FFBF8383195B115B006A0E0F /* UIButton+AFNetworking.m */ = {isa = PBXFileReference; fileEncoding = 4; lastKnownFileType = sourcecode.c.objc; path = "UIButton+AFNetworking.m"; sourceTree = "<group>"; };
		FFBF8384195B115B006A0E0F /* UIImageView+AFNetworking.h */ = {isa = PBXFileReference; fileEncoding = 4; lastKnownFileType = sourcecode.c.h; path = "UIImageView+AFNetworking.h"; sourceTree = "<group>"; };
		FFBF8385195B115B006A0E0F /* UIImageView+AFNetworking.m */ = {isa = PBXFileReference; fileEncoding = 4; lastKnownFileType = sourcecode.c.objc; path = "UIImageView+AFNetworking.m"; sourceTree = "<group>"; };
		FFBF8386195B115B006A0E0F /* UIKit+AFNetworking.h */ = {isa = PBXFileReference; fileEncoding = 4; lastKnownFileType = sourcecode.c.h; path = "UIKit+AFNetworking.h"; sourceTree = "<group>"; };
		FFBF8387195B115B006A0E0F /* UIProgressView+AFNetworking.h */ = {isa = PBXFileReference; fileEncoding = 4; lastKnownFileType = sourcecode.c.h; path = "UIProgressView+AFNetworking.h"; sourceTree = "<group>"; };
		FFBF8388195B115B006A0E0F /* UIProgressView+AFNetworking.m */ = {isa = PBXFileReference; fileEncoding = 4; lastKnownFileType = sourcecode.c.objc; path = "UIProgressView+AFNetworking.m"; sourceTree = "<group>"; };
		FFBF8389195B115B006A0E0F /* UIRefreshControl+AFNetworking.h */ = {isa = PBXFileReference; fileEncoding = 4; lastKnownFileType = sourcecode.c.h; path = "UIRefreshControl+AFNetworking.h"; sourceTree = "<group>"; };
		FFBF838A195B115B006A0E0F /* UIRefreshControl+AFNetworking.m */ = {isa = PBXFileReference; fileEncoding = 4; lastKnownFileType = sourcecode.c.objc; path = "UIRefreshControl+AFNetworking.m"; sourceTree = "<group>"; };
		FFBF838B195B115B006A0E0F /* UIWebView+AFNetworking.h */ = {isa = PBXFileReference; fileEncoding = 4; lastKnownFileType = sourcecode.c.h; path = "UIWebView+AFNetworking.h"; sourceTree = "<group>"; };
		FFBF838C195B115B006A0E0F /* UIWebView+AFNetworking.m */ = {isa = PBXFileReference; fileEncoding = 4; lastKnownFileType = sourcecode.c.objc; path = "UIWebView+AFNetworking.m"; sourceTree = "<group>"; };
/* End PBXFileReference section */

/* Begin PBXFrameworksBuildPhase section */
		0CCB61791912C9C900648FCC /* Frameworks */ = {
			isa = PBXFrameworksBuildPhase;
			buildActionMask = 2147483647;
			files = (
				0CCB62391912CA6300648FCC /* MobileCoreServices.framework in Frameworks */,
				0CCB62371912CA5F00648FCC /* SystemConfiguration.framework in Frameworks */,
				0CCB61821912C9C900648FCC /* CoreGraphics.framework in Frameworks */,
				0CCB61841912C9C900648FCC /* UIKit.framework in Frameworks */,
				0CCB61801912C9C900648FCC /* Foundation.framework in Frameworks */,
			);
			runOnlyForDeploymentPostprocessing = 0;
		};
/* End PBXFrameworksBuildPhase section */

/* Begin PBXGroup section */
		0CCB61731912C9C900648FCC = {
			isa = PBXGroup;
			children = (
				0CCB61851912C9C900648FCC /* LPSpeakService */,
				0CCB617E1912C9C900648FCC /* Frameworks */,
				0CCB617D1912C9C900648FCC /* Products */,
			);
			sourceTree = "<group>";
		};
		0CCB617D1912C9C900648FCC /* Products */ = {
			isa = PBXGroup;
			children = (
				0CCB617C1912C9C900648FCC /* LPSpeakService.app */,
			);
			name = Products;
			sourceTree = "<group>";
		};
		0CCB617E1912C9C900648FCC /* Frameworks */ = {
			isa = PBXGroup;
			children = (
				0CCB62381912CA6300648FCC /* MobileCoreServices.framework */,
				0CCB62361912CA5F00648FCC /* SystemConfiguration.framework */,
				0CCB617F1912C9C900648FCC /* Foundation.framework */,
				0CCB61811912C9C900648FCC /* CoreGraphics.framework */,
				0CCB61831912C9C900648FCC /* UIKit.framework */,
				0CCB61981912C9C900648FCC /* XCTest.framework */,
			);
			name = Frameworks;
			sourceTree = "<group>";
		};
		0CCB61851912C9C900648FCC /* LPSpeakService */ = {
			isa = PBXGroup;
			children = (
				0CCB61911912C9C900648FCC /* Images.xcassets */,
				0CCB61AE1912C9F200648FCC /* Application */,
				0CCB622F1912CA4900648FCC /* Classes */,
				0CCB62321912CA4900648FCC /* Views */,
				0CCB61B21912C9F500648FCC /* Libraries */,
				0CCB61861912C9C900648FCC /* Supporting Files */,
			);
			path = LPSpeakService;
			sourceTree = "<group>";
		};
		0CCB61861912C9C900648FCC /* Supporting Files */ = {
			isa = PBXGroup;
			children = (
				0CCB61871912C9C900648FCC /* LPSpeakService-Info.plist */,
				0CCB61881912C9C900648FCC /* InfoPlist.strings */,
				0CCB618B1912C9C900648FCC /* main.m */,
				0CCB618D1912C9C900648FCC /* LPSpeakService-Prefix.pch */,
			);
			name = "Supporting Files";
			sourceTree = "<group>";
		};
		0CCB61AE1912C9F200648FCC /* Application */ = {
			isa = PBXGroup;
			children = (
				0CCB61AF1912C9F200648FCC /* LPAppDelegate.h */,
				0CCB61B01912C9F200648FCC /* LPAppDelegate.m */,
			);
			path = Application;
			sourceTree = "<group>";
		};
		0CCB61B21912C9F500648FCC /* Libraries */ = {
			isa = PBXGroup;
			children = (
				FFBF8366195B115B006A0E0F /* AFNetworking */,
				0CCB61B31912CA0000648FCC /* LPGoogleFunctions */,
			);
			name = Libraries;
			sourceTree = "<group>";
		};
		0CCB61B31912CA0000648FCC /* LPGoogleFunctions */ = {
			isa = PBXGroup;
			children = (
				0CCB61B41912CA0000648FCC /* LPGoogleFunctions.h */,
				0CCB61B51912CA0000648FCC /* LPGoogleFunctions.m */,
				0CCB61B61912CA0000648FCC /* LPGoogleObjects */,
			);
			name = LPGoogleFunctions;
			path = ../../../LPGoogleFunctions;
			sourceTree = "<group>";
		};
		0CCB61B61912CA0000648FCC /* LPGoogleObjects */ = {
			isa = PBXGroup;
			children = (
				0C22085319740DAF00835C45 /* LPDistanceMatrix.h */,
				0C22085419740DAF00835C45 /* LPDistanceMatrix.m */,
				0C22085519740DAF00835C45 /* LPDistanceMatrixElement.h */,
				0C22085619740DAF00835C45 /* LPDistanceMatrixElement.m */,
				0CCB61B71912CA0000648FCC /* LPAddressComponent.h */,
				0CCB61B81912CA0000648FCC /* LPAddressComponent.m */,
				0CCB61B91912CA0000648FCC /* LPAgencie.h */,
				0CCB61BA1912CA0000648FCC /* LPAgencie.m */,
				0CCB61BB1912CA0000648FCC /* LPBounds.h */,
				0CCB61BC1912CA0000648FCC /* LPBounds.m */,
				0CCB61BD1912CA0000648FCC /* LPDirections.h */,
				0CCB61BE1912CA0000648FCC /* LPDirections.m */,
				0CCB61BF1912CA0000648FCC /* LPDistance.h */,
				0CCB61C01912CA0000648FCC /* LPDistance.m */,
				0CCB61C11912CA0000648FCC /* LPDuration.h */,
				0CCB61C21912CA0000648FCC /* LPDuration.m */,
				0CCB61C31912CA0000648FCC /* LPEvent.h */,
				0CCB61C41912CA0000648FCC /* LPEvent.m */,
				0CCB61C51912CA0000648FCC /* LPGeocodingFilter.h */,
				0CCB61C61912CA0000648FCC /* LPGeocodingFilter.m */,
				0CCB61C71912CA0000648FCC /* LPGeocodingResults.h */,
				0CCB61C81912CA0000648FCC /* LPGeocodingResults.m */,
				0CCB61C91912CA0000648FCC /* LPGeometry.h */,
				0CCB61CA1912CA0000648FCC /* LPGeometry.m */,
				0CCB61CB1912CA0000648FCC /* LPLeg.h */,
				0CCB61CC1912CA0000648FCC /* LPLeg.m */,
				0CCB61CD1912CA0000648FCC /* LPLine.h */,
				0CCB61CE1912CA0000648FCC /* LPLine.m */,
				0CCB61CF1912CA0000648FCC /* LPLocation.h */,
				0CCB61D01912CA0000648FCC /* LPLocation.m */,
				0CCB61D11912CA0000648FCC /* LPMapImageMarker.h */,
				0CCB61D21912CA0000648FCC /* LPMapImageMarker.m */,
				0CCB61D31912CA0000648FCC /* LPMatchedSubstring.h */,
				0CCB61D41912CA0000648FCC /* LPMatchedSubstring.m */,
				0CCB61D51912CA0000648FCC /* LPPlaceDetails.h */,
				0CCB61D61912CA0000648FCC /* LPPlaceDetails.m */,
				0CCB61D71912CA0000648FCC /* LPPlaceDetailsResults.h */,
				0CCB61D81912CA0000648FCC /* LPPlaceDetailsResults.m */,
				0CCB61D91912CA0000648FCC /* LPPlacePhoto.h */,
				0CCB61DA1912CA0000648FCC /* LPPlacePhoto.m */,
				0CCB61DB1912CA0000648FCC /* LPPlacesAutocomplete.h */,
				0CCB61DC1912CA0000648FCC /* LPPlacesAutocomplete.m */,
				0CCB61DD1912CA0000648FCC /* LPPlaceSearchResults.h */,
				0CCB61DE1912CA0000648FCC /* LPPlaceSearchResults.m */,
				0CCB61DF1912CA0000648FCC /* LPPolyline.h */,
				0CCB61E01912CA0000648FCC /* LPPolyline.m */,
				0CCB61E11912CA0000648FCC /* LPPrediction.h */,
				0CCB61E21912CA0000648FCC /* LPPrediction.m */,
				0CCB61E31912CA0000648FCC /* LPRoute.h */,
				0CCB61E41912CA0000648FCC /* LPRoute.m */,
				0CCB61E51912CA0000648FCC /* LPStep.h */,
				0CCB61E61912CA0000648FCC /* LPStep.m */,
				0CCB61E71912CA0000648FCC /* LPStop.h */,
				0CCB61E81912CA0000648FCC /* LPStop.m */,
				0CCB61E91912CA0000648FCC /* LPTerm.h */,
				0CCB61EA1912CA0000648FCC /* LPTerm.m */,
				0CCB61EB1912CA0000648FCC /* LPTime.h */,
				0CCB61EC1912CA0000648FCC /* LPTime.m */,
				0CCB61ED1912CA0000648FCC /* LPTransitDetails.h */,
				0CCB61EE1912CA0000648FCC /* LPTransitDetails.m */,
				0CCB61EF1912CA0000648FCC /* LPVehicle.h */,
				0CCB61F01912CA0000648FCC /* LPVehicle.m */,
				0CCB61F11912CA0000648FCC /* LPWaypoint.h */,
				0CCB61F21912CA0000648FCC /* LPWaypoint.m */,
			);
			path = LPGoogleObjects;
			sourceTree = "<group>";
		};
		0CCB622F1912CA4900648FCC /* Classes */ = {
			isa = PBXGroup;
			children = (
				0CCB62301912CA4900648FCC /* LPMainViewController.h */,
				0CCB62311912CA4900648FCC /* LPMainViewController.m */,
			);
			path = Classes;
			sourceTree = "<group>";
		};
		0CCB62321912CA4900648FCC /* Views */ = {
			isa = PBXGroup;
			children = (
				0CCB62331912CA4900648FCC /* LPMainViewController.xib */,
			);
			path = Views;
			sourceTree = "<group>";
		};
		FFBF8366195B115B006A0E0F /* AFNetworking */ = {
			isa = PBXGroup;
			children = (
				FFBF8367195B115B006A0E0F /* AFNetworking */,
				FFBF837B195B115B006A0E0F /* UIKit+AFNetworking */,
			);
			name = AFNetworking;
			path = ../../AFNetworking;
			sourceTree = "<group>";
		};
		FFBF8367195B115B006A0E0F /* AFNetworking */ = {
			isa = PBXGroup;
			children = (
				FFBF8368195B115B006A0E0F /* AFHTTPRequestOperation.h */,
				FFBF8369195B115B006A0E0F /* AFHTTPRequestOperation.m */,
				FFBF836A195B115B006A0E0F /* AFHTTPRequestOperationManager.h */,
				FFBF836B195B115B006A0E0F /* AFHTTPRequestOperationManager.m */,
				FFBF836C195B115B006A0E0F /* AFHTTPSessionManager.h */,
				FFBF836D195B115B006A0E0F /* AFHTTPSessionManager.m */,
				FFBF836E195B115B006A0E0F /* AFNetworking.h */,
				FFBF836F195B115B006A0E0F /* AFNetworkReachabilityManager.h */,
				FFBF8370195B115B006A0E0F /* AFNetworkReachabilityManager.m */,
				FFBF8371195B115B006A0E0F /* AFSecurityPolicy.h */,
				FFBF8372195B115B006A0E0F /* AFSecurityPolicy.m */,
				FFBF8373195B115B006A0E0F /* AFURLConnectionOperation.h */,
				FFBF8374195B115B006A0E0F /* AFURLConnectionOperation.m */,
				FFBF8375195B115B006A0E0F /* AFURLRequestSerialization.h */,
				FFBF8376195B115B006A0E0F /* AFURLRequestSerialization.m */,
				FFBF8377195B115B006A0E0F /* AFURLResponseSerialization.h */,
				FFBF8378195B115B006A0E0F /* AFURLResponseSerialization.m */,
				FFBF8379195B115B006A0E0F /* AFURLSessionManager.h */,
				FFBF837A195B115B006A0E0F /* AFURLSessionManager.m */,
			);
			path = AFNetworking;
			sourceTree = "<group>";
		};
		FFBF837B195B115B006A0E0F /* UIKit+AFNetworking */ = {
			isa = PBXGroup;
			children = (
				FFBF837C195B115B006A0E0F /* AFNetworkActivityIndicatorManager.h */,
				FFBF837D195B115B006A0E0F /* AFNetworkActivityIndicatorManager.m */,
				FFBF837E195B115B006A0E0F /* UIActivityIndicatorView+AFNetworking.h */,
				FFBF837F195B115B006A0E0F /* UIActivityIndicatorView+AFNetworking.m */,
				FFBF8380195B115B006A0E0F /* UIAlertView+AFNetworking.h */,
				FFBF8381195B115B006A0E0F /* UIAlertView+AFNetworking.m */,
				FFBF8382195B115B006A0E0F /* UIButton+AFNetworking.h */,
				FFBF8383195B115B006A0E0F /* UIButton+AFNetworking.m */,
				FFBF8384195B115B006A0E0F /* UIImageView+AFNetworking.h */,
				FFBF8385195B115B006A0E0F /* UIImageView+AFNetworking.m */,
				FFBF8386195B115B006A0E0F /* UIKit+AFNetworking.h */,
				FFBF8387195B115B006A0E0F /* UIProgressView+AFNetworking.h */,
				FFBF8388195B115B006A0E0F /* UIProgressView+AFNetworking.m */,
				FFBF8389195B115B006A0E0F /* UIRefreshControl+AFNetworking.h */,
				FFBF838A195B115B006A0E0F /* UIRefreshControl+AFNetworking.m */,
				FFBF838B195B115B006A0E0F /* UIWebView+AFNetworking.h */,
				FFBF838C195B115B006A0E0F /* UIWebView+AFNetworking.m */,
			);
			path = "UIKit+AFNetworking";
			sourceTree = "<group>";
		};
/* End PBXGroup section */

/* Begin PBXNativeTarget section */
		0CCB617B1912C9C900648FCC /* LPSpeakService */ = {
			isa = PBXNativeTarget;
			buildConfigurationList = 0CCB61A81912C9C900648FCC /* Build configuration list for PBXNativeTarget "LPSpeakService" */;
			buildPhases = (
				0CCB61781912C9C900648FCC /* Sources */,
				0CCB61791912C9C900648FCC /* Frameworks */,
				0CCB617A1912C9C900648FCC /* Resources */,
			);
			buildRules = (
			);
			dependencies = (
			);
			name = LPSpeakService;
			productName = LPSpeakService;
			productReference = 0CCB617C1912C9C900648FCC /* LPSpeakService.app */;
			productType = "com.apple.product-type.application";
		};
/* End PBXNativeTarget section */

/* Begin PBXProject section */
		0CCB61741912C9C900648FCC /* Project object */ = {
			isa = PBXProject;
			attributes = {
				CLASSPREFIX = LP;
				LastUpgradeCheck = 0510;
				ORGANIZATIONNAME = "Luka Penger";
				TargetAttributes = {
					0CCB617B1912C9C900648FCC = {
						DevelopmentTeam = VD448M8BPE;
					};
				};
			};
			buildConfigurationList = 0CCB61771912C9C900648FCC /* Build configuration list for PBXProject "LPSpeakService" */;
			compatibilityVersion = "Xcode 3.2";
			developmentRegion = English;
			hasScannedForEncodings = 0;
			knownRegions = (
				en,
			);
			mainGroup = 0CCB61731912C9C900648FCC;
			productRefGroup = 0CCB617D1912C9C900648FCC /* Products */;
			projectDirPath = "";
			projectRoot = "";
			targets = (
				0CCB617B1912C9C900648FCC /* LPSpeakService */,
			);
		};
/* End PBXProject section */

/* Begin PBXResourcesBuildPhase section */
		0CCB617A1912C9C900648FCC /* Resources */ = {
			isa = PBXResourcesBuildPhase;
			buildActionMask = 2147483647;
			files = (
				0CCB618A1912C9C900648FCC /* InfoPlist.strings in Resources */,
				0CCB62351912CA4900648FCC /* LPMainViewController.xib in Resources */,
				0CCB61921912C9C900648FCC /* Images.xcassets in Resources */,
			);
			runOnlyForDeploymentPostprocessing = 0;
		};
/* End PBXResourcesBuildPhase section */

/* Begin PBXSourcesBuildPhase section */
		0CCB61781912C9C900648FCC /* Sources */ = {
			isa = PBXSourcesBuildPhase;
			buildActionMask = 2147483647;
			files = (
				0CCB61FA1912CA0000648FCC /* LPEvent.m in Sources */,
				0CCB61F51912CA0000648FCC /* LPAgencie.m in Sources */,
				0CCB62101912CA0000648FCC /* LPVehicle.m in Sources */,
				FFBF8393195B115B006A0E0F /* AFURLRequestSerialization.m in Sources */,
				FFBF8396195B115B006A0E0F /* AFNetworkActivityIndicatorManager.m in Sources */,
				0CCB62031912CA0000648FCC /* LPPlaceDetails.m in Sources */,
				FFBF8397195B115B006A0E0F /* UIActivityIndicatorView+AFNetworking.m in Sources */,
				0C22085819740DAF00835C45 /* LPDistanceMatrixElement.m in Sources */,
				FFBF839B195B115B006A0E0F /* UIProgressView+AFNetworking.m in Sources */,
				0CCB61F71912CA0000648FCC /* LPDirections.m in Sources */,
				0C22085719740DAF00835C45 /* LPDistanceMatrix.m in Sources */,
				0CCB62071912CA0000648FCC /* LPPlaceSearchResults.m in Sources */,
				0CCB61F41912CA0000648FCC /* LPAddressComponent.m in Sources */,
				0CCB62111912CA0000648FCC /* LPWaypoint.m in Sources */,
				0CCB62011912CA0000648FCC /* LPMapImageMarker.m in Sources */,
				0CCB61FC1912CA0000648FCC /* LPGeocodingResults.m in Sources */,
				0CCB62061912CA0000648FCC /* LPPlacesAutocomplete.m in Sources */,
				0CCB620C1912CA0000648FCC /* LPStop.m in Sources */,
				0CCB620B1912CA0000648FCC /* LPStep.m in Sources */,
				0CCB62041912CA0000648FCC /* LPPlaceDetailsResults.m in Sources */,
				0CCB62341912CA4900648FCC /* LPMainViewController.m in Sources */,
				0CCB61F61912CA0000648FCC /* LPBounds.m in Sources */,
				0CCB61B11912C9F200648FCC /* LPAppDelegate.m in Sources */,
				0CCB61FD1912CA0000648FCC /* LPGeometry.m in Sources */,
				FFBF839C195B115B006A0E0F /* UIRefreshControl+AFNetworking.m in Sources */,
				0CCB61FE1912CA0000648FCC /* LPLeg.m in Sources */,
				FFBF8398195B115B006A0E0F /* UIAlertView+AFNetworking.m in Sources */,
				0CCB62021912CA0000648FCC /* LPMatchedSubstring.m in Sources */,
				FFBF8399195B115B006A0E0F /* UIButton+AFNetworking.m in Sources */,
				0CCB620F1912CA0000648FCC /* LPTransitDetails.m in Sources */,
				0CCB618C1912C9C900648FCC /* main.m in Sources */,
				FFBF8391195B115B006A0E0F /* AFSecurityPolicy.m in Sources */,
				FFBF8395195B115B006A0E0F /* AFURLSessionManager.m in Sources */,
				0CCB61F81912CA0000648FCC /* LPDistance.m in Sources */,
				FFBF8392195B115B006A0E0F /* AFURLConnectionOperation.m in Sources */,
				0CCB62051912CA0000648FCC /* LPPlacePhoto.m in Sources */,
				FFBF8390195B115B006A0E0F /* AFNetworkReachabilityManager.m in Sources */,
				0CCB62091912CA0000648FCC /* LPPrediction.m in Sources */,
				0CCB61F31912CA0000648FCC /* LPGoogleFunctions.m in Sources */,
				FFBF838E195B115B006A0E0F /* AFHTTPRequestOperationManager.m in Sources */,
				0CCB620D1912CA0000648FCC /* LPTerm.m in Sources */,
				FFBF838D195B115B006A0E0F /* AFHTTPRequestOperation.m in Sources */,
				0CCB62001912CA0000648FCC /* LPLocation.m in Sources */,
				0CCB61FB1912CA0000648FCC /* LPGeocodingFilter.m in Sources */,
				0CCB61F91912CA0000648FCC /* LPDuration.m in Sources */,
				0CCB620A1912CA0000648FCC /* LPRoute.m in Sources */,
				FFBF839D195B115B006A0E0F /* UIWebView+AFNetworking.m in Sources */,
				0CCB61FF1912CA0000648FCC /* LPLine.m in Sources */,
				FFBF839A195B115B006A0E0F /* UIImageView+AFNetworking.m in Sources */,
				0CCB620E1912CA0000648FCC /* LPTime.m in Sources */,
				FFBF838F195B115B006A0E0F /* AFHTTPSessionManager.m in Sources */,
				FFBF8394195B115B006A0E0F /* AFURLResponseSerialization.m in Sources */,
				0CCB62081912CA0000648FCC /* LPPolyline.m in Sources */,
			);
			runOnlyForDeploymentPostprocessing = 0;
		};
/* End PBXSourcesBuildPhase section */

/* Begin PBXVariantGroup section */
		0CCB61881912C9C900648FCC /* InfoPlist.strings */ = {
			isa = PBXVariantGroup;
			children = (
				0CCB61891912C9C900648FCC /* en */,
			);
			name = InfoPlist.strings;
			sourceTree = "<group>";
		};
/* End PBXVariantGroup section */

/* Begin XCBuildConfiguration section */
		0CCB61A61912C9C900648FCC /* Debug */ = {
			isa = XCBuildConfiguration;
			buildSettings = {
				ALWAYS_SEARCH_USER_PATHS = NO;
				CLANG_CXX_LANGUAGE_STANDARD = "gnu++0x";
				CLANG_CXX_LIBRARY = "libc++";
				CLANG_ENABLE_MODULES = YES;
				CLANG_ENABLE_OBJC_ARC = YES;
				CLANG_WARN_BOOL_CONVERSION = YES;
				CLANG_WARN_CONSTANT_CONVERSION = YES;
				CLANG_WARN_DIRECT_OBJC_ISA_USAGE = YES_ERROR;
				CLANG_WARN_EMPTY_BODY = YES;
				CLANG_WARN_ENUM_CONVERSION = YES;
				CLANG_WARN_INT_CONVERSION = YES;
				CLANG_WARN_OBJC_ROOT_CLASS = YES_ERROR;
				CLANG_WARN__DUPLICATE_METHOD_MATCH = YES;
				"CODE_SIGN_IDENTITY[sdk=iphoneos*]" = "iPhone Developer";
				COPY_PHASE_STRIP = NO;
				GCC_C_LANGUAGE_STANDARD = gnu99;
				GCC_DYNAMIC_NO_PIC = NO;
				GCC_OPTIMIZATION_LEVEL = 0;
				GCC_PREPROCESSOR_DEFINITIONS = (
					"DEBUG=1",
					"$(inherited)",
				);
				GCC_SYMBOLS_PRIVATE_EXTERN = NO;
				GCC_WARN_64_TO_32_BIT_CONVERSION = YES;
				GCC_WARN_ABOUT_RETURN_TYPE = YES_ERROR;
				GCC_WARN_UNDECLARED_SELECTOR = YES;
				GCC_WARN_UNINITIALIZED_AUTOS = YES_AGGRESSIVE;
				GCC_WARN_UNUSED_FUNCTION = YES;
				GCC_WARN_UNUSED_VARIABLE = YES;
				IPHONEOS_DEPLOYMENT_TARGET = 7.1;
				ONLY_ACTIVE_ARCH = YES;
				SDKROOT = iphoneos;
			};
			name = Debug;
		};
		0CCB61A71912C9C900648FCC /* Release */ = {
			isa = XCBuildConfiguration;
			buildSettings = {
				ALWAYS_SEARCH_USER_PATHS = NO;
				CLANG_CXX_LANGUAGE_STANDARD = "gnu++0x";
				CLANG_CXX_LIBRARY = "libc++";
				CLANG_ENABLE_MODULES = YES;
				CLANG_ENABLE_OBJC_ARC = YES;
				CLANG_WARN_BOOL_CONVERSION = YES;
				CLANG_WARN_CONSTANT_CONVERSION = YES;
				CLANG_WARN_DIRECT_OBJC_ISA_USAGE = YES_ERROR;
				CLANG_WARN_EMPTY_BODY = YES;
				CLANG_WARN_ENUM_CONVERSION = YES;
				CLANG_WARN_INT_CONVERSION = YES;
				CLANG_WARN_OBJC_ROOT_CLASS = YES_ERROR;
				CLANG_WARN__DUPLICATE_METHOD_MATCH = YES;
				"CODE_SIGN_IDENTITY[sdk=iphoneos*]" = "iPhone Developer";
				COPY_PHASE_STRIP = YES;
				ENABLE_NS_ASSERTIONS = NO;
				GCC_C_LANGUAGE_STANDARD = gnu99;
				GCC_WARN_64_TO_32_BIT_CONVERSION = YES;
				GCC_WARN_ABOUT_RETURN_TYPE = YES_ERROR;
				GCC_WARN_UNDECLARED_SELECTOR = YES;
				GCC_WARN_UNINITIALIZED_AUTOS = YES_AGGRESSIVE;
				GCC_WARN_UNUSED_FUNCTION = YES;
				GCC_WARN_UNUSED_VARIABLE = YES;
				IPHONEOS_DEPLOYMENT_TARGET = 7.1;
				SDKROOT = iphoneos;
				VALIDATE_PRODUCT = YES;
			};
			name = Release;
		};
		0CCB61A91912C9C900648FCC /* Debug */ = {
			isa = XCBuildConfiguration;
			buildSettings = {
				ASSETCATALOG_COMPILER_APPICON_NAME = AppIcon;
				ASSETCATALOG_COMPILER_LAUNCHIMAGE_NAME = LaunchImage;
				CODE_SIGN_IDENTITY = "iPhone Developer";
				GCC_PRECOMPILE_PREFIX_HEADER = YES;
				GCC_PREFIX_HEADER = "LPSpeakService/LPSpeakService-Prefix.pch";
				INFOPLIST_FILE = "LPSpeakService/LPSpeakService-Info.plist";
				PRODUCT_NAME = "$(TARGET_NAME)";
				WRAPPER_EXTENSION = app;
			};
			name = Debug;
		};
		0CCB61AA1912C9C900648FCC /* Release */ = {
			isa = XCBuildConfiguration;
			buildSettings = {
				ASSETCATALOG_COMPILER_APPICON_NAME = AppIcon;
				ASSETCATALOG_COMPILER_LAUNCHIMAGE_NAME = LaunchImage;
				CODE_SIGN_IDENTITY = "iPhone Developer";
				GCC_PRECOMPILE_PREFIX_HEADER = YES;
				GCC_PREFIX_HEADER = "LPSpeakService/LPSpeakService-Prefix.pch";
				INFOPLIST_FILE = "LPSpeakService/LPSpeakService-Info.plist";
				PRODUCT_NAME = "$(TARGET_NAME)";
				WRAPPER_EXTENSION = app;
			};
			name = Release;
		};
/* End XCBuildConfiguration section */

/* Begin XCConfigurationList section */
		0CCB61771912C9C900648FCC /* Build configuration list for PBXProject "LPSpeakService" */ = {
			isa = XCConfigurationList;
			buildConfigurations = (
				0CCB61A61912C9C900648FCC /* Debug */,
				0CCB61A71912C9C900648FCC /* Release */,
			);
			defaultConfigurationIsVisible = 0;
			defaultConfigurationName = Release;
		};
		0CCB61A81912C9C900648FCC /* Build configuration list for PBXNativeTarget "LPSpeakService" */ = {
			isa = XCConfigurationList;
			buildConfigurations = (
				0CCB61A91912C9C900648FCC /* Debug */,
				0CCB61AA1912C9C900648FCC /* Release */,
			);
			defaultConfigurationIsVisible = 0;
			defaultConfigurationName = Release;
		};
/* End XCConfigurationList section */
	};
	rootObject = 0CCB61741912C9C900648FCC /* Project object */;
}
