// !$*UTF8*$!
{
	archiveVersion = 1;
	classes = {
	};
	objectVersion = 46;
	objects = {

/* Begin PBXBuildFile section */
		0C2DD61317C3EC40009408AE /* Foundation.framework in Frameworks */ = {isa = PBXBuildFile; fileRef = 0C2DD61217C3EC40009408AE /* Foundation.framework */; };
		0C2DD61517C3EC40009408AE /* CoreGraphics.framework in Frameworks */ = {isa = PBXBuildFile; fileRef = 0C2DD61417C3EC40009408AE /* CoreGraphics.framework */; };
		0C2DD61717C3EC40009408AE /* UIKit.framework in Frameworks */ = {isa = PBXBuildFile; fileRef = 0C2DD61617C3EC40009408AE /* UIKit.framework */; };
		0C2DD61D17C3EC40009408AE /* InfoPlist.strings in Resources */ = {isa = PBXBuildFile; fileRef = 0C2DD61B17C3EC40009408AE /* InfoPlist.strings */; };
		0C2DD61F17C3EC40009408AE /* main.m in Sources */ = {isa = PBXBuildFile; fileRef = 0C2DD61E17C3EC40009408AE /* main.m */; };
		0C2DD62317C3EC40009408AE /* LPAppDelegate.m in Sources */ = {isa = PBXBuildFile; fileRef = 0C2DD62217C3EC40009408AE /* LPAppDelegate.m */; };
		0C2DD62517C3EC40009408AE /* Images.xcassets in Resources */ = {isa = PBXBuildFile; fileRef = 0C2DD62417C3EC40009408AE /* Images.xcassets */; };
		0C2DD62C17C3EC40009408AE /* XCTest.framework in Frameworks */ = {isa = PBXBuildFile; fileRef = 0C2DD62B17C3EC40009408AE /* XCTest.framework */; };
		0C2DD62D17C3EC40009408AE /* Foundation.framework in Frameworks */ = {isa = PBXBuildFile; fileRef = 0C2DD61217C3EC40009408AE /* Foundation.framework */; };
		0C2DD62E17C3EC40009408AE /* UIKit.framework in Frameworks */ = {isa = PBXBuildFile; fileRef = 0C2DD61617C3EC40009408AE /* UIKit.framework */; };
		0C2DD69817C3EC75009408AE /* LPMainViewController.m in Sources */ = {isa = PBXBuildFile; fileRef = 0C2DD69617C3EC75009408AE /* LPMainViewController.m */; };
		0C2DD69917C3EC75009408AE /* LPMainViewController.xib in Resources */ = {isa = PBXBuildFile; fileRef = 0C2DD69717C3EC75009408AE /* LPMainViewController.xib */; };
		0C2DD69A17C3ECD3009408AE /* LPGoogleFunctions.m in Sources */ = {isa = PBXBuildFile; fileRef = 0C2DD65717C3EC6B009408AE /* LPGoogleFunctions.m */; };
		0C2DD69B17C3ECD7009408AE /* LPAddressComponent.m in Sources */ = {isa = PBXBuildFile; fileRef = 0C2DD65A17C3EC6B009408AE /* LPAddressComponent.m */; };
		0C2DD69C17C3ECD8009408AE /* LPAgencie.m in Sources */ = {isa = PBXBuildFile; fileRef = 0C2DD65C17C3EC6B009408AE /* LPAgencie.m */; };
		0C2DD69D17C3ECDB009408AE /* LPBounds.m in Sources */ = {isa = PBXBuildFile; fileRef = 0C2DD65E17C3EC6B009408AE /* LPBounds.m */; };
		0C2DD69E17C3ECDD009408AE /* LPDirections.m in Sources */ = {isa = PBXBuildFile; fileRef = 0C2DD66017C3EC6B009408AE /* LPDirections.m */; };
		0C2DD69F17C3ECDF009408AE /* LPDistance.m in Sources */ = {isa = PBXBuildFile; fileRef = 0C2DD66217C3EC6B009408AE /* LPDistance.m */; };
		0C2DD6A017C3ECE2009408AE /* LPDuration.m in Sources */ = {isa = PBXBuildFile; fileRef = 0C2DD66417C3EC6B009408AE /* LPDuration.m */; };
		0C2DD6A117C3ECE4009408AE /* LPEvent.m in Sources */ = {isa = PBXBuildFile; fileRef = 0C2DD66617C3EC6B009408AE /* LPEvent.m */; };
		0C2DD6A217C3ECE6009408AE /* LPGeocodingFilter.m in Sources */ = {isa = PBXBuildFile; fileRef = 0C2DD66817C3EC6B009408AE /* LPGeocodingFilter.m */; };
		0C2DD6A317C3ECE8009408AE /* LPGeocodingResults.m in Sources */ = {isa = PBXBuildFile; fileRef = 0C2DD66A17C3EC6B009408AE /* LPGeocodingResults.m */; };
		0C2DD6A417C3ECEA009408AE /* LPGeometry.m in Sources */ = {isa = PBXBuildFile; fileRef = 0C2DD66C17C3EC6B009408AE /* LPGeometry.m */; };
		0C2DD6A517C3ECEC009408AE /* LPLeg.m in Sources */ = {isa = PBXBuildFile; fileRef = 0C2DD66E17C3EC6B009408AE /* LPLeg.m */; };
		0C2DD6A617C3ECEE009408AE /* LPLine.m in Sources */ = {isa = PBXBuildFile; fileRef = 0C2DD67017C3EC6B009408AE /* LPLine.m */; };
		0C2DD6A717C3ECF0009408AE /* LPLocation.m in Sources */ = {isa = PBXBuildFile; fileRef = 0C2DD67217C3EC6B009408AE /* LPLocation.m */; };
		0C2DD6A817C3ECF2009408AE /* LPMapImageMarker.m in Sources */ = {isa = PBXBuildFile; fileRef = 0C2DD67417C3EC6B009408AE /* LPMapImageMarker.m */; };
		0C2DD6A917C3ECF4009408AE /* LPMatchedSubstring.m in Sources */ = {isa = PBXBuildFile; fileRef = 0C2DD67617C3EC6B009408AE /* LPMatchedSubstring.m */; };
		0C2DD6AA17C3ECF6009408AE /* LPPlaceDetails.m in Sources */ = {isa = PBXBuildFile; fileRef = 0C2DD67817C3EC6B009408AE /* LPPlaceDetails.m */; };
		0C2DD6AB17C3ECF8009408AE /* LPPlaceDetailsResults.m in Sources */ = {isa = PBXBuildFile; fileRef = 0C2DD67A17C3EC6B009408AE /* LPPlaceDetailsResults.m */; };
		0C2DD6AC17C3ECFA009408AE /* LPPlacePhoto.m in Sources */ = {isa = PBXBuildFile; fileRef = 0C2DD67C17C3EC6B009408AE /* LPPlacePhoto.m */; };
		0C2DD6AD17C3ECFD009408AE /* LPPlacesAutocomplate.m in Sources */ = {isa = PBXBuildFile; fileRef = 0C2DD67E17C3EC6B009408AE /* LPPlacesAutocomplate.m */; };
		0C2DD6AE17C3ED00009408AE /* LPPlaceSearchResults.m in Sources */ = {isa = PBXBuildFile; fileRef = 0C2DD68017C3EC6B009408AE /* LPPlaceSearchResults.m */; };
		0C2DD6AF17C3ED03009408AE /* LPPolyline.m in Sources */ = {isa = PBXBuildFile; fileRef = 0C2DD68217C3EC6B009408AE /* LPPolyline.m */; };
		0C2DD6B017C3ED05009408AE /* LPPrediction.m in Sources */ = {isa = PBXBuildFile; fileRef = 0C2DD68417C3EC6B009408AE /* LPPrediction.m */; };
		0C2DD6B117C3ED07009408AE /* LPRoute.m in Sources */ = {isa = PBXBuildFile; fileRef = 0C2DD68617C3EC6B009408AE /* LPRoute.m */; };
		0C2DD6B217C3ED09009408AE /* LPStep.m in Sources */ = {isa = PBXBuildFile; fileRef = 0C2DD68817C3EC6B009408AE /* LPStep.m */; };
		0C2DD6B317C3ED0C009408AE /* LPStop.m in Sources */ = {isa = PBXBuildFile; fileRef = 0C2DD68A17C3EC6B009408AE /* LPStop.m */; };
		0C2DD6B417C3ED0F009408AE /* LPTerm.m in Sources */ = {isa = PBXBuildFile; fileRef = 0C2DD68C17C3EC6B009408AE /* LPTerm.m */; };
		0C2DD6B517C3ED11009408AE /* LPTime.m in Sources */ = {isa = PBXBuildFile; fileRef = 0C2DD68E17C3EC6B009408AE /* LPTime.m */; };
		0C2DD6B617C3ED13009408AE /* LPTransitDetails.m in Sources */ = {isa = PBXBuildFile; fileRef = 0C2DD69017C3EC6B009408AE /* LPTransitDetails.m */; };
		0C2DD6B717C3ED15009408AE /* LPVehicle.m in Sources */ = {isa = PBXBuildFile; fileRef = 0C2DD69217C3EC6B009408AE /* LPVehicle.m */; };
		0C2DD6B817C3ED17009408AE /* LPWaypoint.m in Sources */ = {isa = PBXBuildFile; fileRef = 0C2DD69417C3EC6B009408AE /* LPWaypoint.m */; };
		0C2DD6B917C3ED1D009408AE /* AFHTTPClient.m in Sources */ = {isa = PBXBuildFile; fileRef = 0C2DD64317C3EC61009408AE /* AFHTTPClient.m */; };
		0C2DD6BA17C3ED23009408AE /* AFHTTPRequestOperation.m in Sources */ = {isa = PBXBuildFile; fileRef = 0C2DD64517C3EC61009408AE /* AFHTTPRequestOperation.m */; };
		0C2DD6BB17C3ED26009408AE /* AFImageRequestOperation.m in Sources */ = {isa = PBXBuildFile; fileRef = 0C2DD64717C3EC61009408AE /* AFImageRequestOperation.m */; };
		0C2DD6BC17C3ED28009408AE /* AFJSONRequestOperation.m in Sources */ = {isa = PBXBuildFile; fileRef = 0C2DD64917C3EC61009408AE /* AFJSONRequestOperation.m */; };
		0C2DD6BD17C3ED2A009408AE /* AFNetworkActivityIndicatorManager.m in Sources */ = {isa = PBXBuildFile; fileRef = 0C2DD64B17C3EC61009408AE /* AFNetworkActivityIndicatorManager.m */; };
		0C2DD6BE17C3ED2D009408AE /* AFPropertyListRequestOperation.m in Sources */ = {isa = PBXBuildFile; fileRef = 0C2DD64E17C3EC61009408AE /* AFPropertyListRequestOperation.m */; };
		0C2DD6BF17C3ED2F009408AE /* AFURLConnectionOperation.m in Sources */ = {isa = PBXBuildFile; fileRef = 0C2DD65017C3EC61009408AE /* AFURLConnectionOperation.m */; };
		0C2DD6C017C3ED31009408AE /* AFXMLRequestOperation.m in Sources */ = {isa = PBXBuildFile; fileRef = 0C2DD65217C3EC61009408AE /* AFXMLRequestOperation.m */; };
		0C2DD6C117C3ED33009408AE /* UIImageView+AFNetworking.m in Sources */ = {isa = PBXBuildFile; fileRef = 0C2DD65417C3EC61009408AE /* UIImageView+AFNetworking.m */; };
/* End PBXBuildFile section */

/* Begin PBXContainerItemProxy section */
		0C2DD62F17C3EC40009408AE /* PBXContainerItemProxy */ = {
			isa = PBXContainerItemProxy;
			containerPortal = 0C2DD60717C3EC40009408AE /* Project object */;
			proxyType = 1;
			remoteGlobalIDString = 0C2DD60E17C3EC40009408AE;
			remoteInfo = StaticMapImagesService;
		};
/* End PBXContainerItemProxy section */

/* Begin PBXFileReference section */
		0C2DD60F17C3EC40009408AE /* StaticMapImagesService.app */ = {isa = PBXFileReference; explicitFileType = wrapper.application; includeInIndex = 0; path = StaticMapImagesService.app; sourceTree = BUILT_PRODUCTS_DIR; };
		0C2DD61217C3EC40009408AE /* Foundation.framework */ = {isa = PBXFileReference; lastKnownFileType = wrapper.framework; name = Foundation.framework; path = System/Library/Frameworks/Foundation.framework; sourceTree = SDKROOT; };
		0C2DD61417C3EC40009408AE /* CoreGraphics.framework */ = {isa = PBXFileReference; lastKnownFileType = wrapper.framework; name = CoreGraphics.framework; path = System/Library/Frameworks/CoreGraphics.framework; sourceTree = SDKROOT; };
		0C2DD61617C3EC40009408AE /* UIKit.framework */ = {isa = PBXFileReference; lastKnownFileType = wrapper.framework; name = UIKit.framework; path = System/Library/Frameworks/UIKit.framework; sourceTree = SDKROOT; };
		0C2DD61A17C3EC40009408AE /* StaticMapImagesService-Info.plist */ = {isa = PBXFileReference; lastKnownFileType = text.plist.xml; path = "StaticMapImagesService-Info.plist"; sourceTree = "<group>"; };
		0C2DD61C17C3EC40009408AE /* en */ = {isa = PBXFileReference; lastKnownFileType = text.plist.strings; name = en; path = en.lproj/InfoPlist.strings; sourceTree = "<group>"; };
		0C2DD61E17C3EC40009408AE /* main.m */ = {isa = PBXFileReference; lastKnownFileType = sourcecode.c.objc; path = main.m; sourceTree = "<group>"; };
		0C2DD62017C3EC40009408AE /* StaticMapImagesService-Prefix.pch */ = {isa = PBXFileReference; lastKnownFileType = sourcecode.c.h; path = "StaticMapImagesService-Prefix.pch"; sourceTree = "<group>"; };
		0C2DD62117C3EC40009408AE /* LPAppDelegate.h */ = {isa = PBXFileReference; lastKnownFileType = sourcecode.c.h; path = LPAppDelegate.h; sourceTree = "<group>"; };
		0C2DD62217C3EC40009408AE /* LPAppDelegate.m */ = {isa = PBXFileReference; lastKnownFileType = sourcecode.c.objc; path = LPAppDelegate.m; sourceTree = "<group>"; };
		0C2DD62417C3EC40009408AE /* Images.xcassets */ = {isa = PBXFileReference; lastKnownFileType = folder.assetcatalog; path = Images.xcassets; sourceTree = "<group>"; };
		0C2DD62A17C3EC40009408AE /* StaticMapImagesServiceTests.xctest */ = {isa = PBXFileReference; explicitFileType = wrapper.cfbundle; includeInIndex = 0; path = StaticMapImagesServiceTests.xctest; sourceTree = BUILT_PRODUCTS_DIR; };
		0C2DD62B17C3EC40009408AE /* XCTest.framework */ = {isa = PBXFileReference; lastKnownFileType = wrapper.framework; name = XCTest.framework; path = Library/Frameworks/XCTest.framework; sourceTree = DEVELOPER_DIR; };
		0C2DD64217C3EC61009408AE /* AFHTTPClient.h */ = {isa = PBXFileReference; lastKnownFileType = sourcecode.c.h; path = AFHTTPClient.h; sourceTree = "<group>"; };
		0C2DD64317C3EC61009408AE /* AFHTTPClient.m */ = {isa = PBXFileReference; lastKnownFileType = sourcecode.c.objc; path = AFHTTPClient.m; sourceTree = "<group>"; };
		0C2DD64417C3EC61009408AE /* AFHTTPRequestOperation.h */ = {isa = PBXFileReference; lastKnownFileType = sourcecode.c.h; path = AFHTTPRequestOperation.h; sourceTree = "<group>"; };
		0C2DD64517C3EC61009408AE /* AFHTTPRequestOperation.m */ = {isa = PBXFileReference; lastKnownFileType = sourcecode.c.objc; path = AFHTTPRequestOperation.m; sourceTree = "<group>"; };
		0C2DD64617C3EC61009408AE /* AFImageRequestOperation.h */ = {isa = PBXFileReference; lastKnownFileType = sourcecode.c.h; path = AFImageRequestOperation.h; sourceTree = "<group>"; };
		0C2DD64717C3EC61009408AE /* AFImageRequestOperation.m */ = {isa = PBXFileReference; lastKnownFileType = sourcecode.c.objc; path = AFImageRequestOperation.m; sourceTree = "<group>"; };
		0C2DD64817C3EC61009408AE /* AFJSONRequestOperation.h */ = {isa = PBXFileReference; lastKnownFileType = sourcecode.c.h; path = AFJSONRequestOperation.h; sourceTree = "<group>"; };
		0C2DD64917C3EC61009408AE /* AFJSONRequestOperation.m */ = {isa = PBXFileReference; lastKnownFileType = sourcecode.c.objc; path = AFJSONRequestOperation.m; sourceTree = "<group>"; };
		0C2DD64A17C3EC61009408AE /* AFNetworkActivityIndicatorManager.h */ = {isa = PBXFileReference; lastKnownFileType = sourcecode.c.h; path = AFNetworkActivityIndicatorManager.h; sourceTree = "<group>"; };
		0C2DD64B17C3EC61009408AE /* AFNetworkActivityIndicatorManager.m */ = {isa = PBXFileReference; lastKnownFileType = sourcecode.c.objc; path = AFNetworkActivityIndicatorManager.m; sourceTree = "<group>"; };
		0C2DD64C17C3EC61009408AE /* AFNetworking.h */ = {isa = PBXFileReference; lastKnownFileType = sourcecode.c.h; path = AFNetworking.h; sourceTree = "<group>"; };
		0C2DD64D17C3EC61009408AE /* AFPropertyListRequestOperation.h */ = {isa = PBXFileReference; lastKnownFileType = sourcecode.c.h; path = AFPropertyListRequestOperation.h; sourceTree = "<group>"; };
		0C2DD64E17C3EC61009408AE /* AFPropertyListRequestOperation.m */ = {isa = PBXFileReference; lastKnownFileType = sourcecode.c.objc; path = AFPropertyListRequestOperation.m; sourceTree = "<group>"; };
		0C2DD64F17C3EC61009408AE /* AFURLConnectionOperation.h */ = {isa = PBXFileReference; lastKnownFileType = sourcecode.c.h; path = AFURLConnectionOperation.h; sourceTree = "<group>"; };
		0C2DD65017C3EC61009408AE /* AFURLConnectionOperation.m */ = {isa = PBXFileReference; lastKnownFileType = sourcecode.c.objc; path = AFURLConnectionOperation.m; sourceTree = "<group>"; };
		0C2DD65117C3EC61009408AE /* AFXMLRequestOperation.h */ = {isa = PBXFileReference; lastKnownFileType = sourcecode.c.h; path = AFXMLRequestOperation.h; sourceTree = "<group>"; };
		0C2DD65217C3EC61009408AE /* AFXMLRequestOperation.m */ = {isa = PBXFileReference; lastKnownFileType = sourcecode.c.objc; path = AFXMLRequestOperation.m; sourceTree = "<group>"; };
		0C2DD65317C3EC61009408AE /* UIImageView+AFNetworking.h */ = {isa = PBXFileReference; lastKnownFileType = sourcecode.c.h; path = "UIImageView+AFNetworking.h"; sourceTree = "<group>"; };
		0C2DD65417C3EC61009408AE /* UIImageView+AFNetworking.m */ = {isa = PBXFileReference; lastKnownFileType = sourcecode.c.objc; path = "UIImageView+AFNetworking.m"; sourceTree = "<group>"; };
		0C2DD65617C3EC6B009408AE /* LPGoogleFunctions.h */ = {isa = PBXFileReference; lastKnownFileType = sourcecode.c.h; path = LPGoogleFunctions.h; sourceTree = "<group>"; };
		0C2DD65717C3EC6B009408AE /* LPGoogleFunctions.m */ = {isa = PBXFileReference; lastKnownFileType = sourcecode.c.objc; path = LPGoogleFunctions.m; sourceTree = "<group>"; };
		0C2DD65917C3EC6B009408AE /* LPAddressComponent.h */ = {isa = PBXFileReference; lastKnownFileType = sourcecode.c.h; path = LPAddressComponent.h; sourceTree = "<group>"; };
		0C2DD65A17C3EC6B009408AE /* LPAddressComponent.m */ = {isa = PBXFileReference; lastKnownFileType = sourcecode.c.objc; path = LPAddressComponent.m; sourceTree = "<group>"; };
		0C2DD65B17C3EC6B009408AE /* LPAgencie.h */ = {isa = PBXFileReference; lastKnownFileType = sourcecode.c.h; path = LPAgencie.h; sourceTree = "<group>"; };
		0C2DD65C17C3EC6B009408AE /* LPAgencie.m */ = {isa = PBXFileReference; lastKnownFileType = sourcecode.c.objc; path = LPAgencie.m; sourceTree = "<group>"; };
		0C2DD65D17C3EC6B009408AE /* LPBounds.h */ = {isa = PBXFileReference; lastKnownFileType = sourcecode.c.h; path = LPBounds.h; sourceTree = "<group>"; };
		0C2DD65E17C3EC6B009408AE /* LPBounds.m */ = {isa = PBXFileReference; lastKnownFileType = sourcecode.c.objc; path = LPBounds.m; sourceTree = "<group>"; };
		0C2DD65F17C3EC6B009408AE /* LPDirections.h */ = {isa = PBXFileReference; lastKnownFileType = sourcecode.c.h; path = LPDirections.h; sourceTree = "<group>"; };
		0C2DD66017C3EC6B009408AE /* LPDirections.m */ = {isa = PBXFileReference; lastKnownFileType = sourcecode.c.objc; path = LPDirections.m; sourceTree = "<group>"; };
		0C2DD66117C3EC6B009408AE /* LPDistance.h */ = {isa = PBXFileReference; lastKnownFileType = sourcecode.c.h; path = LPDistance.h; sourceTree = "<group>"; };
		0C2DD66217C3EC6B009408AE /* LPDistance.m */ = {isa = PBXFileReference; lastKnownFileType = sourcecode.c.objc; path = LPDistance.m; sourceTree = "<group>"; };
		0C2DD66317C3EC6B009408AE /* LPDuration.h */ = {isa = PBXFileReference; lastKnownFileType = sourcecode.c.h; path = LPDuration.h; sourceTree = "<group>"; };
		0C2DD66417C3EC6B009408AE /* LPDuration.m */ = {isa = PBXFileReference; lastKnownFileType = sourcecode.c.objc; path = LPDuration.m; sourceTree = "<group>"; };
		0C2DD66517C3EC6B009408AE /* LPEvent.h */ = {isa = PBXFileReference; lastKnownFileType = sourcecode.c.h; path = LPEvent.h; sourceTree = "<group>"; };
		0C2DD66617C3EC6B009408AE /* LPEvent.m */ = {isa = PBXFileReference; lastKnownFileType = sourcecode.c.objc; path = LPEvent.m; sourceTree = "<group>"; };
		0C2DD66717C3EC6B009408AE /* LPGeocodingFilter.h */ = {isa = PBXFileReference; lastKnownFileType = sourcecode.c.h; path = LPGeocodingFilter.h; sourceTree = "<group>"; };
		0C2DD66817C3EC6B009408AE /* LPGeocodingFilter.m */ = {isa = PBXFileReference; lastKnownFileType = sourcecode.c.objc; path = LPGeocodingFilter.m; sourceTree = "<group>"; };
		0C2DD66917C3EC6B009408AE /* LPGeocodingResults.h */ = {isa = PBXFileReference; lastKnownFileType = sourcecode.c.h; path = LPGeocodingResults.h; sourceTree = "<group>"; };
		0C2DD66A17C3EC6B009408AE /* LPGeocodingResults.m */ = {isa = PBXFileReference; lastKnownFileType = sourcecode.c.objc; path = LPGeocodingResults.m; sourceTree = "<group>"; };
		0C2DD66B17C3EC6B009408AE /* LPGeometry.h */ = {isa = PBXFileReference; lastKnownFileType = sourcecode.c.h; path = LPGeometry.h; sourceTree = "<group>"; };
		0C2DD66C17C3EC6B009408AE /* LPGeometry.m */ = {isa = PBXFileReference; lastKnownFileType = sourcecode.c.objc; path = LPGeometry.m; sourceTree = "<group>"; };
		0C2DD66D17C3EC6B009408AE /* LPLeg.h */ = {isa = PBXFileReference; lastKnownFileType = sourcecode.c.h; path = LPLeg.h; sourceTree = "<group>"; };
		0C2DD66E17C3EC6B009408AE /* LPLeg.m */ = {isa = PBXFileReference; lastKnownFileType = sourcecode.c.objc; path = LPLeg.m; sourceTree = "<group>"; };
		0C2DD66F17C3EC6B009408AE /* LPLine.h */ = {isa = PBXFileReference; lastKnownFileType = sourcecode.c.h; path = LPLine.h; sourceTree = "<group>"; };
		0C2DD67017C3EC6B009408AE /* LPLine.m */ = {isa = PBXFileReference; lastKnownFileType = sourcecode.c.objc; path = LPLine.m; sourceTree = "<group>"; };
		0C2DD67117C3EC6B009408AE /* LPLocation.h */ = {isa = PBXFileReference; lastKnownFileType = sourcecode.c.h; path = LPLocation.h; sourceTree = "<group>"; };
		0C2DD67217C3EC6B009408AE /* LPLocation.m */ = {isa = PBXFileReference; lastKnownFileType = sourcecode.c.objc; path = LPLocation.m; sourceTree = "<group>"; };
		0C2DD67317C3EC6B009408AE /* LPMapImageMarker.h */ = {isa = PBXFileReference; lastKnownFileType = sourcecode.c.h; path = LPMapImageMarker.h; sourceTree = "<group>"; };
		0C2DD67417C3EC6B009408AE /* LPMapImageMarker.m */ = {isa = PBXFileReference; lastKnownFileType = sourcecode.c.objc; path = LPMapImageMarker.m; sourceTree = "<group>"; };
		0C2DD67517C3EC6B009408AE /* LPMatchedSubstring.h */ = {isa = PBXFileReference; lastKnownFileType = sourcecode.c.h; path = LPMatchedSubstring.h; sourceTree = "<group>"; };
		0C2DD67617C3EC6B009408AE /* LPMatchedSubstring.m */ = {isa = PBXFileReference; lastKnownFileType = sourcecode.c.objc; path = LPMatchedSubstring.m; sourceTree = "<group>"; };
		0C2DD67717C3EC6B009408AE /* LPPlaceDetails.h */ = {isa = PBXFileReference; lastKnownFileType = sourcecode.c.h; path = LPPlaceDetails.h; sourceTree = "<group>"; };
		0C2DD67817C3EC6B009408AE /* LPPlaceDetails.m */ = {isa = PBXFileReference; lastKnownFileType = sourcecode.c.objc; path = LPPlaceDetails.m; sourceTree = "<group>"; };
		0C2DD67917C3EC6B009408AE /* LPPlaceDetailsResults.h */ = {isa = PBXFileReference; lastKnownFileType = sourcecode.c.h; path = LPPlaceDetailsResults.h; sourceTree = "<group>"; };
		0C2DD67A17C3EC6B009408AE /* LPPlaceDetailsResults.m */ = {isa = PBXFileReference; lastKnownFileType = sourcecode.c.objc; path = LPPlaceDetailsResults.m; sourceTree = "<group>"; };
		0C2DD67B17C3EC6B009408AE /* LPPlacePhoto.h */ = {isa = PBXFileReference; lastKnownFileType = sourcecode.c.h; path = LPPlacePhoto.h; sourceTree = "<group>"; };
		0C2DD67C17C3EC6B009408AE /* LPPlacePhoto.m */ = {isa = PBXFileReference; lastKnownFileType = sourcecode.c.objc; path = LPPlacePhoto.m; sourceTree = "<group>"; };
		0C2DD67D17C3EC6B009408AE /* LPPlacesAutocomplate.h */ = {isa = PBXFileReference; lastKnownFileType = sourcecode.c.h; path = LPPlacesAutocomplate.h; sourceTree = "<group>"; };
		0C2DD67E17C3EC6B009408AE /* LPPlacesAutocomplate.m */ = {isa = PBXFileReference; lastKnownFileType = sourcecode.c.objc; path = LPPlacesAutocomplate.m; sourceTree = "<group>"; };
		0C2DD67F17C3EC6B009408AE /* LPPlaceSearchResults.h */ = {isa = PBXFileReference; lastKnownFileType = sourcecode.c.h; path = LPPlaceSearchResults.h; sourceTree = "<group>"; };
		0C2DD68017C3EC6B009408AE /* LPPlaceSearchResults.m */ = {isa = PBXFileReference; lastKnownFileType = sourcecode.c.objc; path = LPPlaceSearchResults.m; sourceTree = "<group>"; };
		0C2DD68117C3EC6B009408AE /* LPPolyline.h */ = {isa = PBXFileReference; lastKnownFileType = sourcecode.c.h; path = LPPolyline.h; sourceTree = "<group>"; };
		0C2DD68217C3EC6B009408AE /* LPPolyline.m */ = {isa = PBXFileReference; lastKnownFileType = sourcecode.c.objc; path = LPPolyline.m; sourceTree = "<group>"; };
		0C2DD68317C3EC6B009408AE /* LPPrediction.h */ = {isa = PBXFileReference; lastKnownFileType = sourcecode.c.h; path = LPPrediction.h; sourceTree = "<group>"; };
		0C2DD68417C3EC6B009408AE /* LPPrediction.m */ = {isa = PBXFileReference; lastKnownFileType = sourcecode.c.objc; path = LPPrediction.m; sourceTree = "<group>"; };
		0C2DD68517C3EC6B009408AE /* LPRoute.h */ = {isa = PBXFileReference; lastKnownFileType = sourcecode.c.h; path = LPRoute.h; sourceTree = "<group>"; };
		0C2DD68617C3EC6B009408AE /* LPRoute.m */ = {isa = PBXFileReference; lastKnownFileType = sourcecode.c.objc; path = LPRoute.m; sourceTree = "<group>"; };
		0C2DD68717C3EC6B009408AE /* LPStep.h */ = {isa = PBXFileReference; lastKnownFileType = sourcecode.c.h; path = LPStep.h; sourceTree = "<group>"; };
		0C2DD68817C3EC6B009408AE /* LPStep.m */ = {isa = PBXFileReference; lastKnownFileType = sourcecode.c.objc; path = LPStep.m; sourceTree = "<group>"; };
		0C2DD68917C3EC6B009408AE /* LPStop.h */ = {isa = PBXFileReference; lastKnownFileType = sourcecode.c.h; path = LPStop.h; sourceTree = "<group>"; };
		0C2DD68A17C3EC6B009408AE /* LPStop.m */ = {isa = PBXFileReference; lastKnownFileType = sourcecode.c.objc; path = LPStop.m; sourceTree = "<group>"; };
		0C2DD68B17C3EC6B009408AE /* LPTerm.h */ = {isa = PBXFileReference; lastKnownFileType = sourcecode.c.h; path = LPTerm.h; sourceTree = "<group>"; };
		0C2DD68C17C3EC6B009408AE /* LPTerm.m */ = {isa = PBXFileReference; lastKnownFileType = sourcecode.c.objc; path = LPTerm.m; sourceTree = "<group>"; };
		0C2DD68D17C3EC6B009408AE /* LPTime.h */ = {isa = PBXFileReference; lastKnownFileType = sourcecode.c.h; path = LPTime.h; sourceTree = "<group>"; };
		0C2DD68E17C3EC6B009408AE /* LPTime.m */ = {isa = PBXFileReference; lastKnownFileType = sourcecode.c.objc; path = LPTime.m; sourceTree = "<group>"; };
		0C2DD68F17C3EC6B009408AE /* LPTransitDetails.h */ = {isa = PBXFileReference; lastKnownFileType = sourcecode.c.h; path = LPTransitDetails.h; sourceTree = "<group>"; };
		0C2DD69017C3EC6B009408AE /* LPTransitDetails.m */ = {isa = PBXFileReference; lastKnownFileType = sourcecode.c.objc; path = LPTransitDetails.m; sourceTree = "<group>"; };
		0C2DD69117C3EC6B009408AE /* LPVehicle.h */ = {isa = PBXFileReference; lastKnownFileType = sourcecode.c.h; path = LPVehicle.h; sourceTree = "<group>"; };
		0C2DD69217C3EC6B009408AE /* LPVehicle.m */ = {isa = PBXFileReference; lastKnownFileType = sourcecode.c.objc; path = LPVehicle.m; sourceTree = "<group>"; };
		0C2DD69317C3EC6B009408AE /* LPWaypoint.h */ = {isa = PBXFileReference; lastKnownFileType = sourcecode.c.h; path = LPWaypoint.h; sourceTree = "<group>"; };
		0C2DD69417C3EC6B009408AE /* LPWaypoint.m */ = {isa = PBXFileReference; lastKnownFileType = sourcecode.c.objc; path = LPWaypoint.m; sourceTree = "<group>"; };
		0C2DD69517C3EC75009408AE /* LPMainViewController.h */ = {isa = PBXFileReference; fileEncoding = 4; lastKnownFileType = sourcecode.c.h; path = LPMainViewController.h; sourceTree = "<group>"; };
		0C2DD69617C3EC75009408AE /* LPMainViewController.m */ = {isa = PBXFileReference; fileEncoding = 4; lastKnownFileType = sourcecode.c.objc; path = LPMainViewController.m; sourceTree = "<group>"; };
		0C2DD69717C3EC75009408AE /* LPMainViewController.xib */ = {isa = PBXFileReference; fileEncoding = 4; lastKnownFileType = file.xib; path = LPMainViewController.xib; sourceTree = "<group>"; };
/* End PBXFileReference section */

/* Begin PBXFrameworksBuildPhase section */
		0C2DD60C17C3EC40009408AE /* Frameworks */ = {
			isa = PBXFrameworksBuildPhase;
			buildActionMask = 2147483647;
			files = (
				0C2DD61517C3EC40009408AE /* CoreGraphics.framework in Frameworks */,
				0C2DD61717C3EC40009408AE /* UIKit.framework in Frameworks */,
				0C2DD61317C3EC40009408AE /* Foundation.framework in Frameworks */,
			);
			runOnlyForDeploymentPostprocessing = 0;
		};
		0C2DD62717C3EC40009408AE /* Frameworks */ = {
			isa = PBXFrameworksBuildPhase;
			buildActionMask = 2147483647;
			files = (
				0C2DD62C17C3EC40009408AE /* XCTest.framework in Frameworks */,
				0C2DD62E17C3EC40009408AE /* UIKit.framework in Frameworks */,
				0C2DD62D17C3EC40009408AE /* Foundation.framework in Frameworks */,
			);
			runOnlyForDeploymentPostprocessing = 0;
		};
/* End PBXFrameworksBuildPhase section */

/* Begin PBXGroup section */
		0C2DD60617C3EC40009408AE = {
			isa = PBXGroup;
			children = (
				0C2DD64117C3EC61009408AE /* AFNetworking */,
				0C2DD61817C3EC40009408AE /* StaticMapImagesService */,
				0C2DD61117C3EC40009408AE /* Frameworks */,
				0C2DD61017C3EC40009408AE /* Products */,
			);
			sourceTree = "<group>";
		};
		0C2DD61017C3EC40009408AE /* Products */ = {
			isa = PBXGroup;
			children = (
				0C2DD60F17C3EC40009408AE /* StaticMapImagesService.app */,
				0C2DD62A17C3EC40009408AE /* StaticMapImagesServiceTests.xctest */,
			);
			name = Products;
			sourceTree = "<group>";
		};
		0C2DD61117C3EC40009408AE /* Frameworks */ = {
			isa = PBXGroup;
			children = (
				0C2DD61217C3EC40009408AE /* Foundation.framework */,
				0C2DD61417C3EC40009408AE /* CoreGraphics.framework */,
				0C2DD61617C3EC40009408AE /* UIKit.framework */,
				0C2DD62B17C3EC40009408AE /* XCTest.framework */,
			);
			name = Frameworks;
			sourceTree = "<group>";
		};
		0C2DD61817C3EC40009408AE /* StaticMapImagesService */ = {
			isa = PBXGroup;
			children = (
				0C2DD65517C3EC6B009408AE /* LPGoogleFunctions */,
				0C2DD62117C3EC40009408AE /* LPAppDelegate.h */,
				0C2DD62217C3EC40009408AE /* LPAppDelegate.m */,
				0C2DD69517C3EC75009408AE /* LPMainViewController.h */,
				0C2DD69617C3EC75009408AE /* LPMainViewController.m */,
				0C2DD69717C3EC75009408AE /* LPMainViewController.xib */,
				0C2DD62417C3EC40009408AE /* Images.xcassets */,
				0C2DD61917C3EC40009408AE /* Supporting Files */,
			);
			path = StaticMapImagesService;
			sourceTree = "<group>";
		};
		0C2DD61917C3EC40009408AE /* Supporting Files */ = {
			isa = PBXGroup;
			children = (
				0C2DD61A17C3EC40009408AE /* StaticMapImagesService-Info.plist */,
				0C2DD61B17C3EC40009408AE /* InfoPlist.strings */,
				0C2DD61E17C3EC40009408AE /* main.m */,
				0C2DD62017C3EC40009408AE /* StaticMapImagesService-Prefix.pch */,
			);
			name = "Supporting Files";
			sourceTree = "<group>";
		};
		0C2DD64117C3EC61009408AE /* AFNetworking */ = {
			isa = PBXGroup;
			children = (
				0C2DD64217C3EC61009408AE /* AFHTTPClient.h */,
				0C2DD64317C3EC61009408AE /* AFHTTPClient.m */,
				0C2DD64417C3EC61009408AE /* AFHTTPRequestOperation.h */,
				0C2DD64517C3EC61009408AE /* AFHTTPRequestOperation.m */,
				0C2DD64617C3EC61009408AE /* AFImageRequestOperation.h */,
				0C2DD64717C3EC61009408AE /* AFImageRequestOperation.m */,
				0C2DD64817C3EC61009408AE /* AFJSONRequestOperation.h */,
				0C2DD64917C3EC61009408AE /* AFJSONRequestOperation.m */,
				0C2DD64A17C3EC61009408AE /* AFNetworkActivityIndicatorManager.h */,
				0C2DD64B17C3EC61009408AE /* AFNetworkActivityIndicatorManager.m */,
				0C2DD64C17C3EC61009408AE /* AFNetworking.h */,
				0C2DD64D17C3EC61009408AE /* AFPropertyListRequestOperation.h */,
				0C2DD64E17C3EC61009408AE /* AFPropertyListRequestOperation.m */,
				0C2DD64F17C3EC61009408AE /* AFURLConnectionOperation.h */,
				0C2DD65017C3EC61009408AE /* AFURLConnectionOperation.m */,
				0C2DD65117C3EC61009408AE /* AFXMLRequestOperation.h */,
				0C2DD65217C3EC61009408AE /* AFXMLRequestOperation.m */,
				0C2DD65317C3EC61009408AE /* UIImageView+AFNetworking.h */,
				0C2DD65417C3EC61009408AE /* UIImageView+AFNetworking.m */,
			);
			name = AFNetworking;
			path = ../AFNetworking;
			sourceTree = "<group>";
		};
		0C2DD65517C3EC6B009408AE /* LPGoogleFunctions */ = {
			isa = PBXGroup;
			children = (
				0C2DD65617C3EC6B009408AE /* LPGoogleFunctions.h */,
				0C2DD65717C3EC6B009408AE /* LPGoogleFunctions.m */,
				0C2DD65817C3EC6B009408AE /* LPGoogleObjects */,
			);
			name = LPGoogleFunctions;
			path = ../../../LPGoogleFunctions;
			sourceTree = "<group>";
		};
		0C2DD65817C3EC6B009408AE /* LPGoogleObjects */ = {
			isa = PBXGroup;
			children = (
				0C2DD65917C3EC6B009408AE /* LPAddressComponent.h */,
				0C2DD65A17C3EC6B009408AE /* LPAddressComponent.m */,
				0C2DD65B17C3EC6B009408AE /* LPAgencie.h */,
				0C2DD65C17C3EC6B009408AE /* LPAgencie.m */,
				0C2DD65D17C3EC6B009408AE /* LPBounds.h */,
				0C2DD65E17C3EC6B009408AE /* LPBounds.m */,
				0C2DD65F17C3EC6B009408AE /* LPDirections.h */,
				0C2DD66017C3EC6B009408AE /* LPDirections.m */,
				0C2DD66117C3EC6B009408AE /* LPDistance.h */,
				0C2DD66217C3EC6B009408AE /* LPDistance.m */,
				0C2DD66317C3EC6B009408AE /* LPDuration.h */,
				0C2DD66417C3EC6B009408AE /* LPDuration.m */,
				0C2DD66517C3EC6B009408AE /* LPEvent.h */,
				0C2DD66617C3EC6B009408AE /* LPEvent.m */,
				0C2DD66717C3EC6B009408AE /* LPGeocodingFilter.h */,
				0C2DD66817C3EC6B009408AE /* LPGeocodingFilter.m */,
				0C2DD66917C3EC6B009408AE /* LPGeocodingResults.h */,
				0C2DD66A17C3EC6B009408AE /* LPGeocodingResults.m */,
				0C2DD66B17C3EC6B009408AE /* LPGeometry.h */,
				0C2DD66C17C3EC6B009408AE /* LPGeometry.m */,
				0C2DD66D17C3EC6B009408AE /* LPLeg.h */,
				0C2DD66E17C3EC6B009408AE /* LPLeg.m */,
				0C2DD66F17C3EC6B009408AE /* LPLine.h */,
				0C2DD67017C3EC6B009408AE /* LPLine.m */,
				0C2DD67117C3EC6B009408AE /* LPLocation.h */,
				0C2DD67217C3EC6B009408AE /* LPLocation.m */,
				0C2DD67317C3EC6B009408AE /* LPMapImageMarker.h */,
				0C2DD67417C3EC6B009408AE /* LPMapImageMarker.m */,
				0C2DD67517C3EC6B009408AE /* LPMatchedSubstring.h */,
				0C2DD67617C3EC6B009408AE /* LPMatchedSubstring.m */,
				0C2DD67717C3EC6B009408AE /* LPPlaceDetails.h */,
				0C2DD67817C3EC6B009408AE /* LPPlaceDetails.m */,
				0C2DD67917C3EC6B009408AE /* LPPlaceDetailsResults.h */,
				0C2DD67A17C3EC6B009408AE /* LPPlaceDetailsResults.m */,
				0C2DD67B17C3EC6B009408AE /* LPPlacePhoto.h */,
				0C2DD67C17C3EC6B009408AE /* LPPlacePhoto.m */,
				0C2DD67D17C3EC6B009408AE /* LPPlacesAutocomplate.h */,
				0C2DD67E17C3EC6B009408AE /* LPPlacesAutocomplate.m */,
				0C2DD67F17C3EC6B009408AE /* LPPlaceSearchResults.h */,
				0C2DD68017C3EC6B009408AE /* LPPlaceSearchResults.m */,
				0C2DD68117C3EC6B009408AE /* LPPolyline.h */,
				0C2DD68217C3EC6B009408AE /* LPPolyline.m */,
				0C2DD68317C3EC6B009408AE /* LPPrediction.h */,
				0C2DD68417C3EC6B009408AE /* LPPrediction.m */,
				0C2DD68517C3EC6B009408AE /* LPRoute.h */,
				0C2DD68617C3EC6B009408AE /* LPRoute.m */,
				0C2DD68717C3EC6B009408AE /* LPStep.h */,
				0C2DD68817C3EC6B009408AE /* LPStep.m */,
				0C2DD68917C3EC6B009408AE /* LPStop.h */,
				0C2DD68A17C3EC6B009408AE /* LPStop.m */,
				0C2DD68B17C3EC6B009408AE /* LPTerm.h */,
				0C2DD68C17C3EC6B009408AE /* LPTerm.m */,
				0C2DD68D17C3EC6B009408AE /* LPTime.h */,
				0C2DD68E17C3EC6B009408AE /* LPTime.m */,
				0C2DD68F17C3EC6B009408AE /* LPTransitDetails.h */,
				0C2DD69017C3EC6B009408AE /* LPTransitDetails.m */,
				0C2DD69117C3EC6B009408AE /* LPVehicle.h */,
				0C2DD69217C3EC6B009408AE /* LPVehicle.m */,
				0C2DD69317C3EC6B009408AE /* LPWaypoint.h */,
				0C2DD69417C3EC6B009408AE /* LPWaypoint.m */,
			);
			path = LPGoogleObjects;
			sourceTree = "<group>";
		};
/* End PBXGroup section */

/* Begin PBXNativeTarget section */
		0C2DD60E17C3EC40009408AE /* StaticMapImagesService */ = {
			isa = PBXNativeTarget;
			buildConfigurationList = 0C2DD63B17C3EC40009408AE /* Build configuration list for PBXNativeTarget "StaticMapImagesService" */;
			buildPhases = (
				0C2DD60B17C3EC40009408AE /* Sources */,
				0C2DD60C17C3EC40009408AE /* Frameworks */,
				0C2DD60D17C3EC40009408AE /* Resources */,
			);
			buildRules = (
			);
			dependencies = (
			);
			name = StaticMapImagesService;
			productName = StaticMapImagesService;
			productReference = 0C2DD60F17C3EC40009408AE /* StaticMapImagesService.app */;
			productType = "com.apple.product-type.application";
		};
		0C2DD62917C3EC40009408AE /* StaticMapImagesServiceTests */ = {
			isa = PBXNativeTarget;
			buildConfigurationList = 0C2DD63E17C3EC40009408AE /* Build configuration list for PBXNativeTarget "StaticMapImagesServiceTests" */;
			buildPhases = (
				0C2DD62617C3EC40009408AE /* Sources */,
				0C2DD62717C3EC40009408AE /* Frameworks */,
				0C2DD62817C3EC40009408AE /* Resources */,
			);
			buildRules = (
			);
			dependencies = (
				0C2DD63017C3EC40009408AE /* PBXTargetDependency */,
			);
			name = StaticMapImagesServiceTests;
			productName = StaticMapImagesServiceTests;
			productReference = 0C2DD62A17C3EC40009408AE /* StaticMapImagesServiceTests.xctest */;
			productType = "com.apple.product-type.bundle.unit-test";
		};
/* End PBXNativeTarget section */

/* Begin PBXProject section */
		0C2DD60717C3EC40009408AE /* Project object */ = {
			isa = PBXProject;
			attributes = {
				CLASSPREFIX = LP;
				LastUpgradeCheck = 0500;
				ORGANIZATIONNAME = "Luka Penger";
				TargetAttributes = {
					0C2DD60E17C3EC40009408AE = {
						DevelopmentTeam = VD448M8BPE;
					};
					0C2DD62917C3EC40009408AE = {
						TestTargetID = 0C2DD60E17C3EC40009408AE;
					};
				};
			};
			buildConfigurationList = 0C2DD60A17C3EC40009408AE /* Build configuration list for PBXProject "StaticMapImagesService" */;
			compatibilityVersion = "Xcode 3.2";
			developmentRegion = English;
			hasScannedForEncodings = 0;
			knownRegions = (
				en,
			);
			mainGroup = 0C2DD60617C3EC40009408AE;
			productRefGroup = 0C2DD61017C3EC40009408AE /* Products */;
			projectDirPath = "";
			projectRoot = "";
			targets = (
				0C2DD60E17C3EC40009408AE /* StaticMapImagesService */,
				0C2DD62917C3EC40009408AE /* StaticMapImagesServiceTests */,
			);
		};
/* End PBXProject section */

/* Begin PBXResourcesBuildPhase section */
		0C2DD60D17C3EC40009408AE /* Resources */ = {
			isa = PBXResourcesBuildPhase;
			buildActionMask = 2147483647;
			files = (
				0C2DD61D17C3EC40009408AE /* InfoPlist.strings in Resources */,
				0C2DD69917C3EC75009408AE /* LPMainViewController.xib in Resources */,
				0C2DD62517C3EC40009408AE /* Images.xcassets in Resources */,
			);
			runOnlyForDeploymentPostprocessing = 0;
		};
		0C2DD62817C3EC40009408AE /* Resources */ = {
			isa = PBXResourcesBuildPhase;
			buildActionMask = 2147483647;
			files = (
			);
			runOnlyForDeploymentPostprocessing = 0;
		};
/* End PBXResourcesBuildPhase section */

/* Begin PBXSourcesBuildPhase section */
		0C2DD60B17C3EC40009408AE /* Sources */ = {
			isa = PBXSourcesBuildPhase;
			buildActionMask = 2147483647;
			files = (
				0C2DD6BA17C3ED23009408AE /* AFHTTPRequestOperation.m in Sources */,
				0C2DD6B517C3ED11009408AE /* LPTime.m in Sources */,
				0C2DD6BB17C3ED26009408AE /* AFImageRequestOperation.m in Sources */,
				0C2DD6B117C3ED07009408AE /* LPRoute.m in Sources */,
				0C2DD69C17C3ECD8009408AE /* LPAgencie.m in Sources */,
				0C2DD6B717C3ED15009408AE /* LPVehicle.m in Sources */,
				0C2DD69E17C3ECDD009408AE /* LPDirections.m in Sources */,
				0C2DD6B917C3ED1D009408AE /* AFHTTPClient.m in Sources */,
				0C2DD6B217C3ED09009408AE /* LPStep.m in Sources */,
				0C2DD6AA17C3ECF6009408AE /* LPPlaceDetails.m in Sources */,
				0C2DD69A17C3ECD3009408AE /* LPGoogleFunctions.m in Sources */,
				0C2DD6A217C3ECE6009408AE /* LPGeocodingFilter.m in Sources */,
				0C2DD6B417C3ED0F009408AE /* LPTerm.m in Sources */,
				0C2DD62317C3EC40009408AE /* LPAppDelegate.m in Sources */,
				0C2DD69817C3EC75009408AE /* LPMainViewController.m in Sources */,
				0C2DD69D17C3ECDB009408AE /* LPBounds.m in Sources */,
				0C2DD6A717C3ECF0009408AE /* LPLocation.m in Sources */,
				0C2DD6A617C3ECEE009408AE /* LPLine.m in Sources */,
				0C2DD6BE17C3ED2D009408AE /* AFPropertyListRequestOperation.m in Sources */,
				0C2DD6BF17C3ED2F009408AE /* AFURLConnectionOperation.m in Sources */,
				0C2DD6AB17C3ECF8009408AE /* LPPlaceDetailsResults.m in Sources */,
				0C2DD61F17C3EC40009408AE /* main.m in Sources */,
				0C2DD6A017C3ECE2009408AE /* LPDuration.m in Sources */,
				0C2DD6C117C3ED33009408AE /* UIImageView+AFNetworking.m in Sources */,
				0C2DD6A517C3ECEC009408AE /* LPLeg.m in Sources */,
				0C2DD6BC17C3ED28009408AE /* AFJSONRequestOperation.m in Sources */,
				0C2DD6A417C3ECEA009408AE /* LPGeometry.m in Sources */,
				0C2DD69B17C3ECD7009408AE /* LPAddressComponent.m in Sources */,
				0C2DD6B617C3ED13009408AE /* LPTransitDetails.m in Sources */,
				0C2DD6A817C3ECF2009408AE /* LPMapImageMarker.m in Sources */,
				0C2DD6A117C3ECE4009408AE /* LPEvent.m in Sources */,
				0C2DD6B317C3ED0C009408AE /* LPStop.m in Sources */,
				0C2DD6AE17C3ED00009408AE /* LPPlaceSearchResults.m in Sources */,
				0C2DD6AC17C3ECFA009408AE /* LPPlacePhoto.m in Sources */,
				0C2DD6A917C3ECF4009408AE /* LPMatchedSubstring.m in Sources */,
				0C2DD6C017C3ED31009408AE /* AFXMLRequestOperation.m in Sources */,
				0C2DD6B817C3ED17009408AE /* LPWaypoint.m in Sources */,
				0C2DD6AF17C3ED03009408AE /* LPPolyline.m in Sources */,
				0C2DD6B017C3ED05009408AE /* LPPrediction.m in Sources */,
				0C2DD6BD17C3ED2A009408AE /* AFNetworkActivityIndicatorManager.m in Sources */,
				0C2DD69F17C3ECDF009408AE /* LPDistance.m in Sources */,
				0C2DD6A317C3ECE8009408AE /* LPGeocodingResults.m in Sources */,
				0C2DD6AD17C3ECFD009408AE /* LPPlacesAutocomplate.m in Sources */,
			);
			runOnlyForDeploymentPostprocessing = 0;
		};
		0C2DD62617C3EC40009408AE /* Sources */ = {
			isa = PBXSourcesBuildPhase;
			buildActionMask = 2147483647;
			files = (
			);
			runOnlyForDeploymentPostprocessing = 0;
		};
/* End PBXSourcesBuildPhase section */

/* Begin PBXTargetDependency section */
		0C2DD63017C3EC40009408AE /* PBXTargetDependency */ = {
			isa = PBXTargetDependency;
			target = 0C2DD60E17C3EC40009408AE /* StaticMapImagesService */;
			targetProxy = 0C2DD62F17C3EC40009408AE /* PBXContainerItemProxy */;
		};
/* End PBXTargetDependency section */

/* Begin PBXVariantGroup section */
		0C2DD61B17C3EC40009408AE /* InfoPlist.strings */ = {
			isa = PBXVariantGroup;
			children = (
				0C2DD61C17C3EC40009408AE /* en */,
			);
			name = InfoPlist.strings;
			sourceTree = "<group>";
		};
/* End PBXVariantGroup section */

/* Begin XCBuildConfiguration section */
		0C2DD63917C3EC40009408AE /* Debug */ = {
			isa = XCBuildConfiguration;
			buildSettings = {
				ALWAYS_SEARCH_USER_PATHS = NO;
				CLANG_CXX_LANGUAGE_STANDARD = "gnu++0x";
				CLANG_CXX_LIBRARY = "libc++";
				CLANG_ENABLE_MODULES = YES;
				CLANG_ENABLE_OBJC_ARC = YES;
				CLANG_WARN_BOOL_CONVERSION = YES;
				CLANG_WARN_CONSTANT_CONVERSION = YES;
				CLANG_WARN_DIRECT_OBJC_ISA_USAGE = YES_ERROR;
				CLANG_WARN_EMPTY_BODY = YES;
				CLANG_WARN_ENUM_CONVERSION = YES;
				CLANG_WARN_INT_CONVERSION = YES;
				CLANG_WARN_OBJC_ROOT_CLASS = YES_ERROR;
				CLANG_WARN__DUPLICATE_METHOD_MATCH = YES;
				"CODE_SIGN_IDENTITY[sdk=iphoneos*]" = "iPhone Developer";
				COPY_PHASE_STRIP = NO;
				GCC_C_LANGUAGE_STANDARD = gnu99;
				GCC_DYNAMIC_NO_PIC = NO;
				GCC_OPTIMIZATION_LEVEL = 0;
				GCC_PREPROCESSOR_DEFINITIONS = (
					"DEBUG=1",
					"$(inherited)",
				);
				GCC_SYMBOLS_PRIVATE_EXTERN = NO;
				GCC_WARN_ABOUT_RETURN_TYPE = YES_ERROR;
				GCC_WARN_UNDECLARED_SELECTOR = YES;
				GCC_WARN_UNINITIALIZED_AUTOS = YES;
				GCC_WARN_UNUSED_FUNCTION = YES;
				GCC_WARN_UNUSED_VARIABLE = YES;
				IPHONEOS_DEPLOYMENT_TARGET = 7.0;
				ONLY_ACTIVE_ARCH = YES;
				SDKROOT = iphoneos;
			};
			name = Debug;
		};
		0C2DD63A17C3EC40009408AE /* Release */ = {
			isa = XCBuildConfiguration;
			buildSettings = {
				ALWAYS_SEARCH_USER_PATHS = NO;
				CLANG_CXX_LANGUAGE_STANDARD = "gnu++0x";
				CLANG_CXX_LIBRARY = "libc++";
				CLANG_ENABLE_MODULES = YES;
				CLANG_ENABLE_OBJC_ARC = YES;
				CLANG_WARN_BOOL_CONVERSION = YES;
				CLANG_WARN_CONSTANT_CONVERSION = YES;
				CLANG_WARN_DIRECT_OBJC_ISA_USAGE = YES_ERROR;
				CLANG_WARN_EMPTY_BODY = YES;
				CLANG_WARN_ENUM_CONVERSION = YES;
				CLANG_WARN_INT_CONVERSION = YES;
				CLANG_WARN_OBJC_ROOT_CLASS = YES_ERROR;
				CLANG_WARN__DUPLICATE_METHOD_MATCH = YES;
				"CODE_SIGN_IDENTITY[sdk=iphoneos*]" = "iPhone Developer";
				COPY_PHASE_STRIP = YES;
				ENABLE_NS_ASSERTIONS = NO;
				GCC_C_LANGUAGE_STANDARD = gnu99;
				GCC_WARN_ABOUT_RETURN_TYPE = YES_ERROR;
				GCC_WARN_UNDECLARED_SELECTOR = YES;
				GCC_WARN_UNINITIALIZED_AUTOS = YES;
				GCC_WARN_UNUSED_FUNCTION = YES;
				GCC_WARN_UNUSED_VARIABLE = YES;
				IPHONEOS_DEPLOYMENT_TARGET = 7.0;
				SDKROOT = iphoneos;
				VALIDATE_PRODUCT = YES;
			};
			name = Release;
		};
		0C2DD63C17C3EC40009408AE /* Debug */ = {
			isa = XCBuildConfiguration;
			buildSettings = {
				ASSETCATALOG_COMPILER_APPICON_NAME = AppIcon;
				ASSETCATALOG_COMPILER_LAUNCHIMAGE_NAME = LaunchImage;
				CODE_SIGN_IDENTITY = "iPhone Developer";
				GCC_PRECOMPILE_PREFIX_HEADER = YES;
				GCC_PREFIX_HEADER = "StaticMapImagesService/StaticMapImagesService-Prefix.pch";
				INFOPLIST_FILE = "StaticMapImagesService/StaticMapImagesService-Info.plist";
				IPHONEOS_DEPLOYMENT_TARGET = 6.0;
				PRODUCT_NAME = "$(TARGET_NAME)";
				WRAPPER_EXTENSION = app;
			};
			name = Debug;
		};
		0C2DD63D17C3EC40009408AE /* Release */ = {
			isa = XCBuildConfiguration;
			buildSettings = {
				ASSETCATALOG_COMPILER_APPICON_NAME = AppIcon;
				ASSETCATALOG_COMPILER_LAUNCHIMAGE_NAME = LaunchImage;
				CODE_SIGN_IDENTITY = "iPhone Developer";
				GCC_PRECOMPILE_PREFIX_HEADER = YES;
				GCC_PREFIX_HEADER = "StaticMapImagesService/StaticMapImagesService-Prefix.pch";
				INFOPLIST_FILE = "StaticMapImagesService/StaticMapImagesService-Info.plist";
				IPHONEOS_DEPLOYMENT_TARGET = 6.0;
				PRODUCT_NAME = "$(TARGET_NAME)";
				WRAPPER_EXTENSION = app;
			};
			name = Release;
		};
		0C2DD63F17C3EC40009408AE /* Debug */ = {
			isa = XCBuildConfiguration;
			buildSettings = {
				BUNDLE_LOADER = "$(BUILT_PRODUCTS_DIR)/StaticMapImagesService.app/StaticMapImagesService";
				FRAMEWORK_SEARCH_PATHS = (
					"$(SDKROOT)/Developer/Library/Frameworks",
					"$(inherited)",
					"$(DEVELOPER_FRAMEWORKS_DIR)",
				);
				GCC_PRECOMPILE_PREFIX_HEADER = YES;
				GCC_PREFIX_HEADER = "StaticMapImagesService/StaticMapImagesService-Prefix.pch";
				GCC_PREPROCESSOR_DEFINITIONS = (
					"DEBUG=1",
					"$(inherited)",
				);
				INFOPLIST_FILE = "StaticMapImagesServiceTests/StaticMapImagesServiceTests-Info.plist";
				PRODUCT_NAME = "$(TARGET_NAME)";
				TEST_HOST = "$(BUNDLE_LOADER)";
				WRAPPER_EXTENSION = xctest;
			};
			name = Debug;
		};
		0C2DD64017C3EC40009408AE /* Release */ = {
			isa = XCBuildConfiguration;
			buildSettings = {
				BUNDLE_LOADER = "$(BUILT_PRODUCTS_DIR)/StaticMapImagesService.app/StaticMapImagesService";
				FRAMEWORK_SEARCH_PATHS = (
					"$(SDKROOT)/Developer/Library/Frameworks",
					"$(inherited)",
					"$(DEVELOPER_FRAMEWORKS_DIR)",
				);
				GCC_PRECOMPILE_PREFIX_HEADER = YES;
				GCC_PREFIX_HEADER = "StaticMapImagesService/StaticMapImagesService-Prefix.pch";
				INFOPLIST_FILE = "StaticMapImagesServiceTests/StaticMapImagesServiceTests-Info.plist";
				PRODUCT_NAME = "$(TARGET_NAME)";
				TEST_HOST = "$(BUNDLE_LOADER)";
				WRAPPER_EXTENSION = xctest;
			};
			name = Release;
		};
/* End XCBuildConfiguration section */

/* Begin XCConfigurationList section */
		0C2DD60A17C3EC40009408AE /* Build configuration list for PBXProject "StaticMapImagesService" */ = {
			isa = XCConfigurationList;
			buildConfigurations = (
				0C2DD63917C3EC40009408AE /* Debug */,
				0C2DD63A17C3EC40009408AE /* Release */,
			);
			defaultConfigurationIsVisible = 0;
			defaultConfigurationName = Release;
		};
		0C2DD63B17C3EC40009408AE /* Build configuration list for PBXNativeTarget "StaticMapImagesService" */ = {
			isa = XCConfigurationList;
			buildConfigurations = (
				0C2DD63C17C3EC40009408AE /* Debug */,
				0C2DD63D17C3EC40009408AE /* Release */,
			);
			defaultConfigurationIsVisible = 0;
		};
		0C2DD63E17C3EC40009408AE /* Build configuration list for PBXNativeTarget "StaticMapImagesServiceTests" */ = {
			isa = XCConfigurationList;
			buildConfigurations = (
				0C2DD63F17C3EC40009408AE /* Debug */,
				0C2DD64017C3EC40009408AE /* Release */,
			);
			defaultConfigurationIsVisible = 0;
		};
/* End XCConfigurationList section */
	};
	rootObject = 0C2DD60717C3EC40009408AE /* Project object */;
}
